// !$*UTF8*$!
{
	archiveVersion = 1;
	classes = {
	};
	objectVersion = 46;
	objects = {

/* Begin PBXAggregateTarget section */
		1756234DCB934C5EBADFDD13 /* ZERO_CHECK */ = {
			isa = PBXAggregateTarget;
			buildConfigurationList = 43CB47ACD7094BBC85AA61F9 /* Build configuration list for PBXAggregateTarget "ZERO_CHECK" */;
			buildPhases = (
				2FF820ED502446EBE7AA70BE /* Generate CMakeFiles/ZERO_CHECK */,
			);
			dependencies = (
			);
			name = ZERO_CHECK;
			productName = ZERO_CHECK;
		};
		719182CFC28E4BC49130D8FA /* ALL_BUILD */ = {
			isa = PBXAggregateTarget;
			buildConfigurationList = 854F895EECF94B518AD8801D /* Build configuration list for PBXAggregateTarget "ALL_BUILD" */;
			buildPhases = (
				80C35EEF5E7BCF67159B0F3D /* Generate CMakeFiles/ALL_BUILD */,
			);
			dependencies = (
				EFAA52695A9E41C28B090FF4 /* PBXTargetDependency */,
				0DB57F2BE18D4E759380C062 /* PBXTargetDependency */,
			);
			name = ALL_BUILD;
			productName = ALL_BUILD;
		};
		DB0E0CC6C4B54A4CB0812646 /* install */ = {
			isa = PBXAggregateTarget;
			buildConfigurationList = E3092425EB2B45F0B408424B /* Build configuration list for PBXAggregateTarget "install" */;
			buildPhases = (
				93426DA6A4AC2C2AC9CE883C /* CMake PostBuild Rules */,
			);
			dependencies = (
				CA57C080E8B7461E992C4CFE /* PBXTargetDependency */,
			);
			name = install;
			productName = install;
		};
/* End PBXAggregateTarget section */

/* Begin PBXBuildFile section */
		0914CF5F1725423C80BB81F2 /* /Users/bernardocohen/repos/cppQuantFi/cpp/include/cppQuantFi_bits/thomasAlgorithm.hpp */ = {isa = PBXBuildFile; fileRef = 13E922A975F84D06BEC846F6 /* /Users/bernardocohen/repos/cppQuantFi/cpp/include/cppQuantFi_bits/thomasAlgorithm.hpp */; };
		19FE5CADE7044738B8423496 /* /Users/bernardocohen/repos/cppQuantFi/cpp/include/cppQuantFi_bits/bsCall.hpp */ = {isa = PBXBuildFile; fileRef = F941113B31DA4E47B54D3AA1 /* /Users/bernardocohen/repos/cppQuantFi/cpp/include/cppQuantFi_bits/bsCall.hpp */; };
		1AE633010966413F8548A166 /* /Users/bernardocohen/repos/cppQuantFi/cpp/src/eurOptionBSMC.cpp */ = {isa = PBXBuildFile; fileRef = 4471B5E91B1142C9A95FB058 /* /Users/bernardocohen/repos/cppQuantFi/cpp/src/eurOptionBSMC.cpp */; };
		25C4C1356F284B11A8645307 /* /Users/bernardocohen/repos/cppQuantFi/cpp/include/cppQuantFi_bits/asian.hpp */ = {isa = PBXBuildFile; fileRef = 69981F3BEDA44D7388E77F5D /* /Users/bernardocohen/repos/cppQuantFi/cpp/include/cppQuantFi_bits/asian.hpp */; };
		338D98E673B8496EA0732CF5 /* /Users/bernardocohen/repos/cppQuantFi/cpp/include/cppQuantFi_bits/payoffDoubleDigital.hpp */ = {isa = PBXBuildFile; fileRef = 0A785C29F63C4C63B70C472B /* /Users/bernardocohen/repos/cppQuantFi/cpp/include/cppQuantFi_bits/payoffDoubleDigital.hpp */; };
		33DB296C675D4AF7BADCEF00 /* /Users/bernardocohen/repos/cppQuantFi/cpp/include/cppQuantFi_bits/payoffCall.hpp */ = {isa = PBXBuildFile; fileRef = B8AB80173923405EA056DC2C /* /Users/bernardocohen/repos/cppQuantFi/cpp/include/cppQuantFi_bits/payoffCall.hpp */; };
		3E2DADC561D44A239722690E /* /Users/bernardocohen/repos/cppQuantFi/cpp/src/pathGeneration.cpp */ = {isa = PBXBuildFile; fileRef = BD5EE723F9824403A4036118 /* /Users/bernardocohen/repos/cppQuantFi/cpp/src/pathGeneration.cpp */; };
		47EE2B976D694D96BD7FAD1E /* /Users/bernardocohen/repos/cppQuantFi/cpp/include/cppQuantFi_bits/intervalBisection.hpp */ = {isa = PBXBuildFile; fileRef = FC3094B1946445ADBF4DDCC4 /* /Users/bernardocohen/repos/cppQuantFi/cpp/include/cppQuantFi_bits/intervalBisection.hpp */; };
		5002E2F0A5D541E4869ECC44 /* /Users/bernardocohen/repos/cppQuantFi/cpp/src/norm.cpp */ = {isa = PBXBuildFile; fileRef = 1B441BEFF7D940EEB8657BB0 /* /Users/bernardocohen/repos/cppQuantFi/cpp/src/norm.cpp */; };
		525D0109DDED439790112E9C /* /Users/bernardocohen/repos/cppQuantFi/cpp/include/cppQuantFi_bits/payoffPut.hpp */ = {isa = PBXBuildFile; fileRef = 7D8F0948442945F7B5AC45BC /* /Users/bernardocohen/repos/cppQuantFi/cpp/include/cppQuantFi_bits/payoffPut.hpp */; };
		529EF04645834931B27A52C3 /* /Users/bernardocohen/repos/cppQuantFi/cpp/CMakeLists.txt */ = {isa = PBXBuildFile; fileRef = A82097CFA74A43B88270D09A /* /Users/bernardocohen/repos/cppQuantFi/cpp/CMakeLists.txt */; };
		54EC09D09E2645C487AFD3F4 /* /Users/bernardocohen/repos/cppQuantFi/cpp/include/cppQuantFi_bits/matrix.hpp */ = {isa = PBXBuildFile; fileRef = CDDE433A0BAC4053AF16BABB /* /Users/bernardocohen/repos/cppQuantFi/cpp/include/cppQuantFi_bits/matrix.hpp */; };
		6D0EA36707AE4AA58BAC144B /* /Users/bernardocohen/repos/cppQuantFi/cpp/src/payoffDoubleDigital.cpp */ = {isa = PBXBuildFile; fileRef = 5400C04F3F81444B88519D51 /* /Users/bernardocohen/repos/cppQuantFi/cpp/src/payoffDoubleDigital.cpp */; };
		7980C5D216254373A858E91D /* /Users/bernardocohen/repos/cppQuantFi/cpp/src/thomasAlgorithm.cpp */ = {isa = PBXBuildFile; fileRef = 8827B788646A4165AE6BC3EC /* /Users/bernardocohen/repos/cppQuantFi/cpp/src/thomasAlgorithm.cpp */; };
		7F29E4B578044107B7577EEC /* /Users/bernardocohen/repos/cppQuantFi/cpp/include/cppQuantFi_bits/qsMatrix.hpp */ = {isa = PBXBuildFile; fileRef = 8C43186B49254162B44552EC /* /Users/bernardocohen/repos/cppQuantFi/cpp/include/cppQuantFi_bits/qsMatrix.hpp */; };
		80D0CAD2A4E54561A1977C88 /* /Users/bernardocohen/repos/cppQuantFi/cpp/include/cppQuantFi_bits/eurOptionBSMC.hpp */ = {isa = PBXBuildFile; fileRef = 70B3F63A71A0422DBE98A424 /* /Users/bernardocohen/repos/cppQuantFi/cpp/include/cppQuantFi_bits/eurOptionBSMC.hpp */; };
		88867A74E6AE4E869D24EDA5 /* /Users/bernardocohen/repos/cppQuantFi/cpp/include/cppQuantFi_bits/newtonRaphson.hpp */ = {isa = PBXBuildFile; fileRef = 785AE8B58AAD49488CACB546 /* /Users/bernardocohen/repos/cppQuantFi/cpp/include/cppQuantFi_bits/newtonRaphson.hpp */; };
		9FE3CF8A8BA44737BA2667FA /* /Users/bernardocohen/repos/cppQuantFi/cpp/src/vanillaOption.cpp */ = {isa = PBXBuildFile; fileRef = D5A3B123ED8448C888990BE4 /* /Users/bernardocohen/repos/cppQuantFi/cpp/src/vanillaOption.cpp */; };
		A3F2AFAD37F049E28E465CF1 /* /Users/bernardocohen/repos/cppQuantFi/cpp/src/payoffPut.cpp */ = {isa = PBXBuildFile; fileRef = 7CAF160857CE4F5F8AB2C3B3 /* /Users/bernardocohen/repos/cppQuantFi/cpp/src/payoffPut.cpp */; };
		A7A461BF4D774E4FB9BE763C /* /Users/bernardocohen/repos/cppQuantFi/cpp/include/cppQuantFi_bits/vanillaOption.hpp */ = {isa = PBXBuildFile; fileRef = FDB44C38B88F4870A71D8B62 /* /Users/bernardocohen/repos/cppQuantFi/cpp/include/cppQuantFi_bits/vanillaOption.hpp */; };
		AAAF2191E2E44B46A5227B3E /* /Users/bernardocohen/repos/cppQuantFi/cpp/src/bsCall.cpp */ = {isa = PBXBuildFile; fileRef = 257D8F51732E4A03A7016741 /* /Users/bernardocohen/repos/cppQuantFi/cpp/src/bsCall.cpp */; };
		B06A724A6F5648A9A0796B43 /* /Users/bernardocohen/repos/cppQuantFi/cpp/src/payoffCall.cpp */ = {isa = PBXBuildFile; fileRef = 6228ECC8A32147E1A5F08A54 /* /Users/bernardocohen/repos/cppQuantFi/cpp/src/payoffCall.cpp */; };
		B14A14B3E537464DA0697CEF /* /Users/bernardocohen/repos/cppQuantFi/cpp/include/cppQuantFi_bits/intro.hpp */ = {isa = PBXBuildFile; fileRef = 87FC3A89634C4BF89867841A /* /Users/bernardocohen/repos/cppQuantFi/cpp/include/cppQuantFi_bits/intro.hpp */; };
		B69E15066A4C48F2AE6BFA0E /* /Users/bernardocohen/repos/cppQuantFi/cpp/include/cppQuantFi_bits/norm.hpp */ = {isa = PBXBuildFile; fileRef = 8A0D7C68D68B40378335BB18 /* /Users/bernardocohen/repos/cppQuantFi/cpp/include/cppQuantFi_bits/norm.hpp */; };
		B710F93DF0234738A17A4F26 /* /Users/bernardocohen/repos/cppQuantFi/cpp/include/cppQuantFi_bits/functors.hpp */ = {isa = PBXBuildFile; fileRef = FBACC57AF9E246708C36FB7D /* /Users/bernardocohen/repos/cppQuantFi/cpp/include/cppQuantFi_bits/functors.hpp */; };
		C3E7CBDC1E5E49B78D62D5F4 /* /Users/bernardocohen/repos/cppQuantFi/cpp/src/intro.cpp */ = {isa = PBXBuildFile; fileRef = 8D25BF1E1D264E46A8D8962D /* /Users/bernardocohen/repos/cppQuantFi/cpp/src/intro.cpp */; };
		D6E0D5368D0D4431BF293AA3 /* /Users/bernardocohen/repos/cppQuantFi/cpp/src/asian.cpp */ = {isa = PBXBuildFile; fileRef = 9C5D619E604644CF98705EA6 /* /Users/bernardocohen/repos/cppQuantFi/cpp/src/asian.cpp */; };
		E96AE17301A246718B9A70B0 /* /Users/bernardocohen/repos/cppQuantFi/cpp/include/cppQuantFi_bits/pathGeneration.hpp */ = {isa = PBXBuildFile; fileRef = EDE9678DA0E94B82AB56369F /* /Users/bernardocohen/repos/cppQuantFi/cpp/include/cppQuantFi_bits/pathGeneration.hpp */; };
		EFD6A1BBD61746DC93E1B939 /* /Users/bernardocohen/repos/cppQuantFi/cpp/include/cppQuantFi_bits/payoff.hpp */ = {isa = PBXBuildFile; fileRef = 63CD9C4A9C764077B4B525C1 /* /Users/bernardocohen/repos/cppQuantFi/cpp/include/cppQuantFi_bits/payoff.hpp */; };
/* End PBXBuildFile section */

/* Begin PBXBuildStyle section */
		2BB4044AB230494C8193D2E1 /* Release */ = {
			isa = PBXBuildStyle;
			buildSettings = {
				COPY_PHASE_STRIP = NO;
			};
			name = Release;
		};
		70EB421FCFB74AA89D76B5A1 /* MinSizeRel */ = {
			isa = PBXBuildStyle;
			buildSettings = {
				COPY_PHASE_STRIP = NO;
			};
			name = MinSizeRel;
		};
		A622FD6349144C1881A0F0C0 /* RelWithDebInfo */ = {
			isa = PBXBuildStyle;
			buildSettings = {
				COPY_PHASE_STRIP = NO;
			};
			name = RelWithDebInfo;
		};
		B26EDF5944134870B33475F0 /* Debug */ = {
			isa = PBXBuildStyle;
			buildSettings = {
				COPY_PHASE_STRIP = NO;
			};
			name = Debug;
		};
/* End PBXBuildStyle section */

/* Begin PBXContainerItemProxy section */
		04F99160CCE0458D81BCF9D7 /* PBXContainerItemProxy */ = {
			isa = PBXContainerItemProxy;
			containerPortal = D87B9FBD49C941239E7E02D7 /* Project object */;
			proxyType = 1;
			remoteGlobalIDString = 2163881E29DB4041A0F85815;
			remoteInfo = cppQuantFi;
		};
		35DE30CF531046FD95C32DFE /* PBXContainerItemProxy */ = {
			isa = PBXContainerItemProxy;
			containerPortal = D87B9FBD49C941239E7E02D7 /* Project object */;
			proxyType = 1;
			remoteGlobalIDString = 1756234DCB934C5EBADFDD13;
			remoteInfo = ZERO_CHECK;
		};
		501D3193311D4502B679100C /* PBXContainerItemProxy */ = {
			isa = PBXContainerItemProxy;
			containerPortal = D87B9FBD49C941239E7E02D7 /* Project object */;
			proxyType = 1;
			remoteGlobalIDString = 719182CFC28E4BC49130D8FA;
			remoteInfo = ALL_BUILD;
		};
		A9EE241FA2E94823859F427F /* PBXContainerItemProxy */ = {
			isa = PBXContainerItemProxy;
			containerPortal = D87B9FBD49C941239E7E02D7 /* Project object */;
			proxyType = 1;
			remoteGlobalIDString = 1756234DCB934C5EBADFDD13;
			remoteInfo = ZERO_CHECK;
		};
/* End PBXContainerItemProxy section */

/* Begin PBXFileReference section */
		0A785C29F63C4C63B70C472B /* /Users/bernardocohen/repos/cppQuantFi/cpp/include/cppQuantFi_bits/payoffDoubleDigital.hpp */ = {isa = PBXFileReference; explicitFileType = sourcecode.cpp.h; fileEncoding = 4; name = payoffDoubleDigital.hpp; path = include/cppQuantFi_bits/payoffDoubleDigital.hpp; sourceTree = SOURCE_ROOT; };
		13E922A975F84D06BEC846F6 /* /Users/bernardocohen/repos/cppQuantFi/cpp/include/cppQuantFi_bits/thomasAlgorithm.hpp */ = {isa = PBXFileReference; explicitFileType = sourcecode.cpp.h; fileEncoding = 4; name = thomasAlgorithm.hpp; path = include/cppQuantFi_bits/thomasAlgorithm.hpp; sourceTree = SOURCE_ROOT; };
		1B441BEFF7D940EEB8657BB0 /* /Users/bernardocohen/repos/cppQuantFi/cpp/src/norm.cpp */ = {isa = PBXFileReference; explicitFileType = sourcecode.cpp.cpp; fileEncoding = 4; name = norm.cpp; path = src/norm.cpp; sourceTree = SOURCE_ROOT; };
		257D8F51732E4A03A7016741 /* /Users/bernardocohen/repos/cppQuantFi/cpp/src/bsCall.cpp */ = {isa = PBXFileReference; explicitFileType = sourcecode.cpp.cpp; fileEncoding = 4; name = bsCall.cpp; path = src/bsCall.cpp; sourceTree = SOURCE_ROOT; };
		4471B5E91B1142C9A95FB058 /* /Users/bernardocohen/repos/cppQuantFi/cpp/src/eurOptionBSMC.cpp */ = {isa = PBXFileReference; explicitFileType = sourcecode.cpp.cpp; fileEncoding = 4; name = eurOptionBSMC.cpp; path = src/eurOptionBSMC.cpp; sourceTree = SOURCE_ROOT; };
		5400C04F3F81444B88519D51 /* /Users/bernardocohen/repos/cppQuantFi/cpp/src/payoffDoubleDigital.cpp */ = {isa = PBXFileReference; explicitFileType = sourcecode.cpp.cpp; fileEncoding = 4; name = payoffDoubleDigital.cpp; path = src/payoffDoubleDigital.cpp; sourceTree = SOURCE_ROOT; };
		6228ECC8A32147E1A5F08A54 /* /Users/bernardocohen/repos/cppQuantFi/cpp/src/payoffCall.cpp */ = {isa = PBXFileReference; explicitFileType = sourcecode.cpp.cpp; fileEncoding = 4; name = payoffCall.cpp; path = src/payoffCall.cpp; sourceTree = SOURCE_ROOT; };
		63CD9C4A9C764077B4B525C1 /* /Users/bernardocohen/repos/cppQuantFi/cpp/include/cppQuantFi_bits/payoff.hpp */ = {isa = PBXFileReference; explicitFileType = sourcecode.cpp.h; fileEncoding = 4; name = payoff.hpp; path = include/cppQuantFi_bits/payoff.hpp; sourceTree = SOURCE_ROOT; };
		69981F3BEDA44D7388E77F5D /* /Users/bernardocohen/repos/cppQuantFi/cpp/include/cppQuantFi_bits/asian.hpp */ = {isa = PBXFileReference; explicitFileType = sourcecode.cpp.h; fileEncoding = 4; name = asian.hpp; path = include/cppQuantFi_bits/asian.hpp; sourceTree = SOURCE_ROOT; };
		70B3F63A71A0422DBE98A424 /* /Users/bernardocohen/repos/cppQuantFi/cpp/include/cppQuantFi_bits/eurOptionBSMC.hpp */ = {isa = PBXFileReference; explicitFileType = sourcecode.cpp.h; fileEncoding = 4; name = eurOptionBSMC.hpp; path = include/cppQuantFi_bits/eurOptionBSMC.hpp; sourceTree = SOURCE_ROOT; };
		785AE8B58AAD49488CACB546 /* /Users/bernardocohen/repos/cppQuantFi/cpp/include/cppQuantFi_bits/newtonRaphson.hpp */ = {isa = PBXFileReference; explicitFileType = sourcecode.cpp.h; fileEncoding = 4; name = newtonRaphson.hpp; path = include/cppQuantFi_bits/newtonRaphson.hpp; sourceTree = SOURCE_ROOT; };
		7CAF160857CE4F5F8AB2C3B3 /* /Users/bernardocohen/repos/cppQuantFi/cpp/src/payoffPut.cpp */ = {isa = PBXFileReference; explicitFileType = sourcecode.cpp.cpp; fileEncoding = 4; name = payoffPut.cpp; path = src/payoffPut.cpp; sourceTree = SOURCE_ROOT; };
		7D8F0948442945F7B5AC45BC /* /Users/bernardocohen/repos/cppQuantFi/cpp/include/cppQuantFi_bits/payoffPut.hpp */ = {isa = PBXFileReference; explicitFileType = sourcecode.cpp.h; fileEncoding = 4; name = payoffPut.hpp; path = include/cppQuantFi_bits/payoffPut.hpp; sourceTree = SOURCE_ROOT; };
		87FC3A89634C4BF89867841A /* /Users/bernardocohen/repos/cppQuantFi/cpp/include/cppQuantFi_bits/intro.hpp */ = {isa = PBXFileReference; explicitFileType = sourcecode.cpp.h; fileEncoding = 4; name = intro.hpp; path = include/cppQuantFi_bits/intro.hpp; sourceTree = SOURCE_ROOT; };
		8827B788646A4165AE6BC3EC /* /Users/bernardocohen/repos/cppQuantFi/cpp/src/thomasAlgorithm.cpp */ = {isa = PBXFileReference; explicitFileType = sourcecode.cpp.cpp; fileEncoding = 4; name = thomasAlgorithm.cpp; path = src/thomasAlgorithm.cpp; sourceTree = SOURCE_ROOT; };
		8A0D7C68D68B40378335BB18 /* /Users/bernardocohen/repos/cppQuantFi/cpp/include/cppQuantFi_bits/norm.hpp */ = {isa = PBXFileReference; explicitFileType = sourcecode.cpp.h; fileEncoding = 4; name = norm.hpp; path = include/cppQuantFi_bits/norm.hpp; sourceTree = SOURCE_ROOT; };
		8C43186B49254162B44552EC /* /Users/bernardocohen/repos/cppQuantFi/cpp/include/cppQuantFi_bits/qsMatrix.hpp */ = {isa = PBXFileReference; explicitFileType = sourcecode.cpp.h; fileEncoding = 4; name = qsMatrix.hpp; path = include/cppQuantFi_bits/qsMatrix.hpp; sourceTree = SOURCE_ROOT; };
		8D25BF1E1D264E46A8D8962D /* /Users/bernardocohen/repos/cppQuantFi/cpp/src/intro.cpp */ = {isa = PBXFileReference; explicitFileType = sourcecode.cpp.cpp; fileEncoding = 4; name = intro.cpp; path = src/intro.cpp; sourceTree = SOURCE_ROOT; };
		9C5D619E604644CF98705EA6 /* /Users/bernardocohen/repos/cppQuantFi/cpp/src/asian.cpp */ = {isa = PBXFileReference; explicitFileType = sourcecode.cpp.cpp; fileEncoding = 4; name = asian.cpp; path = src/asian.cpp; sourceTree = SOURCE_ROOT; };
		A82097CFA74A43B88270D09A /* /Users/bernardocohen/repos/cppQuantFi/cpp/CMakeLists.txt */ = {isa = PBXFileReference; explicitFileType = sourcecode.text; fileEncoding = 4; name = CMakeLists.txt; path = CMakeLists.txt; sourceTree = SOURCE_ROOT; };
		AE56B53D5C9D412ABBB90418 /* cppQuantFi */ = {isa = PBXFileReference; explicitFileType = "compiled.mach-o.dylib"; path = libcppQuantFi.dylib; sourceTree = BUILT_PRODUCTS_DIR; };
		B8AB80173923405EA056DC2C /* /Users/bernardocohen/repos/cppQuantFi/cpp/include/cppQuantFi_bits/payoffCall.hpp */ = {isa = PBXFileReference; explicitFileType = sourcecode.cpp.h; fileEncoding = 4; name = payoffCall.hpp; path = include/cppQuantFi_bits/payoffCall.hpp; sourceTree = SOURCE_ROOT; };
		BD5EE723F9824403A4036118 /* /Users/bernardocohen/repos/cppQuantFi/cpp/src/pathGeneration.cpp */ = {isa = PBXFileReference; explicitFileType = sourcecode.cpp.cpp; fileEncoding = 4; name = pathGeneration.cpp; path = src/pathGeneration.cpp; sourceTree = SOURCE_ROOT; };
		CD5B309F053F407EB91E34E0 /* /Users/bernardocohen/repos/cppQuantFi/cpp/CMakeLists.txt */ = {isa = PBXFileReference; explicitFileType = sourcecode.text; fileEncoding = 4; name = CMakeLists.txt; path = CMakeLists.txt; sourceTree = SOURCE_ROOT; };
		CDDE433A0BAC4053AF16BABB /* /Users/bernardocohen/repos/cppQuantFi/cpp/include/cppQuantFi_bits/matrix.hpp */ = {isa = PBXFileReference; explicitFileType = sourcecode.cpp.h; fileEncoding = 4; name = matrix.hpp; path = include/cppQuantFi_bits/matrix.hpp; sourceTree = SOURCE_ROOT; };
		D5A3B123ED8448C888990BE4 /* /Users/bernardocohen/repos/cppQuantFi/cpp/src/vanillaOption.cpp */ = {isa = PBXFileReference; explicitFileType = sourcecode.cpp.cpp; fileEncoding = 4; name = vanillaOption.cpp; path = src/vanillaOption.cpp; sourceTree = SOURCE_ROOT; };
		EDE9678DA0E94B82AB56369F /* /Users/bernardocohen/repos/cppQuantFi/cpp/include/cppQuantFi_bits/pathGeneration.hpp */ = {isa = PBXFileReference; explicitFileType = sourcecode.cpp.h; fileEncoding = 4; name = pathGeneration.hpp; path = include/cppQuantFi_bits/pathGeneration.hpp; sourceTree = SOURCE_ROOT; };
		F941113B31DA4E47B54D3AA1 /* /Users/bernardocohen/repos/cppQuantFi/cpp/include/cppQuantFi_bits/bsCall.hpp */ = {isa = PBXFileReference; explicitFileType = sourcecode.cpp.h; fileEncoding = 4; name = bsCall.hpp; path = include/cppQuantFi_bits/bsCall.hpp; sourceTree = SOURCE_ROOT; };
		FBACC57AF9E246708C36FB7D /* /Users/bernardocohen/repos/cppQuantFi/cpp/include/cppQuantFi_bits/functors.hpp */ = {isa = PBXFileReference; explicitFileType = sourcecode.cpp.h; fileEncoding = 4; name = functors.hpp; path = include/cppQuantFi_bits/functors.hpp; sourceTree = SOURCE_ROOT; };
		FC3094B1946445ADBF4DDCC4 /* /Users/bernardocohen/repos/cppQuantFi/cpp/include/cppQuantFi_bits/intervalBisection.hpp */ = {isa = PBXFileReference; explicitFileType = sourcecode.cpp.h; fileEncoding = 4; name = intervalBisection.hpp; path = include/cppQuantFi_bits/intervalBisection.hpp; sourceTree = SOURCE_ROOT; };
		FDB44C38B88F4870A71D8B62 /* /Users/bernardocohen/repos/cppQuantFi/cpp/include/cppQuantFi_bits/vanillaOption.hpp */ = {isa = PBXFileReference; explicitFileType = sourcecode.cpp.h; fileEncoding = 4; name = vanillaOption.hpp; path = include/cppQuantFi_bits/vanillaOption.hpp; sourceTree = SOURCE_ROOT; };
/* End PBXFileReference section */

/* Begin PBXFrameworksBuildPhase section */
		F193CC1F7EFB4E53ADA1939E /* Frameworks */ = {
			isa = PBXFrameworksBuildPhase;
			buildActionMask = 2147483647;
			files = (
			);
			runOnlyForDeploymentPostprocessing = 0;
		};
/* End PBXFrameworksBuildPhase section */

/* Begin PBXGroup section */
		02FE16ECC4DD426EB3B1032D /* CMake Rules */ = {
			isa = PBXGroup;
			children = (
			);
			name = "CMake Rules";
			sourceTree = "<group>";
		};
		0FDF3B9D2819407BBC6DA023 /* include */ = {
			isa = PBXGroup;
			children = (
				1FE1DD91D35C42388F0F8637 /* cppQuantFi_bits */,
			);
			name = include;
			sourceTree = "<group>";
		};
		1FE1DD91D35C42388F0F8637 /* cppQuantFi_bits */ = {
			isa = PBXGroup;
			children = (
				69981F3BEDA44D7388E77F5D /* /Users/bernardocohen/repos/cppQuantFi/cpp/include/cppQuantFi_bits/asian.hpp */,
				F941113B31DA4E47B54D3AA1 /* /Users/bernardocohen/repos/cppQuantFi/cpp/include/cppQuantFi_bits/bsCall.hpp */,
				70B3F63A71A0422DBE98A424 /* /Users/bernardocohen/repos/cppQuantFi/cpp/include/cppQuantFi_bits/eurOptionBSMC.hpp */,
				FBACC57AF9E246708C36FB7D /* /Users/bernardocohen/repos/cppQuantFi/cpp/include/cppQuantFi_bits/functors.hpp */,
				FC3094B1946445ADBF4DDCC4 /* /Users/bernardocohen/repos/cppQuantFi/cpp/include/cppQuantFi_bits/intervalBisection.hpp */,
				87FC3A89634C4BF89867841A /* /Users/bernardocohen/repos/cppQuantFi/cpp/include/cppQuantFi_bits/intro.hpp */,
				CDDE433A0BAC4053AF16BABB /* /Users/bernardocohen/repos/cppQuantFi/cpp/include/cppQuantFi_bits/matrix.hpp */,
				785AE8B58AAD49488CACB546 /* /Users/bernardocohen/repos/cppQuantFi/cpp/include/cppQuantFi_bits/newtonRaphson.hpp */,
				8A0D7C68D68B40378335BB18 /* /Users/bernardocohen/repos/cppQuantFi/cpp/include/cppQuantFi_bits/norm.hpp */,
				EDE9678DA0E94B82AB56369F /* /Users/bernardocohen/repos/cppQuantFi/cpp/include/cppQuantFi_bits/pathGeneration.hpp */,
				63CD9C4A9C764077B4B525C1 /* /Users/bernardocohen/repos/cppQuantFi/cpp/include/cppQuantFi_bits/payoff.hpp */,
				B8AB80173923405EA056DC2C /* /Users/bernardocohen/repos/cppQuantFi/cpp/include/cppQuantFi_bits/payoffCall.hpp */,
				0A785C29F63C4C63B70C472B /* /Users/bernardocohen/repos/cppQuantFi/cpp/include/cppQuantFi_bits/payoffDoubleDigital.hpp */,
				7D8F0948442945F7B5AC45BC /* /Users/bernardocohen/repos/cppQuantFi/cpp/include/cppQuantFi_bits/payoffPut.hpp */,
				8C43186B49254162B44552EC /* /Users/bernardocohen/repos/cppQuantFi/cpp/include/cppQuantFi_bits/qsMatrix.hpp */,
				13E922A975F84D06BEC846F6 /* /Users/bernardocohen/repos/cppQuantFi/cpp/include/cppQuantFi_bits/thomasAlgorithm.hpp */,
				FDB44C38B88F4870A71D8B62 /* /Users/bernardocohen/repos/cppQuantFi/cpp/include/cppQuantFi_bits/vanillaOption.hpp */,
			);
			name = cppQuantFi_bits;
			sourceTree = "<group>";
		};
		2B7D34E188C3439CA3D7DDB7 /* cppQuantFi */ = {
			isa = PBXGroup;
			children = (
				0FDF3B9D2819407BBC6DA023 /* include */,
				D39E4FCCA93E4C4893913319 /* src */,
				A82097CFA74A43B88270D09A /* /Users/bernardocohen/repos/cppQuantFi/cpp/CMakeLists.txt */,
			);
			name = cppQuantFi;
			sourceTree = "<group>";
		};
		5E0981BB06394D13921EEB93 /* Products */ = {
			isa = PBXGroup;
			children = (
				AE56B53D5C9D412ABBB90418 /* cppQuantFi */,
			);
			name = Products;
			sourceTree = "<group>";
		};
		B1801B762F0740AAB617AD93 /* Frameworks */ = {
			isa = PBXGroup;
			children = (
			);
			name = Frameworks;
			sourceTree = "<group>";
		};
		C64FA0C15FA74A2B904A379A = {
			isa = PBXGroup;
			children = (
				2B7D34E188C3439CA3D7DDB7 /* cppQuantFi */,
				F272175BAD8D45049AF6069D /* ALL_BUILD */,
				5E0981BB06394D13921EEB93 /* Products */,
				B1801B762F0740AAB617AD93 /* Frameworks */,
			);
			sourceTree = "<group>";
		};
		D39E4FCCA93E4C4893913319 /* src */ = {
			isa = PBXGroup;
			children = (
				9C5D619E604644CF98705EA6 /* /Users/bernardocohen/repos/cppQuantFi/cpp/src/asian.cpp */,
				257D8F51732E4A03A7016741 /* /Users/bernardocohen/repos/cppQuantFi/cpp/src/bsCall.cpp */,
				4471B5E91B1142C9A95FB058 /* /Users/bernardocohen/repos/cppQuantFi/cpp/src/eurOptionBSMC.cpp */,
				8D25BF1E1D264E46A8D8962D /* /Users/bernardocohen/repos/cppQuantFi/cpp/src/intro.cpp */,
				1B441BEFF7D940EEB8657BB0 /* /Users/bernardocohen/repos/cppQuantFi/cpp/src/norm.cpp */,
				BD5EE723F9824403A4036118 /* /Users/bernardocohen/repos/cppQuantFi/cpp/src/pathGeneration.cpp */,
				6228ECC8A32147E1A5F08A54 /* /Users/bernardocohen/repos/cppQuantFi/cpp/src/payoffCall.cpp */,
				5400C04F3F81444B88519D51 /* /Users/bernardocohen/repos/cppQuantFi/cpp/src/payoffDoubleDigital.cpp */,
				7CAF160857CE4F5F8AB2C3B3 /* /Users/bernardocohen/repos/cppQuantFi/cpp/src/payoffPut.cpp */,
				8827B788646A4165AE6BC3EC /* /Users/bernardocohen/repos/cppQuantFi/cpp/src/thomasAlgorithm.cpp */,
				D5A3B123ED8448C888990BE4 /* /Users/bernardocohen/repos/cppQuantFi/cpp/src/vanillaOption.cpp */,
			);
			name = src;
			sourceTree = "<group>";
		};
		F272175BAD8D45049AF6069D /* ALL_BUILD */ = {
			isa = PBXGroup;
			children = (
				02FE16ECC4DD426EB3B1032D /* CMake Rules */,
				CD5B309F053F407EB91E34E0 /* /Users/bernardocohen/repos/cppQuantFi/cpp/CMakeLists.txt */,
			);
			name = ALL_BUILD;
			sourceTree = "<group>";
		};
/* End PBXGroup section */

/* Begin PBXNativeTarget section */
		2163881E29DB4041A0F85815 /* cppQuantFi */ = {
			isa = PBXNativeTarget;
			buildConfigurationList = ED325A8C6AF84016AE379AD8 /* Build configuration list for PBXNativeTarget "cppQuantFi" */;
			buildPhases = (
				B9E3B94E13F5495ABBF58116 /* Sources */,
				F193CC1F7EFB4E53ADA1939E /* Frameworks */,
				5C76D756282C6968A352319E /* CMake PostBuild Rules */,
			);
			buildRules = (
			);
			dependencies = (
				4A10D3A220FD4A84BC7770F2 /* PBXTargetDependency */,
			);
			name = cppQuantFi;
			productName = cppQuantFi;
			productReference = AE56B53D5C9D412ABBB90418 /* cppQuantFi */;
			productType = "com.apple.product-type.library.dynamic";
		};
/* End PBXNativeTarget section */

/* Begin PBXProject section */
		D87B9FBD49C941239E7E02D7 /* Project object */ = {
			isa = PBXProject;
			attributes = {
				BuildIndependentTargetsInParallel = YES;
				LastUpgradeCheck = 1250;
			};
			buildConfigurationList = 76C56E1653FA432F9903B72B /* Build configuration list for PBXProject "cppQuantFi" */;
			buildSettings = {
			};
			buildStyles = (
				B26EDF5944134870B33475F0 /* Debug */,
				2BB4044AB230494C8193D2E1 /* Release */,
				70EB421FCFB74AA89D76B5A1 /* MinSizeRel */,
				A622FD6349144C1881A0F0C0 /* RelWithDebInfo */,
			);
			compatibilityVersion = "Xcode 3.2";
			hasScannedForEncodings = 0;
			mainGroup = C64FA0C15FA74A2B904A379A;
			projectDirPath = ../;
			projectRoot = "";
			targets = (
				719182CFC28E4BC49130D8FA /* ALL_BUILD */,
				1756234DCB934C5EBADFDD13 /* ZERO_CHECK */,
				2163881E29DB4041A0F85815 /* cppQuantFi */,
				DB0E0CC6C4B54A4CB0812646 /* install */,
			);
		};
/* End PBXProject section */

/* Begin PBXShellScriptBuildPhase section */
		2FF820ED502446EBE7AA70BE /* Generate CMakeFiles/ZERO_CHECK */ = {
			isa = PBXShellScriptBuildPhase;
			alwaysOutOfDate = 1;
			buildActionMask = 2147483647;
			files = (
			);
			inputPaths = (
			);
			name = "Generate CMakeFiles/ZERO_CHECK";
			outputPaths = (
/Users/bernardocohen/repos/cppQuantFi/cpp/Xcode/CMakeFiles/ZERO_CHECK			);
			runOnlyForDeploymentPostprocessing = 0;
			shellPath = /bin/sh;
			shellScript = "set -e
if test \"$CONFIGURATION\" = \"Debug\"; then :
  cd /Users/bernardocohen/repos/cppQuantFi/cpp/Xcode
  make -f /Users/bernardocohen/repos/cppQuantFi/cpp/Xcode/CMakeScripts/ReRunCMake.make
fi
if test \"$CONFIGURATION\" = \"Release\"; then :
  cd /Users/bernardocohen/repos/cppQuantFi/cpp/Xcode
  make -f /Users/bernardocohen/repos/cppQuantFi/cpp/Xcode/CMakeScripts/ReRunCMake.make
fi
if test \"$CONFIGURATION\" = \"MinSizeRel\"; then :
  cd /Users/bernardocohen/repos/cppQuantFi/cpp/Xcode
  make -f /Users/bernardocohen/repos/cppQuantFi/cpp/Xcode/CMakeScripts/ReRunCMake.make
fi
if test \"$CONFIGURATION\" = \"RelWithDebInfo\"; then :
  cd /Users/bernardocohen/repos/cppQuantFi/cpp/Xcode
  make -f /Users/bernardocohen/repos/cppQuantFi/cpp/Xcode/CMakeScripts/ReRunCMake.make
fi
";
			showEnvVarsInLog = 0;
		};
		3C0110FC8322DE7E50886E21 = {
			isa = PBXShellScriptBuildPhase;
			buildActionMask = 2147483647;
			files = (
			);
			inputPaths = (
			);
			outputPaths = (
			);
			runOnlyForDeploymentPostprocessing = 0;
			shellPath = /bin/sh;
			shellScript = "# shell script goes here
exit 0";
			showEnvVarsInLog = 0;
		};
		5C76D756282C6968A352319E /* CMake PostBuild Rules */ = {
			isa = PBXShellScriptBuildPhase;
			alwaysOutOfDate = 1;
			buildActionMask = 2147483647;
			files = (
			);
			name = "CMake PostBuild Rules";
			outputPaths = (
			);
			runOnlyForDeploymentPostprocessing = 0;
			shellPath = /bin/sh;
			shellScript = "set -e
if test \"$CONFIGURATION\" = \"Debug\"; then :
  cd /Users/bernardocohen/repos/cppQuantFi/cpp/Xcode
  /usr/local/Cellar/cmake/3.20.5/bin/cmake -E cmake_symlink_library /Users/bernardocohen/repos/cppQuantFi/cpp/Xcode/Debug/libcppQuantFi.dylib /Users/bernardocohen/repos/cppQuantFi/cpp/Xcode/Debug/libcppQuantFi.dylib /Users/bernardocohen/repos/cppQuantFi/cpp/Xcode/Debug/libcppQuantFi.dylib
fi
if test \"$CONFIGURATION\" = \"Release\"; then :
  cd /Users/bernardocohen/repos/cppQuantFi/cpp/Xcode
  /usr/local/Cellar/cmake/3.20.5/bin/cmake -E cmake_symlink_library /Users/bernardocohen/repos/cppQuantFi/cpp/Xcode/Release/libcppQuantFi.dylib /Users/bernardocohen/repos/cppQuantFi/cpp/Xcode/Release/libcppQuantFi.dylib /Users/bernardocohen/repos/cppQuantFi/cpp/Xcode/Release/libcppQuantFi.dylib
fi
if test \"$CONFIGURATION\" = \"MinSizeRel\"; then :
  cd /Users/bernardocohen/repos/cppQuantFi/cpp/Xcode
  /usr/local/Cellar/cmake/3.20.5/bin/cmake -E cmake_symlink_library /Users/bernardocohen/repos/cppQuantFi/cpp/Xcode/MinSizeRel/libcppQuantFi.dylib /Users/bernardocohen/repos/cppQuantFi/cpp/Xcode/MinSizeRel/libcppQuantFi.dylib /Users/bernardocohen/repos/cppQuantFi/cpp/Xcode/MinSizeRel/libcppQuantFi.dylib
fi
if test \"$CONFIGURATION\" = \"RelWithDebInfo\"; then :
  cd /Users/bernardocohen/repos/cppQuantFi/cpp/Xcode
  /usr/local/Cellar/cmake/3.20.5/bin/cmake -E cmake_symlink_library /Users/bernardocohen/repos/cppQuantFi/cpp/Xcode/RelWithDebInfo/libcppQuantFi.dylib /Users/bernardocohen/repos/cppQuantFi/cpp/Xcode/RelWithDebInfo/libcppQuantFi.dylib /Users/bernardocohen/repos/cppQuantFi/cpp/Xcode/RelWithDebInfo/libcppQuantFi.dylib
fi
";
			showEnvVarsInLog = 0;
		};
		80C35EEF5E7BCF67159B0F3D /* Generate CMakeFiles/ALL_BUILD */ = {
			isa = PBXShellScriptBuildPhase;
			alwaysOutOfDate = 1;
			buildActionMask = 2147483647;
			files = (
			);
			inputPaths = (
			);
			name = "Generate CMakeFiles/ALL_BUILD";
			outputPaths = (
/Users/bernardocohen/repos/cppQuantFi/cpp/Xcode/CMakeFiles/ALL_BUILD			);
			runOnlyForDeploymentPostprocessing = 0;
			shellPath = /bin/sh;
			shellScript = "set -e
if test \"$CONFIGURATION\" = \"Debug\"; then :
  cd /Users/bernardocohen/repos/cppQuantFi/cpp/Xcode
  echo Build\\ all\\ projects
fi
if test \"$CONFIGURATION\" = \"Release\"; then :
  cd /Users/bernardocohen/repos/cppQuantFi/cpp/Xcode
  echo Build\\ all\\ projects
fi
if test \"$CONFIGURATION\" = \"MinSizeRel\"; then :
  cd /Users/bernardocohen/repos/cppQuantFi/cpp/Xcode
  echo Build\\ all\\ projects
fi
if test \"$CONFIGURATION\" = \"RelWithDebInfo\"; then :
  cd /Users/bernardocohen/repos/cppQuantFi/cpp/Xcode
  echo Build\\ all\\ projects
fi
";
			showEnvVarsInLog = 0;
		};
		87AF4882E018677E2624B544 = {
			isa = PBXShellScriptBuildPhase;
			buildActionMask = 2147483647;
			files = (
			);
			inputPaths = (
			);
			outputPaths = (
			);
			runOnlyForDeploymentPostprocessing = 0;
			shellPath = /bin/sh;
			shellScript = "# shell script goes here
exit 0";
			showEnvVarsInLog = 0;
		};
		93426DA6A4AC2C2AC9CE883C /* CMake PostBuild Rules */ = {
			isa = PBXShellScriptBuildPhase;
			alwaysOutOfDate = 1;
			buildActionMask = 2147483647;
			files = (
			);
			name = "CMake PostBuild Rules";
			outputPaths = (
			);
			runOnlyForDeploymentPostprocessing = 0;
			shellPath = /bin/sh;
			shellScript = "set -e
if test \"$CONFIGURATION\" = \"Debug\"; then :
  cd /Users/bernardocohen/repos/cppQuantFi/cpp/Xcode
  /usr/local/Cellar/cmake/3.20.5/bin/cmake -DBUILD_TYPE=$CONFIGURATION$EFFECTIVE_PLATFORM_NAME -P cmake_install.cmake
fi
if test \"$CONFIGURATION\" = \"Release\"; then :
  cd /Users/bernardocohen/repos/cppQuantFi/cpp/Xcode
  /usr/local/Cellar/cmake/3.20.5/bin/cmake -DBUILD_TYPE=$CONFIGURATION$EFFECTIVE_PLATFORM_NAME -P cmake_install.cmake
fi
if test \"$CONFIGURATION\" = \"MinSizeRel\"; then :
  cd /Users/bernardocohen/repos/cppQuantFi/cpp/Xcode
  /usr/local/Cellar/cmake/3.20.5/bin/cmake -DBUILD_TYPE=$CONFIGURATION$EFFECTIVE_PLATFORM_NAME -P cmake_install.cmake
fi
if test \"$CONFIGURATION\" = \"RelWithDebInfo\"; then :
  cd /Users/bernardocohen/repos/cppQuantFi/cpp/Xcode
  /usr/local/Cellar/cmake/3.20.5/bin/cmake -DBUILD_TYPE=$CONFIGURATION$EFFECTIVE_PLATFORM_NAME -P cmake_install.cmake
fi
";
			showEnvVarsInLog = 0;
		};
		9B50530E35CC49C82C2FACCF = {
			isa = PBXShellScriptBuildPhase;
			buildActionMask = 2147483647;
			files = (
			);
			inputPaths = (
			);
			outputPaths = (
			);
			runOnlyForDeploymentPostprocessing = 0;
			shellPath = /bin/sh;
			shellScript = "# shell script goes here
exit 0";
			showEnvVarsInLog = 0;
		};
/* End PBXShellScriptBuildPhase section */

/* Begin PBXSourcesBuildPhase section */
		B9E3B94E13F5495ABBF58116 /* Sources */ = {
			isa = PBXSourcesBuildPhase;
			buildActionMask = 2147483647;
			files = (
				D6E0D5368D0D4431BF293AA3 /* /Users/bernardocohen/repos/cppQuantFi/cpp/src/asian.cpp */,
				AAAF2191E2E44B46A5227B3E /* /Users/bernardocohen/repos/cppQuantFi/cpp/src/bsCall.cpp */,
				1AE633010966413F8548A166 /* /Users/bernardocohen/repos/cppQuantFi/cpp/src/eurOptionBSMC.cpp */,
				C3E7CBDC1E5E49B78D62D5F4 /* /Users/bernardocohen/repos/cppQuantFi/cpp/src/intro.cpp */,
				5002E2F0A5D541E4869ECC44 /* /Users/bernardocohen/repos/cppQuantFi/cpp/src/norm.cpp */,
				3E2DADC561D44A239722690E /* /Users/bernardocohen/repos/cppQuantFi/cpp/src/pathGeneration.cpp */,
				B06A724A6F5648A9A0796B43 /* /Users/bernardocohen/repos/cppQuantFi/cpp/src/payoffCall.cpp */,
				6D0EA36707AE4AA58BAC144B /* /Users/bernardocohen/repos/cppQuantFi/cpp/src/payoffDoubleDigital.cpp */,
				A3F2AFAD37F049E28E465CF1 /* /Users/bernardocohen/repos/cppQuantFi/cpp/src/payoffPut.cpp */,
				7980C5D216254373A858E91D /* /Users/bernardocohen/repos/cppQuantFi/cpp/src/thomasAlgorithm.cpp */,
				9FE3CF8A8BA44737BA2667FA /* /Users/bernardocohen/repos/cppQuantFi/cpp/src/vanillaOption.cpp */,
			);
			runOnlyForDeploymentPostprocessing = 0;
		};
/* End PBXSourcesBuildPhase section */

/* Begin PBXTargetDependency section */
		0DB57F2BE18D4E759380C062 /* PBXTargetDependency */ = {
			isa = PBXTargetDependency;
			target = 2163881E29DB4041A0F85815 /* cppQuantFi */;
			targetProxy = 04F99160CCE0458D81BCF9D7 /* PBXContainerItemProxy */;
		};
		4A10D3A220FD4A84BC7770F2 /* PBXTargetDependency */ = {
			isa = PBXTargetDependency;
			target = 1756234DCB934C5EBADFDD13 /* ZERO_CHECK */;
			targetProxy = 35DE30CF531046FD95C32DFE /* PBXContainerItemProxy */;
		};
		CA57C080E8B7461E992C4CFE /* PBXTargetDependency */ = {
			isa = PBXTargetDependency;
			target = 719182CFC28E4BC49130D8FA /* ALL_BUILD */;
			targetProxy = 501D3193311D4502B679100C /* PBXContainerItemProxy */;
		};
		EFAA52695A9E41C28B090FF4 /* PBXTargetDependency */ = {
			isa = PBXTargetDependency;
			target = 1756234DCB934C5EBADFDD13 /* ZERO_CHECK */;
			targetProxy = A9EE241FA2E94823859F427F /* PBXContainerItemProxy */;
		};
/* End PBXTargetDependency section */

/* Begin XCBuildConfiguration section */
		01462CB49C9C4D779F90E44D /* RelWithDebInfo */ = {
			isa = XCBuildConfiguration;
			buildSettings = {
				COMBINE_HIDPI_IMAGES = YES;
				DYLIB_COMPATIBILITY_VERSION = "";
				DYLIB_CURRENT_VERSION = "";
				EXECUTABLE_PREFIX = lib;
				EXECUTABLE_SUFFIX = .dylib;
				GCC_GENERATE_DEBUGGING_SYMBOLS = YES;
				GCC_INLINES_ARE_PRIVATE_EXTERN = NO;
				GCC_OPTIMIZATION_LEVEL = 2;
				GCC_PREPROCESSOR_DEFINITIONS = ("'CMAKE_INTDIR=\"$(CONFIGURATION)$(EFFECTIVE_PLATFORM_NAME)\"'",cppQuantFi_EXPORTS);
				GCC_SYMBOLS_PRIVATE_EXTERN = NO;
				HEADER_SEARCH_PATHS = (/usr/local/include,/Users/bernardocohen/repos/cppQuantFi/cpp/include/cppQuantFi_bits,"$(inherited)");
				INSTALL_PATH = "@rpath";
				LIBRARY_STYLE = DYNAMIC;
				OTHER_CPLUSPLUSFLAGS = "       -DNDEBUG -fPIC '-std=c++17' ";
				OTHER_LDFLAGS = (" -dynamiclib -Wl,-headerpad_max_install_names");
				OTHER_REZFLAGS = "";
				PRODUCT_NAME = cppQuantFi;
				SECTORDER_FLAGS = "";
				SYMROOT = /Users/bernardocohen/repos/cppQuantFi/cpp/Xcode;
				USE_HEADERMAP = NO;
				WARNING_CFLAGS = ("$(inherited)");
			};
			name = RelWithDebInfo;
		};
		052DB12D99544EEFB60EFD86 /* Debug */ = {
			isa = XCBuildConfiguration;
			buildSettings = {
				COMBINE_HIDPI_IMAGES = YES;
				GCC_GENERATE_DEBUGGING_SYMBOLS = YES;
				GCC_INLINES_ARE_PRIVATE_EXTERN = NO;
				GCC_OPTIMIZATION_LEVEL = 0;
				GCC_PREPROCESSOR_DEFINITIONS = ("'CMAKE_INTDIR=\"$(CONFIGURATION)$(EFFECTIVE_PLATFORM_NAME)\"'");
				GCC_SYMBOLS_PRIVATE_EXTERN = NO;
				INSTALL_PATH = "";
				OTHER_LDFLAGS = ("");
				OTHER_REZFLAGS = "";
				PRODUCT_NAME = ZERO_CHECK;
				SECTORDER_FLAGS = "";
				SYMROOT = /Users/bernardocohen/repos/cppQuantFi/cpp/Xcode;
				USE_HEADERMAP = NO;
				WARNING_CFLAGS = ("$(inherited)");
			};
			name = Debug;
		};
		0809FBBC8A6D45F78854141A /* Debug */ = {
			isa = XCBuildConfiguration;
			buildSettings = {
				ARCHS = "$(NATIVE_ARCH_ACTUAL)";
				ONLY_ACTIVE_ARCH = YES;
				SDKROOT = /Applications/Xcode.app/Contents/Developer/Platforms/MacOSX.platform/Developer/SDKs/MacOSX11.3.sdk;
				SYMROOT = /Users/bernardocohen/repos/cppQuantFi/cpp/Xcode/build;
			};
			name = Debug;
		};
		19D10FBA6371463C812EB28E /* RelWithDebInfo */ = {
			isa = XCBuildConfiguration;
			buildSettings = {
				COMBINE_HIDPI_IMAGES = YES;
				GCC_GENERATE_DEBUGGING_SYMBOLS = YES;
				GCC_INLINES_ARE_PRIVATE_EXTERN = NO;
				GCC_OPTIMIZATION_LEVEL = 0;
				GCC_PREPROCESSOR_DEFINITIONS = ("'CMAKE_INTDIR=\"$(CONFIGURATION)$(EFFECTIVE_PLATFORM_NAME)\"'");
				GCC_SYMBOLS_PRIVATE_EXTERN = NO;
				INSTALL_PATH = "";
				OTHER_LDFLAGS = ("");
				OTHER_REZFLAGS = "";
				PRODUCT_NAME = ALL_BUILD;
				SECTORDER_FLAGS = "";
				SYMROOT = /Users/bernardocohen/repos/cppQuantFi/cpp/Xcode;
				USE_HEADERMAP = NO;
				WARNING_CFLAGS = ("$(inherited)");
			};
			name = RelWithDebInfo;
		};
		2B86E7624BD848658FBEAB4D /* RelWithDebInfo */ = {
			isa = XCBuildConfiguration;
			buildSettings = {
				COMBINE_HIDPI_IMAGES = YES;
				GCC_GENERATE_DEBUGGING_SYMBOLS = YES;
				GCC_INLINES_ARE_PRIVATE_EXTERN = NO;
				GCC_OPTIMIZATION_LEVEL = 0;
				GCC_PREPROCESSOR_DEFINITIONS = ("'CMAKE_INTDIR=\"$(CONFIGURATION)$(EFFECTIVE_PLATFORM_NAME)\"'");
				GCC_SYMBOLS_PRIVATE_EXTERN = NO;
				INSTALL_PATH = "";
				OTHER_LDFLAGS = ("");
				OTHER_REZFLAGS = "";
				PRODUCT_NAME = install;
				SECTORDER_FLAGS = "";
				SYMROOT = /Users/bernardocohen/repos/cppQuantFi/cpp/Xcode;
				USE_HEADERMAP = NO;
				WARNING_CFLAGS = ("$(inherited)");
			};
			name = RelWithDebInfo;
		};
		2DB2B2D18328442A9629A2AA /* Debug */ = {
			isa = XCBuildConfiguration;
			buildSettings = {
				COMBINE_HIDPI_IMAGES = YES;
				GCC_GENERATE_DEBUGGING_SYMBOLS = YES;
				GCC_INLINES_ARE_PRIVATE_EXTERN = NO;
				GCC_OPTIMIZATION_LEVEL = 0;
				GCC_PREPROCESSOR_DEFINITIONS = ("'CMAKE_INTDIR=\"$(CONFIGURATION)$(EFFECTIVE_PLATFORM_NAME)\"'");
				GCC_SYMBOLS_PRIVATE_EXTERN = NO;
				INSTALL_PATH = "";
				OTHER_LDFLAGS = ("");
				OTHER_REZFLAGS = "";
				PRODUCT_NAME = ALL_BUILD;
				SECTORDER_FLAGS = "";
				SYMROOT = /Users/bernardocohen/repos/cppQuantFi/cpp/Xcode;
				USE_HEADERMAP = NO;
				WARNING_CFLAGS = ("$(inherited)");
			};
			name = Debug;
		};
		4070B887C35D4FB5A8EF6180 /* MinSizeRel */ = {
			isa = XCBuildConfiguration;
			buildSettings = {
				COMBINE_HIDPI_IMAGES = YES;
				GCC_GENERATE_DEBUGGING_SYMBOLS = YES;
				GCC_INLINES_ARE_PRIVATE_EXTERN = NO;
				GCC_OPTIMIZATION_LEVEL = 0;
				GCC_PREPROCESSOR_DEFINITIONS = ("'CMAKE_INTDIR=\"$(CONFIGURATION)$(EFFECTIVE_PLATFORM_NAME)\"'");
				GCC_SYMBOLS_PRIVATE_EXTERN = NO;
				INSTALL_PATH = "";
				OTHER_LDFLAGS = ("");
				OTHER_REZFLAGS = "";
				PRODUCT_NAME = ALL_BUILD;
				SECTORDER_FLAGS = "";
				SYMROOT = /Users/bernardocohen/repos/cppQuantFi/cpp/Xcode;
				USE_HEADERMAP = NO;
				WARNING_CFLAGS = ("$(inherited)");
			};
			name = MinSizeRel;
		};
		4BD111D0DEC243378E7B3B3F /* RelWithDebInfo */ = {
			isa = XCBuildConfiguration;
			buildSettings = {
				COMBINE_HIDPI_IMAGES = YES;
				GCC_GENERATE_DEBUGGING_SYMBOLS = YES;
				GCC_INLINES_ARE_PRIVATE_EXTERN = NO;
				GCC_OPTIMIZATION_LEVEL = 0;
				GCC_PREPROCESSOR_DEFINITIONS = ("'CMAKE_INTDIR=\"$(CONFIGURATION)$(EFFECTIVE_PLATFORM_NAME)\"'");
				GCC_SYMBOLS_PRIVATE_EXTERN = NO;
				INSTALL_PATH = "";
				OTHER_LDFLAGS = ("");
				OTHER_REZFLAGS = "";
				PRODUCT_NAME = ZERO_CHECK;
				SECTORDER_FLAGS = "";
				SYMROOT = /Users/bernardocohen/repos/cppQuantFi/cpp/Xcode;
				USE_HEADERMAP = NO;
				WARNING_CFLAGS = ("$(inherited)");
			};
			name = RelWithDebInfo;
		};
		53112A41818F4CB79724FBB7 /* RelWithDebInfo */ = {
			isa = XCBuildConfiguration;
			buildSettings = {
				ARCHS = "$(NATIVE_ARCH_ACTUAL)";
				ONLY_ACTIVE_ARCH = YES;
				SDKROOT = /Applications/Xcode.app/Contents/Developer/Platforms/MacOSX.platform/Developer/SDKs/MacOSX11.3.sdk;
				SYMROOT = /Users/bernardocohen/repos/cppQuantFi/cpp/Xcode/build;
			};
			name = RelWithDebInfo;
		};
		588EFC64227A4E8C8726AAAC /* Debug */ = {
			isa = XCBuildConfiguration;
			buildSettings = {
				COMBINE_HIDPI_IMAGES = YES;
				GCC_GENERATE_DEBUGGING_SYMBOLS = YES;
				GCC_INLINES_ARE_PRIVATE_EXTERN = NO;
				GCC_OPTIMIZATION_LEVEL = 0;
				GCC_PREPROCESSOR_DEFINITIONS = ("'CMAKE_INTDIR=\"$(CONFIGURATION)$(EFFECTIVE_PLATFORM_NAME)\"'");
				GCC_SYMBOLS_PRIVATE_EXTERN = NO;
				INSTALL_PATH = "";
				OTHER_LDFLAGS = ("");
				OTHER_REZFLAGS = "";
				PRODUCT_NAME = install;
				SECTORDER_FLAGS = "";
				SYMROOT = /Users/bernardocohen/repos/cppQuantFi/cpp/Xcode;
				USE_HEADERMAP = NO;
				WARNING_CFLAGS = ("$(inherited)");
			};
			name = Debug;
		};
		5E278B2871244EA1AF938507 /* Release */ = {
			isa = XCBuildConfiguration;
			buildSettings = {
				COMBINE_HIDPI_IMAGES = YES;
				GCC_GENERATE_DEBUGGING_SYMBOLS = YES;
				GCC_INLINES_ARE_PRIVATE_EXTERN = NO;
				GCC_OPTIMIZATION_LEVEL = 0;
				GCC_PREPROCESSOR_DEFINITIONS = ("'CMAKE_INTDIR=\"$(CONFIGURATION)$(EFFECTIVE_PLATFORM_NAME)\"'");
				GCC_SYMBOLS_PRIVATE_EXTERN = NO;
				INSTALL_PATH = "";
				OTHER_LDFLAGS = ("");
				OTHER_REZFLAGS = "";
				PRODUCT_NAME = ALL_BUILD;
				SECTORDER_FLAGS = "";
				SYMROOT = /Users/bernardocohen/repos/cppQuantFi/cpp/Xcode;
				USE_HEADERMAP = NO;
				WARNING_CFLAGS = ("$(inherited)");
			};
			name = Release;
		};
		67D94BCF82744F39B6D96087 /* MinSizeRel */ = {
			isa = XCBuildConfiguration;
			buildSettings = {
				ARCHS = "$(NATIVE_ARCH_ACTUAL)";
				ONLY_ACTIVE_ARCH = YES;
				SDKROOT = /Applications/Xcode.app/Contents/Developer/Platforms/MacOSX.platform/Developer/SDKs/MacOSX11.3.sdk;
				SYMROOT = /Users/bernardocohen/repos/cppQuantFi/cpp/Xcode/build;
			};
			name = MinSizeRel;
		};
		7CAD5B634B714ABB9BAFD356 /* Release */ = {
			isa = XCBuildConfiguration;
			buildSettings = {
				COMBINE_HIDPI_IMAGES = YES;
				GCC_GENERATE_DEBUGGING_SYMBOLS = YES;
				GCC_INLINES_ARE_PRIVATE_EXTERN = NO;
				GCC_OPTIMIZATION_LEVEL = 0;
				GCC_PREPROCESSOR_DEFINITIONS = ("'CMAKE_INTDIR=\"$(CONFIGURATION)$(EFFECTIVE_PLATFORM_NAME)\"'");
				GCC_SYMBOLS_PRIVATE_EXTERN = NO;
				INSTALL_PATH = "";
				OTHER_LDFLAGS = ("");
				OTHER_REZFLAGS = "";
				PRODUCT_NAME = ZERO_CHECK;
				SECTORDER_FLAGS = "";
				SYMROOT = /Users/bernardocohen/repos/cppQuantFi/cpp/Xcode;
				USE_HEADERMAP = NO;
				WARNING_CFLAGS = ("$(inherited)");
			};
			name = Release;
		};
		859EB813D8364F699A85631A /* MinSizeRel */ = {
			isa = XCBuildConfiguration;
			buildSettings = {
				COMBINE_HIDPI_IMAGES = YES;
				DYLIB_COMPATIBILITY_VERSION = "";
				DYLIB_CURRENT_VERSION = "";
				EXECUTABLE_PREFIX = lib;
				EXECUTABLE_SUFFIX = .dylib;
				GCC_GENERATE_DEBUGGING_SYMBOLS = NO;
				GCC_INLINES_ARE_PRIVATE_EXTERN = NO;
				GCC_OPTIMIZATION_LEVEL = s;
				GCC_PREPROCESSOR_DEFINITIONS = ("'CMAKE_INTDIR=\"$(CONFIGURATION)$(EFFECTIVE_PLATFORM_NAME)\"'",cppQuantFi_EXPORTS);
				GCC_SYMBOLS_PRIVATE_EXTERN = NO;
				HEADER_SEARCH_PATHS = (/usr/local/include,/Users/bernardocohen/repos/cppQuantFi/cpp/include/cppQuantFi_bits,"$(inherited)");
				INSTALL_PATH = "@rpath";
				LIBRARY_STYLE = DYNAMIC;
				OTHER_CPLUSPLUSFLAGS = "    -DNDEBUG -fPIC '-std=c++17' ";
				OTHER_LDFLAGS = (" -dynamiclib -Wl,-headerpad_max_install_names");
				OTHER_REZFLAGS = "";
				PRODUCT_NAME = cppQuantFi;
				SECTORDER_FLAGS = "";
				SYMROOT = /Users/bernardocohen/repos/cppQuantFi/cpp/Xcode;
				USE_HEADERMAP = NO;
				WARNING_CFLAGS = ("$(inherited)");
			};
			name = MinSizeRel;
		};
		8AB6AEF4972E46AE95065C27 /* Release */ = {
			isa = XCBuildConfiguration;
			buildSettings = {
				COMBINE_HIDPI_IMAGES = YES;
				GCC_GENERATE_DEBUGGING_SYMBOLS = YES;
				GCC_INLINES_ARE_PRIVATE_EXTERN = NO;
				GCC_OPTIMIZATION_LEVEL = 0;
				GCC_PREPROCESSOR_DEFINITIONS = ("'CMAKE_INTDIR=\"$(CONFIGURATION)$(EFFECTIVE_PLATFORM_NAME)\"'");
				GCC_SYMBOLS_PRIVATE_EXTERN = NO;
				INSTALL_PATH = "";
				OTHER_LDFLAGS = ("");
				OTHER_REZFLAGS = "";
				PRODUCT_NAME = install;
				SECTORDER_FLAGS = "";
				SYMROOT = /Users/bernardocohen/repos/cppQuantFi/cpp/Xcode;
				USE_HEADERMAP = NO;
				WARNING_CFLAGS = ("$(inherited)");
			};
			name = Release;
		};
		A6F7C482DA584279BC34CCB9 /* Release */ = {
			isa = XCBuildConfiguration;
			buildSettings = {
				ARCHS = "$(NATIVE_ARCH_ACTUAL)";
				ONLY_ACTIVE_ARCH = YES;
				SDKROOT = /Applications/Xcode.app/Contents/Developer/Platforms/MacOSX.platform/Developer/SDKs/MacOSX11.3.sdk;
				SYMROOT = /Users/bernardocohen/repos/cppQuantFi/cpp/Xcode/build;
			};
			name = Release;
		};
		B14046652B2C4A68BF690804 /* Debug */ = {
			isa = XCBuildConfiguration;
			buildSettings = {
				COMBINE_HIDPI_IMAGES = YES;
				DYLIB_COMPATIBILITY_VERSION = "";
				DYLIB_CURRENT_VERSION = "";
				EXECUTABLE_PREFIX = lib;
				EXECUTABLE_SUFFIX = .dylib;
				GCC_GENERATE_DEBUGGING_SYMBOLS = YES;
				GCC_INLINES_ARE_PRIVATE_EXTERN = NO;
				GCC_OPTIMIZATION_LEVEL = 0;
				GCC_PREPROCESSOR_DEFINITIONS = ("'CMAKE_INTDIR=\"$(CONFIGURATION)$(EFFECTIVE_PLATFORM_NAME)\"'",cppQuantFi_EXPORTS);
				GCC_SYMBOLS_PRIVATE_EXTERN = NO;
				HEADER_SEARCH_PATHS = (/usr/local/include,/Users/bernardocohen/repos/cppQuantFi/cpp/include/cppQuantFi_bits,"$(inherited)");
				INSTALL_PATH = "@rpath";
				LIBRARY_STYLE = DYNAMIC;
				OTHER_CPLUSPLUSFLAGS = "   -fPIC '-std=c++17' ";
				OTHER_LDFLAGS = (" -dynamiclib -Wl,-headerpad_max_install_names");
				OTHER_REZFLAGS = "";
				PRODUCT_NAME = cppQuantFi;
				SECTORDER_FLAGS = "";
				SYMROOT = /Users/bernardocohen/repos/cppQuantFi/cpp/Xcode;
				USE_HEADERMAP = NO;
				WARNING_CFLAGS = ("$(inherited)");
			};
			name = Debug;
		};
		B84C305C170244C6BC40A522 /* MinSizeRel */ = {
			isa = XCBuildConfiguration;
			buildSettings = {
				COMBINE_HIDPI_IMAGES = YES;
				GCC_GENERATE_DEBUGGING_SYMBOLS = YES;
				GCC_INLINES_ARE_PRIVATE_EXTERN = NO;
				GCC_OPTIMIZATION_LEVEL = 0;
				GCC_PREPROCESSOR_DEFINITIONS = ("'CMAKE_INTDIR=\"$(CONFIGURATION)$(EFFECTIVE_PLATFORM_NAME)\"'");
				GCC_SYMBOLS_PRIVATE_EXTERN = NO;
				INSTALL_PATH = "";
				OTHER_LDFLAGS = ("");
				OTHER_REZFLAGS = "";
				PRODUCT_NAME = install;
				SECTORDER_FLAGS = "";
				SYMROOT = /Users/bernardocohen/repos/cppQuantFi/cpp/Xcode;
				USE_HEADERMAP = NO;
				WARNING_CFLAGS = ("$(inherited)");
			};
			name = MinSizeRel;
		};
		C4A6ABAB0B5741D9BDB24BC5 /* Release */ = {
			isa = XCBuildConfiguration;
			buildSettings = {
				COMBINE_HIDPI_IMAGES = YES;
				DYLIB_COMPATIBILITY_VERSION = "";
				DYLIB_CURRENT_VERSION = "";
				EXECUTABLE_PREFIX = lib;
				EXECUTABLE_SUFFIX = .dylib;
				GCC_GENERATE_DEBUGGING_SYMBOLS = NO;
				GCC_INLINES_ARE_PRIVATE_EXTERN = NO;
				GCC_OPTIMIZATION_LEVEL = 3;
				GCC_PREPROCESSOR_DEFINITIONS = ("'CMAKE_INTDIR=\"$(CONFIGURATION)$(EFFECTIVE_PLATFORM_NAME)\"'",cppQuantFi_EXPORTS);
				GCC_SYMBOLS_PRIVATE_EXTERN = NO;
				HEADER_SEARCH_PATHS = (/usr/local/include,/Users/bernardocohen/repos/cppQuantFi/cpp/include/cppQuantFi_bits,"$(inherited)");
				INSTALL_PATH = "@rpath";
				LIBRARY_STYLE = DYNAMIC;
				OTHER_CPLUSPLUSFLAGS = "    -DNDEBUG -fPIC '-std=c++17' ";
				OTHER_LDFLAGS = (" -dynamiclib -Wl,-headerpad_max_install_names");
				OTHER_REZFLAGS = "";
				PRODUCT_NAME = cppQuantFi;
				SECTORDER_FLAGS = "";
				SYMROOT = /Users/bernardocohen/repos/cppQuantFi/cpp/Xcode;
				USE_HEADERMAP = NO;
				WARNING_CFLAGS = ("$(inherited)");
			};
			name = Release;
		};
		D7CEF17C1E6B47C4BC5A55F2 /* MinSizeRel */ = {
			isa = XCBuildConfiguration;
			buildSettings = {
				COMBINE_HIDPI_IMAGES = YES;
				GCC_GENERATE_DEBUGGING_SYMBOLS = YES;
				GCC_INLINES_ARE_PRIVATE_EXTERN = NO;
				GCC_OPTIMIZATION_LEVEL = 0;
				GCC_PREPROCESSOR_DEFINITIONS = ("'CMAKE_INTDIR=\"$(CONFIGURATION)$(EFFECTIVE_PLATFORM_NAME)\"'");
				GCC_SYMBOLS_PRIVATE_EXTERN = NO;
				INSTALL_PATH = "";
				OTHER_LDFLAGS = ("");
				OTHER_REZFLAGS = "";
				PRODUCT_NAME = ZERO_CHECK;
				SECTORDER_FLAGS = "";
				SYMROOT = /Users/bernardocohen/repos/cppQuantFi/cpp/Xcode;
				USE_HEADERMAP = NO;
				WARNING_CFLAGS = ("$(inherited)");
			};
			name = MinSizeRel;
		};
/* End XCBuildConfiguration section */

/* Begin XCConfigurationList section */
		43CB47ACD7094BBC85AA61F9 /* Build configuration list for PBXAggregateTarget "ZERO_CHECK" */ = {
			isa = XCConfigurationList;
			buildConfigurations = (
				052DB12D99544EEFB60EFD86 /* Debug */,
				7CAD5B634B714ABB9BAFD356 /* Release */,
				D7CEF17C1E6B47C4BC5A55F2 /* MinSizeRel */,
				4BD111D0DEC243378E7B3B3F /* RelWithDebInfo */,
			);
			defaultConfigurationIsVisible = 0;
			defaultConfigurationName = Debug;
		};
		76C56E1653FA432F9903B72B /* Build configuration list for PBXProject "cppQuantFi" */ = {
			isa = XCConfigurationList;
			buildConfigurations = (
				0809FBBC8A6D45F78854141A /* Debug */,
				A6F7C482DA584279BC34CCB9 /* Release */,
				67D94BCF82744F39B6D96087 /* MinSizeRel */,
				53112A41818F4CB79724FBB7 /* RelWithDebInfo */,
			);
			defaultConfigurationIsVisible = 0;
			defaultConfigurationName = Debug;
		};
		854F895EECF94B518AD8801D /* Build configuration list for PBXAggregateTarget "ALL_BUILD" */ = {
			isa = XCConfigurationList;
			buildConfigurations = (
				2DB2B2D18328442A9629A2AA /* Debug */,
				5E278B2871244EA1AF938507 /* Release */,
				4070B887C35D4FB5A8EF6180 /* MinSizeRel */,
				19D10FBA6371463C812EB28E /* RelWithDebInfo */,
			);
			defaultConfigurationIsVisible = 0;
			defaultConfigurationName = Debug;
		};
		E3092425EB2B45F0B408424B /* Build configuration list for PBXAggregateTarget "install" */ = {
			isa = XCConfigurationList;
			buildConfigurations = (
				588EFC64227A4E8C8726AAAC /* Debug */,
				8AB6AEF4972E46AE95065C27 /* Release */,
				B84C305C170244C6BC40A522 /* MinSizeRel */,
				2B86E7624BD848658FBEAB4D /* RelWithDebInfo */,
			);
			defaultConfigurationIsVisible = 0;
			defaultConfigurationName = Debug;
		};
		ED325A8C6AF84016AE379AD8 /* Build configuration list for PBXNativeTarget "cppQuantFi" */ = {
			isa = XCConfigurationList;
			buildConfigurations = (
				B14046652B2C4A68BF690804 /* Debug */,
				C4A6ABAB0B5741D9BDB24BC5 /* Release */,
				859EB813D8364F699A85631A /* MinSizeRel */,
				01462CB49C9C4D779F90E44D /* RelWithDebInfo */,
			);
			defaultConfigurationIsVisible = 0;
			defaultConfigurationName = Debug;
		};
/* End XCConfigurationList section */
	};
	rootObject = D87B9FBD49C941239E7E02D7 /* Project object */;
}
