// !$*UTF8*$!
{
	archiveVersion = 1;
	classes = {
	};
	objectVersion = 46;
	objects = {

/* Begin PBXAggregateTarget section */
		1756234DCB934C5EBADFDD13 /* ZERO_CHECK */ = {
			isa = PBXAggregateTarget;
			buildConfigurationList = B55A23AA3C9D4E2D8345BD0E /* Build configuration list for PBXAggregateTarget "ZERO_CHECK" */;
			buildPhases = (
				2FF820ED502446EBE7AA70BE /* Generate CMakeFiles/ZERO_CHECK */,
			);
			dependencies = (
			);
			name = ZERO_CHECK;
			productName = ZERO_CHECK;
		};
		719182CFC28E4BC49130D8FA /* ALL_BUILD */ = {
			isa = PBXAggregateTarget;
			buildConfigurationList = 1A862C042DBD405995C75183 /* Build configuration list for PBXAggregateTarget "ALL_BUILD" */;
			buildPhases = (
				80C35EEF5E7BCF67159B0F3D /* Generate CMakeFiles/ALL_BUILD */,
			);
			dependencies = (
				98C33CF3A57044CCADA3744D /* PBXTargetDependency */,
				1A60DD2881AA4E219E530A55 /* PBXTargetDependency */,
			);
			name = ALL_BUILD;
			productName = ALL_BUILD;
		};
		DB0E0CC6C4B54A4CB0812646 /* install */ = {
			isa = PBXAggregateTarget;
			buildConfigurationList = A0C423C1E1E14204B5145176 /* Build configuration list for PBXAggregateTarget "install" */;
			buildPhases = (
				93426DA6A4AC2C2AC9CE883C /* CMake PostBuild Rules */,
			);
			dependencies = (
				A6D77E273A144F3B9624519E /* PBXTargetDependency */,
			);
			name = install;
			productName = install;
		};
/* End PBXAggregateTarget section */

/* Begin PBXBuildFile section */
		0083C136AAAD42428184BC93 /* /Users/bernardocohen/repos/cppQuantFi/cpp/src/payoffDoubleDigital.cpp */ = {isa = PBXBuildFile; fileRef = BEC64B1A401246BDA24E9FEF /* /Users/bernardocohen/repos/cppQuantFi/cpp/src/payoffDoubleDigital.cpp */; };
		0C5426AAB9B74DBAA0F8CD21 /* /Users/bernardocohen/repos/cppQuantFi/cpp/src/statistics.cpp */ = {isa = PBXBuildFile; fileRef = 49F8215FC8EE4346BAD8AFA5 /* /Users/bernardocohen/repos/cppQuantFi/cpp/src/statistics.cpp */; };
		12D7C993D9BE4DEEBA67442B /* /Users/bernardocohen/repos/cppQuantFi/cpp/src/bsCall.cpp */ = {isa = PBXBuildFile; fileRef = CCD014AC7370461098161A99 /* /Users/bernardocohen/repos/cppQuantFi/cpp/src/bsCall.cpp */; };
		1BE0CD7F3DE84EDF93A862F4 /* /Users/bernardocohen/repos/cppQuantFi/cpp/src/vanillaOption.cpp */ = {isa = PBXBuildFile; fileRef = FF7F4529BC4246EDBC7BF161 /* /Users/bernardocohen/repos/cppQuantFi/cpp/src/vanillaOption.cpp */; };
		1E484724D5334F019C134D2C /* /Users/bernardocohen/repos/cppQuantFi/cpp/include/cppQuantFi_bits/payoffDoubleDigital.hpp */ = {isa = PBXBuildFile; fileRef = A2FCEBA799AC4161BCE709A3 /* /Users/bernardocohen/repos/cppQuantFi/cpp/include/cppQuantFi_bits/payoffDoubleDigital.hpp */; };
		24EB02AD80624C939A3609B0 /* /Users/bernardocohen/repos/cppQuantFi/cpp/include/cppQuantFi_bits/statistics.hpp */ = {isa = PBXBuildFile; fileRef = B5639F6692174BA2B5BF39E2 /* /Users/bernardocohen/repos/cppQuantFi/cpp/include/cppQuantFi_bits/statistics.hpp */; };
		27C069335733465DBD29707C /* /Users/bernardocohen/repos/cppQuantFi/cpp/include/cppQuantFi_bits/payoffPut.hpp */ = {isa = PBXBuildFile; fileRef = 8E955357011141FCBCC3656F /* /Users/bernardocohen/repos/cppQuantFi/cpp/include/cppQuantFi_bits/payoffPut.hpp */; };
		2A2498114F234A62B18C1BF1 /* /Users/bernardocohen/repos/cppQuantFi/cpp/CMakeLists.txt */ = {isa = PBXBuildFile; fileRef = 0112C22F1B984D3DA35A30AF /* /Users/bernardocohen/repos/cppQuantFi/cpp/CMakeLists.txt */; };
		2B3F6FB6B38E443AA11D84EB /* /Users/bernardocohen/repos/cppQuantFi/cpp/include/cppQuantFi_bits/bsCall.hpp */ = {isa = PBXBuildFile; fileRef = 9D36B6DB52464FA38CFCFE39 /* /Users/bernardocohen/repos/cppQuantFi/cpp/include/cppQuantFi_bits/bsCall.hpp */; };
		2C1F8C04C274424EBF26DF49 /* /Users/bernardocohen/repos/cppQuantFi/cpp/src/thomasAlgorithm.cpp */ = {isa = PBXBuildFile; fileRef = 607D8AEF99354987B9C58242 /* /Users/bernardocohen/repos/cppQuantFi/cpp/src/thomasAlgorithm.cpp */; };
		42B602D9FA6348DC88BA9D10 /* /Users/bernardocohen/repos/cppQuantFi/cpp/include/cppQuantFi_bits/norm.hpp */ = {isa = PBXBuildFile; fileRef = 6216109919FF43ACB38DC75D /* /Users/bernardocohen/repos/cppQuantFi/cpp/include/cppQuantFi_bits/norm.hpp */; };
		4393739B583645C3AC5EEA9C /* /Users/bernardocohen/repos/cppQuantFi/cpp/include/cppQuantFi_bits/pathGeneration.hpp */ = {isa = PBXBuildFile; fileRef = 71F93C758051479C8FF7C83B /* /Users/bernardocohen/repos/cppQuantFi/cpp/include/cppQuantFi_bits/pathGeneration.hpp */; };
		43AC88CA45394D8A947AA9F5 /* /Users/bernardocohen/repos/cppQuantFi/cpp/src/linearCongruentialGenerator.cpp */ = {isa = PBXBuildFile; fileRef = 4A126E4E963C431E83F22FF4 /* /Users/bernardocohen/repos/cppQuantFi/cpp/src/linearCongruentialGenerator.cpp */; };
		45036EE5086D477B8E0254A6 /* /Users/bernardocohen/repos/cppQuantFi/cpp/src/hestonMC.cpp */ = {isa = PBXBuildFile; fileRef = 37942B8091FD4924A512AF20 /* /Users/bernardocohen/repos/cppQuantFi/cpp/src/hestonMC.cpp */; };
		4911CD72F6AE4F46B6AC92E2 /* /Users/bernardocohen/repos/cppQuantFi/cpp/include/cppQuantFi_bits/thomasAlgorithm.hpp */ = {isa = PBXBuildFile; fileRef = 522EA03740CB46DF8376F7E6 /* /Users/bernardocohen/repos/cppQuantFi/cpp/include/cppQuantFi_bits/thomasAlgorithm.hpp */; };
		49B06BD1995F48D6877E63F2 /* /Users/bernardocohen/repos/cppQuantFi/cpp/src/payoffPut.cpp */ = {isa = PBXBuildFile; fileRef = 7D229CAEC61B456D9EF56AFC /* /Users/bernardocohen/repos/cppQuantFi/cpp/src/payoffPut.cpp */; };
		4C5E912E671F441E8318605B /* /Users/bernardocohen/repos/cppQuantFi/cpp/src/asian.cpp */ = {isa = PBXBuildFile; fileRef = B09F14AD57114B0395F3ED23 /* /Users/bernardocohen/repos/cppQuantFi/cpp/src/asian.cpp */; };
		780F6766C9AC465C8B970A04 /* /Users/bernardocohen/repos/cppQuantFi/cpp/include/cppQuantFi_bits/option.hpp */ = {isa = PBXBuildFile; fileRef = 039518CB2FEA435E800704B4 /* /Users/bernardocohen/repos/cppQuantFi/cpp/include/cppQuantFi_bits/option.hpp */; };
		78723F7C8A1E4F938AE370F4 /* /Users/bernardocohen/repos/cppQuantFi/cpp/include/cppQuantFi_bits/intervalBisection.hpp */ = {isa = PBXBuildFile; fileRef = B03E97B158094627868EF29A /* /Users/bernardocohen/repos/cppQuantFi/cpp/include/cppQuantFi_bits/intervalBisection.hpp */; };
		81DB834D019C4CECACB8BF8D /* /Users/bernardocohen/repos/cppQuantFi/cpp/src/correlatedSND.cpp */ = {isa = PBXBuildFile; fileRef = 444AC611F6AC4C33B90C2A5E /* /Users/bernardocohen/repos/cppQuantFi/cpp/src/correlatedSND.cpp */; };
		833BA834E5B64C3EBFA534DA /* /Users/bernardocohen/repos/cppQuantFi/cpp/src/intro.cpp */ = {isa = PBXBuildFile; fileRef = 92C4290820E64845AE6A66F4 /* /Users/bernardocohen/repos/cppQuantFi/cpp/src/intro.cpp */; };
		912B229D043747E09690983F /* /Users/bernardocohen/repos/cppQuantFi/cpp/include/cppQuantFi_bits/payoff.hpp */ = {isa = PBXBuildFile; fileRef = 43312AA9286D4F888E51D61D /* /Users/bernardocohen/repos/cppQuantFi/cpp/include/cppQuantFi_bits/payoff.hpp */; };
		91425D85F93B4F0586FB88B2 /* /Users/bernardocohen/repos/cppQuantFi/cpp/include/cppQuantFi_bits/random.hpp */ = {isa = PBXBuildFile; fileRef = 449F2DA410334391A5C2228B /* /Users/bernardocohen/repos/cppQuantFi/cpp/include/cppQuantFi_bits/random.hpp */; };
		91881E8361ED4566845CAFFD /* /Users/bernardocohen/repos/cppQuantFi/cpp/include/cppQuantFi_bits/vanillaOption.hpp */ = {isa = PBXBuildFile; fileRef = D780903C4A4E49A183F60154 /* /Users/bernardocohen/repos/cppQuantFi/cpp/include/cppQuantFi_bits/vanillaOption.hpp */; };
		955AAC4C28584E35841BA849 /* /Users/bernardocohen/repos/cppQuantFi/cpp/include/cppQuantFi_bits/payoffCall.hpp */ = {isa = PBXBuildFile; fileRef = 1FBB8A4471904CAAB401BD26 /* /Users/bernardocohen/repos/cppQuantFi/cpp/include/cppQuantFi_bits/payoffCall.hpp */; };
		9C31E07577E14B8DB6DFF1E0 /* /Users/bernardocohen/repos/cppQuantFi/cpp/src/pathGeneration.cpp */ = {isa = PBXBuildFile; fileRef = F44B062E28CE4A02A727ED0F /* /Users/bernardocohen/repos/cppQuantFi/cpp/src/pathGeneration.cpp */; };
		9DC064C828CE4F66A91E5321 /* /Users/bernardocohen/repos/cppQuantFi/cpp/include/cppQuantFi_bits/linearCongruentialGenerator.hpp */ = {isa = PBXBuildFile; fileRef = 2C292F1964254EAFBD70559E /* /Users/bernardocohen/repos/cppQuantFi/cpp/include/cppQuantFi_bits/linearCongruentialGenerator.hpp */; };
		9E9C9C0D644740AFB9E0F332 /* /Users/bernardocohen/repos/cppQuantFi/cpp/include/cppQuantFi_bits/hestonMC.hpp */ = {isa = PBXBuildFile; fileRef = CCBF94C1A68E488CADAE6127 /* /Users/bernardocohen/repos/cppQuantFi/cpp/include/cppQuantFi_bits/hestonMC.hpp */; };
		A0325FF39E9A4AD4A066E982 /* /Users/bernardocohen/repos/cppQuantFi/cpp/include/cppQuantFi_bits/functors.hpp */ = {isa = PBXBuildFile; fileRef = DF47AEE5A1434986AE193FFE /* /Users/bernardocohen/repos/cppQuantFi/cpp/include/cppQuantFi_bits/functors.hpp */; };
		A67181CCB719410783BBAA9F /* /Users/bernardocohen/repos/cppQuantFi/cpp/src/eurOptionBSMC.cpp */ = {isa = PBXBuildFile; fileRef = 352626512D96409195B906F8 /* /Users/bernardocohen/repos/cppQuantFi/cpp/src/eurOptionBSMC.cpp */; };
		B2262CD112A2405F986339C1 /* /Users/bernardocohen/repos/cppQuantFi/cpp/src/option.cpp */ = {isa = PBXBuildFile; fileRef = B4576C041D0742D08EA7218D /* /Users/bernardocohen/repos/cppQuantFi/cpp/src/option.cpp */; };
		C00C036D0B114BE99A313B23 /* /Users/bernardocohen/repos/cppQuantFi/cpp/src/norm.cpp */ = {isa = PBXBuildFile; fileRef = EBA3E3C572D649299694B297 /* /Users/bernardocohen/repos/cppQuantFi/cpp/src/norm.cpp */; };
		C2931435BE4E4DC7810C9384 /* /Users/bernardocohen/repos/cppQuantFi/cpp/include/cppQuantFi_bits/newtonRaphson.hpp */ = {isa = PBXBuildFile; fileRef = B9FA479D6FEB445FADED7417 /* /Users/bernardocohen/repos/cppQuantFi/cpp/include/cppQuantFi_bits/newtonRaphson.hpp */; };
		C2A768D1142C44A5BD54B659 /* /Users/bernardocohen/repos/cppQuantFi/cpp/include/cppQuantFi_bits/qsMatrix.hpp */ = {isa = PBXBuildFile; fileRef = E74A9500F4304C8EA48B1739 /* /Users/bernardocohen/repos/cppQuantFi/cpp/include/cppQuantFi_bits/qsMatrix.hpp */; };
		DD62615AFDC44018A8E08B10 /* /Users/bernardocohen/repos/cppQuantFi/cpp/include/cppQuantFi_bits/intro.hpp */ = {isa = PBXBuildFile; fileRef = C32DF49C31114C89A7BEF8A0 /* /Users/bernardocohen/repos/cppQuantFi/cpp/include/cppQuantFi_bits/intro.hpp */; };
		E82FD35D6C324A04B328FE16 /* /Users/bernardocohen/repos/cppQuantFi/cpp/src/payoffCall.cpp */ = {isa = PBXBuildFile; fileRef = 64559440C7394F48AD441C6F /* /Users/bernardocohen/repos/cppQuantFi/cpp/src/payoffCall.cpp */; };
		EC4E21917CC14BB9B48340D9 /* /Users/bernardocohen/repos/cppQuantFi/cpp/include/cppQuantFi_bits/asian.hpp */ = {isa = PBXBuildFile; fileRef = 33DDCA53854D411EB36BDCD5 /* /Users/bernardocohen/repos/cppQuantFi/cpp/include/cppQuantFi_bits/asian.hpp */; };
		EDD3DAE6DCE54E129EB06300 /* /Users/bernardocohen/repos/cppQuantFi/cpp/include/cppQuantFi_bits/matrix.hpp */ = {isa = PBXBuildFile; fileRef = CADBA0FD092C451E84699707 /* /Users/bernardocohen/repos/cppQuantFi/cpp/include/cppQuantFi_bits/matrix.hpp */; };
		F8065AD6C3F94CC3AA50C475 /* /Users/bernardocohen/repos/cppQuantFi/cpp/include/cppQuantFi_bits/eurOptionBSMC.hpp */ = {isa = PBXBuildFile; fileRef = B4F9EFD205044A74956C981D /* /Users/bernardocohen/repos/cppQuantFi/cpp/include/cppQuantFi_bits/eurOptionBSMC.hpp */; };
		FD54D43B829F44A185B8F133 /* /Users/bernardocohen/repos/cppQuantFi/cpp/include/cppQuantFi_bits/correlatedSND.hpp */ = {isa = PBXBuildFile; fileRef = F64C5CB278BB480AB0408A97 /* /Users/bernardocohen/repos/cppQuantFi/cpp/include/cppQuantFi_bits/correlatedSND.hpp */; };
/* End PBXBuildFile section */

/* Begin PBXBuildStyle section */
		248696CF51964319AA99812A /* MinSizeRel */ = {
			isa = PBXBuildStyle;
			buildSettings = {
				COPY_PHASE_STRIP = NO;
			};
			name = MinSizeRel;
		};
		2B7532FD0D854BE09A417DDC /* RelWithDebInfo */ = {
			isa = PBXBuildStyle;
			buildSettings = {
				COPY_PHASE_STRIP = NO;
			};
			name = RelWithDebInfo;
		};
		A66FBB0CBCCE440FB33CAD4E /* Debug */ = {
			isa = PBXBuildStyle;
			buildSettings = {
				COPY_PHASE_STRIP = NO;
			};
			name = Debug;
		};
		F55DD823624544A1B4BFDA8B /* Release */ = {
			isa = PBXBuildStyle;
			buildSettings = {
				COPY_PHASE_STRIP = NO;
			};
			name = Release;
		};
/* End PBXBuildStyle section */

/* Begin PBXContainerItemProxy section */
		01993248430C4394B317F508 /* PBXContainerItemProxy */ = {
			isa = PBXContainerItemProxy;
			containerPortal = D87B9FBD49C941239E7E02D7 /* Project object */;
			proxyType = 1;
			remoteGlobalIDString = 1756234DCB934C5EBADFDD13;
			remoteInfo = ZERO_CHECK;
		};
		50B78493032D415CA9F62C28 /* PBXContainerItemProxy */ = {
			isa = PBXContainerItemProxy;
			containerPortal = D87B9FBD49C941239E7E02D7 /* Project object */;
			proxyType = 1;
			remoteGlobalIDString = 719182CFC28E4BC49130D8FA;
			remoteInfo = ALL_BUILD;
		};
		56BAAB99E5A4456BAA26518C /* PBXContainerItemProxy */ = {
			isa = PBXContainerItemProxy;
			containerPortal = D87B9FBD49C941239E7E02D7 /* Project object */;
			proxyType = 1;
			remoteGlobalIDString = 1756234DCB934C5EBADFDD13;
			remoteInfo = ZERO_CHECK;
		};
		BEC637463DF6401D9BFF71D2 /* PBXContainerItemProxy */ = {
			isa = PBXContainerItemProxy;
			containerPortal = D87B9FBD49C941239E7E02D7 /* Project object */;
			proxyType = 1;
			remoteGlobalIDString = 2163881E29DB4041A0F85815;
			remoteInfo = cppQuantFi;
		};
/* End PBXContainerItemProxy section */

/* Begin PBXFileReference section */
		0112C22F1B984D3DA35A30AF /* /Users/bernardocohen/repos/cppQuantFi/cpp/CMakeLists.txt */ = {isa = PBXFileReference; explicitFileType = sourcecode.text; fileEncoding = 4; name = CMakeLists.txt; path = CMakeLists.txt; sourceTree = SOURCE_ROOT; };
		039518CB2FEA435E800704B4 /* /Users/bernardocohen/repos/cppQuantFi/cpp/include/cppQuantFi_bits/option.hpp */ = {isa = PBXFileReference; explicitFileType = sourcecode.cpp.h; fileEncoding = 4; name = option.hpp; path = include/cppQuantFi_bits/option.hpp; sourceTree = SOURCE_ROOT; };
		1FBB8A4471904CAAB401BD26 /* /Users/bernardocohen/repos/cppQuantFi/cpp/include/cppQuantFi_bits/payoffCall.hpp */ = {isa = PBXFileReference; explicitFileType = sourcecode.cpp.h; fileEncoding = 4; name = payoffCall.hpp; path = include/cppQuantFi_bits/payoffCall.hpp; sourceTree = SOURCE_ROOT; };
		2C292F1964254EAFBD70559E /* /Users/bernardocohen/repos/cppQuantFi/cpp/include/cppQuantFi_bits/linearCongruentialGenerator.hpp */ = {isa = PBXFileReference; explicitFileType = sourcecode.cpp.h; fileEncoding = 4; name = linearCongruentialGenerator.hpp; path = include/cppQuantFi_bits/linearCongruentialGenerator.hpp; sourceTree = SOURCE_ROOT; };
		33DDCA53854D411EB36BDCD5 /* /Users/bernardocohen/repos/cppQuantFi/cpp/include/cppQuantFi_bits/asian.hpp */ = {isa = PBXFileReference; explicitFileType = sourcecode.cpp.h; fileEncoding = 4; name = asian.hpp; path = include/cppQuantFi_bits/asian.hpp; sourceTree = SOURCE_ROOT; };
		352626512D96409195B906F8 /* /Users/bernardocohen/repos/cppQuantFi/cpp/src/eurOptionBSMC.cpp */ = {isa = PBXFileReference; explicitFileType = sourcecode.cpp.cpp; fileEncoding = 4; name = eurOptionBSMC.cpp; path = src/eurOptionBSMC.cpp; sourceTree = SOURCE_ROOT; };
		37942B8091FD4924A512AF20 /* /Users/bernardocohen/repos/cppQuantFi/cpp/src/hestonMC.cpp */ = {isa = PBXFileReference; explicitFileType = sourcecode.cpp.cpp; fileEncoding = 4; name = hestonMC.cpp; path = src/hestonMC.cpp; sourceTree = SOURCE_ROOT; };
		3DEBA3169F884522808BB386 /* /Users/bernardocohen/repos/cppQuantFi/cpp/CMakeLists.txt */ = {isa = PBXFileReference; explicitFileType = sourcecode.text; fileEncoding = 4; name = CMakeLists.txt; path = CMakeLists.txt; sourceTree = SOURCE_ROOT; };
		43312AA9286D4F888E51D61D /* /Users/bernardocohen/repos/cppQuantFi/cpp/include/cppQuantFi_bits/payoff.hpp */ = {isa = PBXFileReference; explicitFileType = sourcecode.cpp.h; fileEncoding = 4; name = payoff.hpp; path = include/cppQuantFi_bits/payoff.hpp; sourceTree = SOURCE_ROOT; };
		444AC611F6AC4C33B90C2A5E /* /Users/bernardocohen/repos/cppQuantFi/cpp/src/correlatedSND.cpp */ = {isa = PBXFileReference; explicitFileType = sourcecode.cpp.cpp; fileEncoding = 4; name = correlatedSND.cpp; path = src/correlatedSND.cpp; sourceTree = SOURCE_ROOT; };
		449F2DA410334391A5C2228B /* /Users/bernardocohen/repos/cppQuantFi/cpp/include/cppQuantFi_bits/random.hpp */ = {isa = PBXFileReference; explicitFileType = sourcecode.cpp.h; fileEncoding = 4; name = random.hpp; path = include/cppQuantFi_bits/random.hpp; sourceTree = SOURCE_ROOT; };
		49F8215FC8EE4346BAD8AFA5 /* /Users/bernardocohen/repos/cppQuantFi/cpp/src/statistics.cpp */ = {isa = PBXFileReference; explicitFileType = sourcecode.cpp.cpp; fileEncoding = 4; name = statistics.cpp; path = src/statistics.cpp; sourceTree = SOURCE_ROOT; };
		4A126E4E963C431E83F22FF4 /* /Users/bernardocohen/repos/cppQuantFi/cpp/src/linearCongruentialGenerator.cpp */ = {isa = PBXFileReference; explicitFileType = sourcecode.cpp.cpp; fileEncoding = 4; name = linearCongruentialGenerator.cpp; path = src/linearCongruentialGenerator.cpp; sourceTree = SOURCE_ROOT; };
		522EA03740CB46DF8376F7E6 /* /Users/bernardocohen/repos/cppQuantFi/cpp/include/cppQuantFi_bits/thomasAlgorithm.hpp */ = {isa = PBXFileReference; explicitFileType = sourcecode.cpp.h; fileEncoding = 4; name = thomasAlgorithm.hpp; path = include/cppQuantFi_bits/thomasAlgorithm.hpp; sourceTree = SOURCE_ROOT; };
		607D8AEF99354987B9C58242 /* /Users/bernardocohen/repos/cppQuantFi/cpp/src/thomasAlgorithm.cpp */ = {isa = PBXFileReference; explicitFileType = sourcecode.cpp.cpp; fileEncoding = 4; name = thomasAlgorithm.cpp; path = src/thomasAlgorithm.cpp; sourceTree = SOURCE_ROOT; };
		6216109919FF43ACB38DC75D /* /Users/bernardocohen/repos/cppQuantFi/cpp/include/cppQuantFi_bits/norm.hpp */ = {isa = PBXFileReference; explicitFileType = sourcecode.cpp.h; fileEncoding = 4; name = norm.hpp; path = include/cppQuantFi_bits/norm.hpp; sourceTree = SOURCE_ROOT; };
		64559440C7394F48AD441C6F /* /Users/bernardocohen/repos/cppQuantFi/cpp/src/payoffCall.cpp */ = {isa = PBXFileReference; explicitFileType = sourcecode.cpp.cpp; fileEncoding = 4; name = payoffCall.cpp; path = src/payoffCall.cpp; sourceTree = SOURCE_ROOT; };
		6D4ED2521E514D3D9C2A2EDC /* cppQuantFi */ = {isa = PBXFileReference; explicitFileType = "compiled.mach-o.dylib"; path = libcppQuantFi.dylib; sourceTree = BUILT_PRODUCTS_DIR; };
		71F93C758051479C8FF7C83B /* /Users/bernardocohen/repos/cppQuantFi/cpp/include/cppQuantFi_bits/pathGeneration.hpp */ = {isa = PBXFileReference; explicitFileType = sourcecode.cpp.h; fileEncoding = 4; name = pathGeneration.hpp; path = include/cppQuantFi_bits/pathGeneration.hpp; sourceTree = SOURCE_ROOT; };
		7D229CAEC61B456D9EF56AFC /* /Users/bernardocohen/repos/cppQuantFi/cpp/src/payoffPut.cpp */ = {isa = PBXFileReference; explicitFileType = sourcecode.cpp.cpp; fileEncoding = 4; name = payoffPut.cpp; path = src/payoffPut.cpp; sourceTree = SOURCE_ROOT; };
		8E955357011141FCBCC3656F /* /Users/bernardocohen/repos/cppQuantFi/cpp/include/cppQuantFi_bits/payoffPut.hpp */ = {isa = PBXFileReference; explicitFileType = sourcecode.cpp.h; fileEncoding = 4; name = payoffPut.hpp; path = include/cppQuantFi_bits/payoffPut.hpp; sourceTree = SOURCE_ROOT; };
		92C4290820E64845AE6A66F4 /* /Users/bernardocohen/repos/cppQuantFi/cpp/src/intro.cpp */ = {isa = PBXFileReference; explicitFileType = sourcecode.cpp.cpp; fileEncoding = 4; name = intro.cpp; path = src/intro.cpp; sourceTree = SOURCE_ROOT; };
		9D36B6DB52464FA38CFCFE39 /* /Users/bernardocohen/repos/cppQuantFi/cpp/include/cppQuantFi_bits/bsCall.hpp */ = {isa = PBXFileReference; explicitFileType = sourcecode.cpp.h; fileEncoding = 4; name = bsCall.hpp; path = include/cppQuantFi_bits/bsCall.hpp; sourceTree = SOURCE_ROOT; };
		A2FCEBA799AC4161BCE709A3 /* /Users/bernardocohen/repos/cppQuantFi/cpp/include/cppQuantFi_bits/payoffDoubleDigital.hpp */ = {isa = PBXFileReference; explicitFileType = sourcecode.cpp.h; fileEncoding = 4; name = payoffDoubleDigital.hpp; path = include/cppQuantFi_bits/payoffDoubleDigital.hpp; sourceTree = SOURCE_ROOT; };
		B03E97B158094627868EF29A /* /Users/bernardocohen/repos/cppQuantFi/cpp/include/cppQuantFi_bits/intervalBisection.hpp */ = {isa = PBXFileReference; explicitFileType = sourcecode.cpp.h; fileEncoding = 4; name = intervalBisection.hpp; path = include/cppQuantFi_bits/intervalBisection.hpp; sourceTree = SOURCE_ROOT; };
		B09F14AD57114B0395F3ED23 /* /Users/bernardocohen/repos/cppQuantFi/cpp/src/asian.cpp */ = {isa = PBXFileReference; explicitFileType = sourcecode.cpp.cpp; fileEncoding = 4; name = asian.cpp; path = src/asian.cpp; sourceTree = SOURCE_ROOT; };
		B4576C041D0742D08EA7218D /* /Users/bernardocohen/repos/cppQuantFi/cpp/src/option.cpp */ = {isa = PBXFileReference; explicitFileType = sourcecode.cpp.cpp; fileEncoding = 4; name = option.cpp; path = src/option.cpp; sourceTree = SOURCE_ROOT; };
		B4F9EFD205044A74956C981D /* /Users/bernardocohen/repos/cppQuantFi/cpp/include/cppQuantFi_bits/eurOptionBSMC.hpp */ = {isa = PBXFileReference; explicitFileType = sourcecode.cpp.h; fileEncoding = 4; name = eurOptionBSMC.hpp; path = include/cppQuantFi_bits/eurOptionBSMC.hpp; sourceTree = SOURCE_ROOT; };
		B5639F6692174BA2B5BF39E2 /* /Users/bernardocohen/repos/cppQuantFi/cpp/include/cppQuantFi_bits/statistics.hpp */ = {isa = PBXFileReference; explicitFileType = sourcecode.cpp.h; fileEncoding = 4; name = statistics.hpp; path = include/cppQuantFi_bits/statistics.hpp; sourceTree = SOURCE_ROOT; };
		B9FA479D6FEB445FADED7417 /* /Users/bernardocohen/repos/cppQuantFi/cpp/include/cppQuantFi_bits/newtonRaphson.hpp */ = {isa = PBXFileReference; explicitFileType = sourcecode.cpp.h; fileEncoding = 4; name = newtonRaphson.hpp; path = include/cppQuantFi_bits/newtonRaphson.hpp; sourceTree = SOURCE_ROOT; };
		BEC64B1A401246BDA24E9FEF /* /Users/bernardocohen/repos/cppQuantFi/cpp/src/payoffDoubleDigital.cpp */ = {isa = PBXFileReference; explicitFileType = sourcecode.cpp.cpp; fileEncoding = 4; name = payoffDoubleDigital.cpp; path = src/payoffDoubleDigital.cpp; sourceTree = SOURCE_ROOT; };
		C32DF49C31114C89A7BEF8A0 /* /Users/bernardocohen/repos/cppQuantFi/cpp/include/cppQuantFi_bits/intro.hpp */ = {isa = PBXFileReference; explicitFileType = sourcecode.cpp.h; fileEncoding = 4; name = intro.hpp; path = include/cppQuantFi_bits/intro.hpp; sourceTree = SOURCE_ROOT; };
		CADBA0FD092C451E84699707 /* /Users/bernardocohen/repos/cppQuantFi/cpp/include/cppQuantFi_bits/matrix.hpp */ = {isa = PBXFileReference; explicitFileType = sourcecode.cpp.h; fileEncoding = 4; name = matrix.hpp; path = include/cppQuantFi_bits/matrix.hpp; sourceTree = SOURCE_ROOT; };
		CCBF94C1A68E488CADAE6127 /* /Users/bernardocohen/repos/cppQuantFi/cpp/include/cppQuantFi_bits/hestonMC.hpp */ = {isa = PBXFileReference; explicitFileType = sourcecode.cpp.h; fileEncoding = 4; name = hestonMC.hpp; path = include/cppQuantFi_bits/hestonMC.hpp; sourceTree = SOURCE_ROOT; };
		CCD014AC7370461098161A99 /* /Users/bernardocohen/repos/cppQuantFi/cpp/src/bsCall.cpp */ = {isa = PBXFileReference; explicitFileType = sourcecode.cpp.cpp; fileEncoding = 4; name = bsCall.cpp; path = src/bsCall.cpp; sourceTree = SOURCE_ROOT; };
		D780903C4A4E49A183F60154 /* /Users/bernardocohen/repos/cppQuantFi/cpp/include/cppQuantFi_bits/vanillaOption.hpp */ = {isa = PBXFileReference; explicitFileType = sourcecode.cpp.h; fileEncoding = 4; name = vanillaOption.hpp; path = include/cppQuantFi_bits/vanillaOption.hpp; sourceTree = SOURCE_ROOT; };
		DF47AEE5A1434986AE193FFE /* /Users/bernardocohen/repos/cppQuantFi/cpp/include/cppQuantFi_bits/functors.hpp */ = {isa = PBXFileReference; explicitFileType = sourcecode.cpp.h; fileEncoding = 4; name = functors.hpp; path = include/cppQuantFi_bits/functors.hpp; sourceTree = SOURCE_ROOT; };
		E74A9500F4304C8EA48B1739 /* /Users/bernardocohen/repos/cppQuantFi/cpp/include/cppQuantFi_bits/qsMatrix.hpp */ = {isa = PBXFileReference; explicitFileType = sourcecode.cpp.h; fileEncoding = 4; name = qsMatrix.hpp; path = include/cppQuantFi_bits/qsMatrix.hpp; sourceTree = SOURCE_ROOT; };
		EBA3E3C572D649299694B297 /* /Users/bernardocohen/repos/cppQuantFi/cpp/src/norm.cpp */ = {isa = PBXFileReference; explicitFileType = sourcecode.cpp.cpp; fileEncoding = 4; name = norm.cpp; path = src/norm.cpp; sourceTree = SOURCE_ROOT; };
		F44B062E28CE4A02A727ED0F /* /Users/bernardocohen/repos/cppQuantFi/cpp/src/pathGeneration.cpp */ = {isa = PBXFileReference; explicitFileType = sourcecode.cpp.cpp; fileEncoding = 4; name = pathGeneration.cpp; path = src/pathGeneration.cpp; sourceTree = SOURCE_ROOT; };
		F64C5CB278BB480AB0408A97 /* /Users/bernardocohen/repos/cppQuantFi/cpp/include/cppQuantFi_bits/correlatedSND.hpp */ = {isa = PBXFileReference; explicitFileType = sourcecode.cpp.h; fileEncoding = 4; name = correlatedSND.hpp; path = include/cppQuantFi_bits/correlatedSND.hpp; sourceTree = SOURCE_ROOT; };
		FF7F4529BC4246EDBC7BF161 /* /Users/bernardocohen/repos/cppQuantFi/cpp/src/vanillaOption.cpp */ = {isa = PBXFileReference; explicitFileType = sourcecode.cpp.cpp; fileEncoding = 4; name = vanillaOption.cpp; path = src/vanillaOption.cpp; sourceTree = SOURCE_ROOT; };
/* End PBXFileReference section */

/* Begin PBXFrameworksBuildPhase section */
		15B16B3849684AAD8A154019 /* Frameworks */ = {
			isa = PBXFrameworksBuildPhase;
			buildActionMask = 2147483647;
			files = (
			);
			runOnlyForDeploymentPostprocessing = 0;
		};
/* End PBXFrameworksBuildPhase section */

/* Begin PBXGroup section */
		1438056876594D03AFB55BFC /* cppQuantFi */ = {
			isa = PBXGroup;
			children = (
				B34404D774AE461BADCF1335 /* include */,
				6D399F873E594E0396EA34B5 /* src */,
				0112C22F1B984D3DA35A30AF /* /Users/bernardocohen/repos/cppQuantFi/cpp/CMakeLists.txt */,
			);
			name = cppQuantFi;
			sourceTree = "<group>";
		};
		311988777B5841CCADDA494D /* CMake Rules */ = {
			isa = PBXGroup;
			children = (
			);
			name = "CMake Rules";
			sourceTree = "<group>";
		};
		43E4918AABEC446CB5E1A600 /* Products */ = {
			isa = PBXGroup;
			children = (
				6D4ED2521E514D3D9C2A2EDC /* cppQuantFi */,
			);
			name = Products;
			sourceTree = "<group>";
		};
		6485F7FAF8B9472A84422779 /* ALL_BUILD */ = {
			isa = PBXGroup;
			children = (
				311988777B5841CCADDA494D /* CMake Rules */,
				3DEBA3169F884522808BB386 /* /Users/bernardocohen/repos/cppQuantFi/cpp/CMakeLists.txt */,
			);
			name = ALL_BUILD;
			sourceTree = "<group>";
		};
		6AC1FE1DFAC643A2B0B1834E = {
			isa = PBXGroup;
			children = (
				1438056876594D03AFB55BFC /* cppQuantFi */,
				6485F7FAF8B9472A84422779 /* ALL_BUILD */,
				43E4918AABEC446CB5E1A600 /* Products */,
				F757C726F8134834A0239A05 /* Frameworks */,
			);
			sourceTree = "<group>";
		};
		6D399F873E594E0396EA34B5 /* src */ = {
			isa = PBXGroup;
			children = (
				B09F14AD57114B0395F3ED23 /* /Users/bernardocohen/repos/cppQuantFi/cpp/src/asian.cpp */,
				CCD014AC7370461098161A99 /* /Users/bernardocohen/repos/cppQuantFi/cpp/src/bsCall.cpp */,
				444AC611F6AC4C33B90C2A5E /* /Users/bernardocohen/repos/cppQuantFi/cpp/src/correlatedSND.cpp */,
				352626512D96409195B906F8 /* /Users/bernardocohen/repos/cppQuantFi/cpp/src/eurOptionBSMC.cpp */,
				37942B8091FD4924A512AF20 /* /Users/bernardocohen/repos/cppQuantFi/cpp/src/hestonMC.cpp */,
				92C4290820E64845AE6A66F4 /* /Users/bernardocohen/repos/cppQuantFi/cpp/src/intro.cpp */,
				4A126E4E963C431E83F22FF4 /* /Users/bernardocohen/repos/cppQuantFi/cpp/src/linearCongruentialGenerator.cpp */,
				EBA3E3C572D649299694B297 /* /Users/bernardocohen/repos/cppQuantFi/cpp/src/norm.cpp */,
				B4576C041D0742D08EA7218D /* /Users/bernardocohen/repos/cppQuantFi/cpp/src/option.cpp */,
				F44B062E28CE4A02A727ED0F /* /Users/bernardocohen/repos/cppQuantFi/cpp/src/pathGeneration.cpp */,
				64559440C7394F48AD441C6F /* /Users/bernardocohen/repos/cppQuantFi/cpp/src/payoffCall.cpp */,
				BEC64B1A401246BDA24E9FEF /* /Users/bernardocohen/repos/cppQuantFi/cpp/src/payoffDoubleDigital.cpp */,
				7D229CAEC61B456D9EF56AFC /* /Users/bernardocohen/repos/cppQuantFi/cpp/src/payoffPut.cpp */,
				49F8215FC8EE4346BAD8AFA5 /* /Users/bernardocohen/repos/cppQuantFi/cpp/src/statistics.cpp */,
				607D8AEF99354987B9C58242 /* /Users/bernardocohen/repos/cppQuantFi/cpp/src/thomasAlgorithm.cpp */,
				FF7F4529BC4246EDBC7BF161 /* /Users/bernardocohen/repos/cppQuantFi/cpp/src/vanillaOption.cpp */,
			);
			name = src;
			sourceTree = "<group>";
		};
		A0084FD948C646AD85D25401 /* cppQuantFi_bits */ = {
			isa = PBXGroup;
			children = (
				33DDCA53854D411EB36BDCD5 /* /Users/bernardocohen/repos/cppQuantFi/cpp/include/cppQuantFi_bits/asian.hpp */,
				9D36B6DB52464FA38CFCFE39 /* /Users/bernardocohen/repos/cppQuantFi/cpp/include/cppQuantFi_bits/bsCall.hpp */,
				F64C5CB278BB480AB0408A97 /* /Users/bernardocohen/repos/cppQuantFi/cpp/include/cppQuantFi_bits/correlatedSND.hpp */,
				B4F9EFD205044A74956C981D /* /Users/bernardocohen/repos/cppQuantFi/cpp/include/cppQuantFi_bits/eurOptionBSMC.hpp */,
				DF47AEE5A1434986AE193FFE /* /Users/bernardocohen/repos/cppQuantFi/cpp/include/cppQuantFi_bits/functors.hpp */,
				CCBF94C1A68E488CADAE6127 /* /Users/bernardocohen/repos/cppQuantFi/cpp/include/cppQuantFi_bits/hestonMC.hpp */,
				B03E97B158094627868EF29A /* /Users/bernardocohen/repos/cppQuantFi/cpp/include/cppQuantFi_bits/intervalBisection.hpp */,
				C32DF49C31114C89A7BEF8A0 /* /Users/bernardocohen/repos/cppQuantFi/cpp/include/cppQuantFi_bits/intro.hpp */,
				2C292F1964254EAFBD70559E /* /Users/bernardocohen/repos/cppQuantFi/cpp/include/cppQuantFi_bits/linearCongruentialGenerator.hpp */,
				CADBA0FD092C451E84699707 /* /Users/bernardocohen/repos/cppQuantFi/cpp/include/cppQuantFi_bits/matrix.hpp */,
				B9FA479D6FEB445FADED7417 /* /Users/bernardocohen/repos/cppQuantFi/cpp/include/cppQuantFi_bits/newtonRaphson.hpp */,
				6216109919FF43ACB38DC75D /* /Users/bernardocohen/repos/cppQuantFi/cpp/include/cppQuantFi_bits/norm.hpp */,
				039518CB2FEA435E800704B4 /* /Users/bernardocohen/repos/cppQuantFi/cpp/include/cppQuantFi_bits/option.hpp */,
				71F93C758051479C8FF7C83B /* /Users/bernardocohen/repos/cppQuantFi/cpp/include/cppQuantFi_bits/pathGeneration.hpp */,
				43312AA9286D4F888E51D61D /* /Users/bernardocohen/repos/cppQuantFi/cpp/include/cppQuantFi_bits/payoff.hpp */,
				1FBB8A4471904CAAB401BD26 /* /Users/bernardocohen/repos/cppQuantFi/cpp/include/cppQuantFi_bits/payoffCall.hpp */,
				A2FCEBA799AC4161BCE709A3 /* /Users/bernardocohen/repos/cppQuantFi/cpp/include/cppQuantFi_bits/payoffDoubleDigital.hpp */,
				8E955357011141FCBCC3656F /* /Users/bernardocohen/repos/cppQuantFi/cpp/include/cppQuantFi_bits/payoffPut.hpp */,
				E74A9500F4304C8EA48B1739 /* /Users/bernardocohen/repos/cppQuantFi/cpp/include/cppQuantFi_bits/qsMatrix.hpp */,
				449F2DA410334391A5C2228B /* /Users/bernardocohen/repos/cppQuantFi/cpp/include/cppQuantFi_bits/random.hpp */,
				B5639F6692174BA2B5BF39E2 /* /Users/bernardocohen/repos/cppQuantFi/cpp/include/cppQuantFi_bits/statistics.hpp */,
				522EA03740CB46DF8376F7E6 /* /Users/bernardocohen/repos/cppQuantFi/cpp/include/cppQuantFi_bits/thomasAlgorithm.hpp */,
				D780903C4A4E49A183F60154 /* /Users/bernardocohen/repos/cppQuantFi/cpp/include/cppQuantFi_bits/vanillaOption.hpp */,
			);
			name = cppQuantFi_bits;
			sourceTree = "<group>";
		};
		B34404D774AE461BADCF1335 /* include */ = {
			isa = PBXGroup;
			children = (
				A0084FD948C646AD85D25401 /* cppQuantFi_bits */,
			);
			name = include;
			sourceTree = "<group>";
		};
		F757C726F8134834A0239A05 /* Frameworks */ = {
			isa = PBXGroup;
			children = (
			);
			name = Frameworks;
			sourceTree = "<group>";
		};
/* End PBXGroup section */

/* Begin PBXNativeTarget section */
		2163881E29DB4041A0F85815 /* cppQuantFi */ = {
			isa = PBXNativeTarget;
			buildConfigurationList = 6E613529FB2C4C3BB14151CA /* Build configuration list for PBXNativeTarget "cppQuantFi" */;
			buildPhases = (
				710E898A7FC0432BB6ECD823 /* Sources */,
				15B16B3849684AAD8A154019 /* Frameworks */,
				5C76D756282C6968A352319E /* CMake PostBuild Rules */,
			);
			buildRules = (
			);
			dependencies = (
				4619CC6CA30948D59EFE9B3E /* PBXTargetDependency */,
			);
			name = cppQuantFi;
			productName = cppQuantFi;
			productReference = 6D4ED2521E514D3D9C2A2EDC /* cppQuantFi */;
			productType = "com.apple.product-type.library.dynamic";
		};
/* End PBXNativeTarget section */

/* Begin PBXProject section */
		D87B9FBD49C941239E7E02D7 /* Project object */ = {
			isa = PBXProject;
			attributes = {
				BuildIndependentTargetsInParallel = YES;
				LastUpgradeCheck = 1250;
			};
			buildConfigurationList = A2D38BD371B64D018477DD0A /* Build configuration list for PBXProject "cppQuantFi" */;
			buildSettings = {
			};
			buildStyles = (
				A66FBB0CBCCE440FB33CAD4E /* Debug */,
				F55DD823624544A1B4BFDA8B /* Release */,
				248696CF51964319AA99812A /* MinSizeRel */,
				2B7532FD0D854BE09A417DDC /* RelWithDebInfo */,
			);
			compatibilityVersion = "Xcode 3.2";
			hasScannedForEncodings = 0;
			mainGroup = 6AC1FE1DFAC643A2B0B1834E;
			projectDirPath = ../;
			projectRoot = "";
			targets = (
				719182CFC28E4BC49130D8FA /* ALL_BUILD */,
				1756234DCB934C5EBADFDD13 /* ZERO_CHECK */,
				2163881E29DB4041A0F85815 /* cppQuantFi */,
				DB0E0CC6C4B54A4CB0812646 /* install */,
			);
		};
/* End PBXProject section */

/* Begin PBXShellScriptBuildPhase section */
		2FF820ED502446EBE7AA70BE /* Generate CMakeFiles/ZERO_CHECK */ = {
			isa = PBXShellScriptBuildPhase;
			alwaysOutOfDate = 1;
			buildActionMask = 2147483647;
			files = (
			);
			inputPaths = (
			);
			name = "Generate CMakeFiles/ZERO_CHECK";
			outputPaths = (
/Users/bernardocohen/repos/cppQuantFi/cpp/Xcode/CMakeFiles/ZERO_CHECK			);
			runOnlyForDeploymentPostprocessing = 0;
			shellPath = /bin/sh;
			shellScript = "set -e
if test \"$CONFIGURATION\" = \"Debug\"; then :
  cd /Users/bernardocohen/repos/cppQuantFi/cpp/Xcode
  make -f /Users/bernardocohen/repos/cppQuantFi/cpp/Xcode/CMakeScripts/ReRunCMake.make
fi
if test \"$CONFIGURATION\" = \"Release\"; then :
  cd /Users/bernardocohen/repos/cppQuantFi/cpp/Xcode
  make -f /Users/bernardocohen/repos/cppQuantFi/cpp/Xcode/CMakeScripts/ReRunCMake.make
fi
if test \"$CONFIGURATION\" = \"MinSizeRel\"; then :
  cd /Users/bernardocohen/repos/cppQuantFi/cpp/Xcode
  make -f /Users/bernardocohen/repos/cppQuantFi/cpp/Xcode/CMakeScripts/ReRunCMake.make
fi
if test \"$CONFIGURATION\" = \"RelWithDebInfo\"; then :
  cd /Users/bernardocohen/repos/cppQuantFi/cpp/Xcode
  make -f /Users/bernardocohen/repos/cppQuantFi/cpp/Xcode/CMakeScripts/ReRunCMake.make
fi
";
			showEnvVarsInLog = 0;
		};
		3C0110FC8322DE7E50886E21 = {
			isa = PBXShellScriptBuildPhase;
			buildActionMask = 2147483647;
			files = (
			);
			inputPaths = (
			);
			outputPaths = (
			);
			runOnlyForDeploymentPostprocessing = 0;
			shellPath = /bin/sh;
			shellScript = "# shell script goes here
exit 0";
			showEnvVarsInLog = 0;
		};
		5C76D756282C6968A352319E /* CMake PostBuild Rules */ = {
			isa = PBXShellScriptBuildPhase;
			alwaysOutOfDate = 1;
			buildActionMask = 2147483647;
			files = (
			);
			name = "CMake PostBuild Rules";
			outputPaths = (
			);
			runOnlyForDeploymentPostprocessing = 0;
			shellPath = /bin/sh;
			shellScript = "set -e
if test \"$CONFIGURATION\" = \"Debug\"; then :
  cd /Users/bernardocohen/repos/cppQuantFi/cpp/Xcode
  /usr/local/Cellar/cmake/3.20.5/bin/cmake -E cmake_symlink_library /Users/bernardocohen/repos/cppQuantFi/cpp/Xcode/Debug/libcppQuantFi.dylib /Users/bernardocohen/repos/cppQuantFi/cpp/Xcode/Debug/libcppQuantFi.dylib /Users/bernardocohen/repos/cppQuantFi/cpp/Xcode/Debug/libcppQuantFi.dylib
fi
if test \"$CONFIGURATION\" = \"Release\"; then :
  cd /Users/bernardocohen/repos/cppQuantFi/cpp/Xcode
  /usr/local/Cellar/cmake/3.20.5/bin/cmake -E cmake_symlink_library /Users/bernardocohen/repos/cppQuantFi/cpp/Xcode/Release/libcppQuantFi.dylib /Users/bernardocohen/repos/cppQuantFi/cpp/Xcode/Release/libcppQuantFi.dylib /Users/bernardocohen/repos/cppQuantFi/cpp/Xcode/Release/libcppQuantFi.dylib
fi
if test \"$CONFIGURATION\" = \"MinSizeRel\"; then :
  cd /Users/bernardocohen/repos/cppQuantFi/cpp/Xcode
  /usr/local/Cellar/cmake/3.20.5/bin/cmake -E cmake_symlink_library /Users/bernardocohen/repos/cppQuantFi/cpp/Xcode/MinSizeRel/libcppQuantFi.dylib /Users/bernardocohen/repos/cppQuantFi/cpp/Xcode/MinSizeRel/libcppQuantFi.dylib /Users/bernardocohen/repos/cppQuantFi/cpp/Xcode/MinSizeRel/libcppQuantFi.dylib
fi
if test \"$CONFIGURATION\" = \"RelWithDebInfo\"; then :
  cd /Users/bernardocohen/repos/cppQuantFi/cpp/Xcode
  /usr/local/Cellar/cmake/3.20.5/bin/cmake -E cmake_symlink_library /Users/bernardocohen/repos/cppQuantFi/cpp/Xcode/RelWithDebInfo/libcppQuantFi.dylib /Users/bernardocohen/repos/cppQuantFi/cpp/Xcode/RelWithDebInfo/libcppQuantFi.dylib /Users/bernardocohen/repos/cppQuantFi/cpp/Xcode/RelWithDebInfo/libcppQuantFi.dylib
fi
";
			showEnvVarsInLog = 0;
		};
		80C35EEF5E7BCF67159B0F3D /* Generate CMakeFiles/ALL_BUILD */ = {
			isa = PBXShellScriptBuildPhase;
			alwaysOutOfDate = 1;
			buildActionMask = 2147483647;
			files = (
			);
			inputPaths = (
			);
			name = "Generate CMakeFiles/ALL_BUILD";
			outputPaths = (
/Users/bernardocohen/repos/cppQuantFi/cpp/Xcode/CMakeFiles/ALL_BUILD			);
			runOnlyForDeploymentPostprocessing = 0;
			shellPath = /bin/sh;
			shellScript = "set -e
if test \"$CONFIGURATION\" = \"Debug\"; then :
  cd /Users/bernardocohen/repos/cppQuantFi/cpp/Xcode
  echo Build\\ all\\ projects
fi
if test \"$CONFIGURATION\" = \"Release\"; then :
  cd /Users/bernardocohen/repos/cppQuantFi/cpp/Xcode
  echo Build\\ all\\ projects
fi
if test \"$CONFIGURATION\" = \"MinSizeRel\"; then :
  cd /Users/bernardocohen/repos/cppQuantFi/cpp/Xcode
  echo Build\\ all\\ projects
fi
if test \"$CONFIGURATION\" = \"RelWithDebInfo\"; then :
  cd /Users/bernardocohen/repos/cppQuantFi/cpp/Xcode
  echo Build\\ all\\ projects
fi
";
			showEnvVarsInLog = 0;
		};
		87AF4882E018677E2624B544 = {
			isa = PBXShellScriptBuildPhase;
			buildActionMask = 2147483647;
			files = (
			);
			inputPaths = (
			);
			outputPaths = (
			);
			runOnlyForDeploymentPostprocessing = 0;
			shellPath = /bin/sh;
			shellScript = "# shell script goes here
exit 0";
			showEnvVarsInLog = 0;
		};
		93426DA6A4AC2C2AC9CE883C /* CMake PostBuild Rules */ = {
			isa = PBXShellScriptBuildPhase;
			alwaysOutOfDate = 1;
			buildActionMask = 2147483647;
			files = (
			);
			name = "CMake PostBuild Rules";
			outputPaths = (
			);
			runOnlyForDeploymentPostprocessing = 0;
			shellPath = /bin/sh;
			shellScript = "set -e
if test \"$CONFIGURATION\" = \"Debug\"; then :
  cd /Users/bernardocohen/repos/cppQuantFi/cpp/Xcode
  /usr/local/Cellar/cmake/3.20.5/bin/cmake -DBUILD_TYPE=$CONFIGURATION$EFFECTIVE_PLATFORM_NAME -P cmake_install.cmake
fi
if test \"$CONFIGURATION\" = \"Release\"; then :
  cd /Users/bernardocohen/repos/cppQuantFi/cpp/Xcode
  /usr/local/Cellar/cmake/3.20.5/bin/cmake -DBUILD_TYPE=$CONFIGURATION$EFFECTIVE_PLATFORM_NAME -P cmake_install.cmake
fi
if test \"$CONFIGURATION\" = \"MinSizeRel\"; then :
  cd /Users/bernardocohen/repos/cppQuantFi/cpp/Xcode
  /usr/local/Cellar/cmake/3.20.5/bin/cmake -DBUILD_TYPE=$CONFIGURATION$EFFECTIVE_PLATFORM_NAME -P cmake_install.cmake
fi
if test \"$CONFIGURATION\" = \"RelWithDebInfo\"; then :
  cd /Users/bernardocohen/repos/cppQuantFi/cpp/Xcode
  /usr/local/Cellar/cmake/3.20.5/bin/cmake -DBUILD_TYPE=$CONFIGURATION$EFFECTIVE_PLATFORM_NAME -P cmake_install.cmake
fi
";
			showEnvVarsInLog = 0;
		};
		9B50530E35CC49C82C2FACCF = {
			isa = PBXShellScriptBuildPhase;
			buildActionMask = 2147483647;
			files = (
			);
			inputPaths = (
			);
			outputPaths = (
			);
			runOnlyForDeploymentPostprocessing = 0;
			shellPath = /bin/sh;
			shellScript = "# shell script goes here
exit 0";
			showEnvVarsInLog = 0;
		};
/* End PBXShellScriptBuildPhase section */

/* Begin PBXSourcesBuildPhase section */
		710E898A7FC0432BB6ECD823 /* Sources */ = {
			isa = PBXSourcesBuildPhase;
			buildActionMask = 2147483647;
			files = (
				4C5E912E671F441E8318605B /* /Users/bernardocohen/repos/cppQuantFi/cpp/src/asian.cpp */,
				12D7C993D9BE4DEEBA67442B /* /Users/bernardocohen/repos/cppQuantFi/cpp/src/bsCall.cpp */,
				81DB834D019C4CECACB8BF8D /* /Users/bernardocohen/repos/cppQuantFi/cpp/src/correlatedSND.cpp */,
				A67181CCB719410783BBAA9F /* /Users/bernardocohen/repos/cppQuantFi/cpp/src/eurOptionBSMC.cpp */,
				45036EE5086D477B8E0254A6 /* /Users/bernardocohen/repos/cppQuantFi/cpp/src/hestonMC.cpp */,
				833BA834E5B64C3EBFA534DA /* /Users/bernardocohen/repos/cppQuantFi/cpp/src/intro.cpp */,
				43AC88CA45394D8A947AA9F5 /* /Users/bernardocohen/repos/cppQuantFi/cpp/src/linearCongruentialGenerator.cpp */,
				C00C036D0B114BE99A313B23 /* /Users/bernardocohen/repos/cppQuantFi/cpp/src/norm.cpp */,
				B2262CD112A2405F986339C1 /* /Users/bernardocohen/repos/cppQuantFi/cpp/src/option.cpp */,
				9C31E07577E14B8DB6DFF1E0 /* /Users/bernardocohen/repos/cppQuantFi/cpp/src/pathGeneration.cpp */,
				E82FD35D6C324A04B328FE16 /* /Users/bernardocohen/repos/cppQuantFi/cpp/src/payoffCall.cpp */,
				0083C136AAAD42428184BC93 /* /Users/bernardocohen/repos/cppQuantFi/cpp/src/payoffDoubleDigital.cpp */,
				49B06BD1995F48D6877E63F2 /* /Users/bernardocohen/repos/cppQuantFi/cpp/src/payoffPut.cpp */,
				0C5426AAB9B74DBAA0F8CD21 /* /Users/bernardocohen/repos/cppQuantFi/cpp/src/statistics.cpp */,
				2C1F8C04C274424EBF26DF49 /* /Users/bernardocohen/repos/cppQuantFi/cpp/src/thomasAlgorithm.cpp */,
				1BE0CD7F3DE84EDF93A862F4 /* /Users/bernardocohen/repos/cppQuantFi/cpp/src/vanillaOption.cpp */,
			);
			runOnlyForDeploymentPostprocessing = 0;
		};
/* End PBXSourcesBuildPhase section */

/* Begin PBXTargetDependency section */
		1A60DD2881AA4E219E530A55 /* PBXTargetDependency */ = {
			isa = PBXTargetDependency;
			target = 1756234DCB934C5EBADFDD13 /* ZERO_CHECK */;
			targetProxy = 01993248430C4394B317F508 /* PBXContainerItemProxy */;
		};
		4619CC6CA30948D59EFE9B3E /* PBXTargetDependency */ = {
			isa = PBXTargetDependency;
			target = 1756234DCB934C5EBADFDD13 /* ZERO_CHECK */;
			targetProxy = 56BAAB99E5A4456BAA26518C /* PBXContainerItemProxy */;
		};
		98C33CF3A57044CCADA3744D /* PBXTargetDependency */ = {
			isa = PBXTargetDependency;
			target = 2163881E29DB4041A0F85815 /* cppQuantFi */;
			targetProxy = BEC637463DF6401D9BFF71D2 /* PBXContainerItemProxy */;
		};
		A6D77E273A144F3B9624519E /* PBXTargetDependency */ = {
			isa = PBXTargetDependency;
			target = 719182CFC28E4BC49130D8FA /* ALL_BUILD */;
			targetProxy = 50B78493032D415CA9F62C28 /* PBXContainerItemProxy */;
		};
/* End PBXTargetDependency section */

/* Begin XCBuildConfiguration section */
		0145AFCCEAEA456281FB1979 /* RelWithDebInfo */ = {
			isa = XCBuildConfiguration;
			buildSettings = {
				ARCHS = "$(NATIVE_ARCH_ACTUAL)";
				ONLY_ACTIVE_ARCH = YES;
				SDKROOT = /Applications/Xcode.app/Contents/Developer/Platforms/MacOSX.platform/Developer/SDKs/MacOSX11.3.sdk;
				SYMROOT = /Users/bernardocohen/repos/cppQuantFi/cpp/Xcode/build;
			};
			name = RelWithDebInfo;
		};
		01B297103A9A4ABB83583437 /* RelWithDebInfo */ = {
			isa = XCBuildConfiguration;
			buildSettings = {
				COMBINE_HIDPI_IMAGES = YES;
				GCC_GENERATE_DEBUGGING_SYMBOLS = YES;
				GCC_INLINES_ARE_PRIVATE_EXTERN = NO;
				GCC_OPTIMIZATION_LEVEL = 0;
				GCC_PREPROCESSOR_DEFINITIONS = ("'CMAKE_INTDIR=\"$(CONFIGURATION)$(EFFECTIVE_PLATFORM_NAME)\"'");
				GCC_SYMBOLS_PRIVATE_EXTERN = NO;
				INSTALL_PATH = "";
				OTHER_LDFLAGS = ("");
				OTHER_REZFLAGS = "";
				PRODUCT_NAME = ALL_BUILD;
				SECTORDER_FLAGS = "";
				SYMROOT = /Users/bernardocohen/repos/cppQuantFi/cpp/Xcode;
				USE_HEADERMAP = NO;
				WARNING_CFLAGS = ("$(inherited)");
			};
			name = RelWithDebInfo;
		};
		195263214AEC43A1A31C2D8E /* Release */ = {
			isa = XCBuildConfiguration;
			buildSettings = {
				COMBINE_HIDPI_IMAGES = YES;
				GCC_GENERATE_DEBUGGING_SYMBOLS = YES;
				GCC_INLINES_ARE_PRIVATE_EXTERN = NO;
				GCC_OPTIMIZATION_LEVEL = 0;
				GCC_PREPROCESSOR_DEFINITIONS = ("'CMAKE_INTDIR=\"$(CONFIGURATION)$(EFFECTIVE_PLATFORM_NAME)\"'");
				GCC_SYMBOLS_PRIVATE_EXTERN = NO;
				INSTALL_PATH = "";
				OTHER_LDFLAGS = ("");
				OTHER_REZFLAGS = "";
				PRODUCT_NAME = ALL_BUILD;
				SECTORDER_FLAGS = "";
				SYMROOT = /Users/bernardocohen/repos/cppQuantFi/cpp/Xcode;
				USE_HEADERMAP = NO;
				WARNING_CFLAGS = ("$(inherited)");
			};
			name = Release;
		};
		26007E57617E4BA5B5DA1E48 /* Debug */ = {
			isa = XCBuildConfiguration;
			buildSettings = {
				ARCHS = "$(NATIVE_ARCH_ACTUAL)";
				ONLY_ACTIVE_ARCH = YES;
				SDKROOT = /Applications/Xcode.app/Contents/Developer/Platforms/MacOSX.platform/Developer/SDKs/MacOSX11.3.sdk;
				SYMROOT = /Users/bernardocohen/repos/cppQuantFi/cpp/Xcode/build;
			};
			name = Debug;
		};
		57AB99504A5B4BBEABA39614 /* Release */ = {
			isa = XCBuildConfiguration;
			buildSettings = {
				ARCHS = "$(NATIVE_ARCH_ACTUAL)";
				ONLY_ACTIVE_ARCH = YES;
				SDKROOT = /Applications/Xcode.app/Contents/Developer/Platforms/MacOSX.platform/Developer/SDKs/MacOSX11.3.sdk;
				SYMROOT = /Users/bernardocohen/repos/cppQuantFi/cpp/Xcode/build;
			};
			name = Release;
		};
		5FDB703A80B446A5BDAEA158 /* MinSizeRel */ = {
			isa = XCBuildConfiguration;
			buildSettings = {
				COMBINE_HIDPI_IMAGES = YES;
				GCC_GENERATE_DEBUGGING_SYMBOLS = YES;
				GCC_INLINES_ARE_PRIVATE_EXTERN = NO;
				GCC_OPTIMIZATION_LEVEL = 0;
				GCC_PREPROCESSOR_DEFINITIONS = ("'CMAKE_INTDIR=\"$(CONFIGURATION)$(EFFECTIVE_PLATFORM_NAME)\"'");
				GCC_SYMBOLS_PRIVATE_EXTERN = NO;
				INSTALL_PATH = "";
				OTHER_LDFLAGS = ("");
				OTHER_REZFLAGS = "";
				PRODUCT_NAME = ALL_BUILD;
				SECTORDER_FLAGS = "";
				SYMROOT = /Users/bernardocohen/repos/cppQuantFi/cpp/Xcode;
				USE_HEADERMAP = NO;
				WARNING_CFLAGS = ("$(inherited)");
			};
			name = MinSizeRel;
		};
		78943D246DEA42AF8206ED7F /* Release */ = {
			isa = XCBuildConfiguration;
			buildSettings = {
				COMBINE_HIDPI_IMAGES = YES;
				GCC_GENERATE_DEBUGGING_SYMBOLS = YES;
				GCC_INLINES_ARE_PRIVATE_EXTERN = NO;
				GCC_OPTIMIZATION_LEVEL = 0;
				GCC_PREPROCESSOR_DEFINITIONS = ("'CMAKE_INTDIR=\"$(CONFIGURATION)$(EFFECTIVE_PLATFORM_NAME)\"'");
				GCC_SYMBOLS_PRIVATE_EXTERN = NO;
				INSTALL_PATH = "";
				OTHER_LDFLAGS = ("");
				OTHER_REZFLAGS = "";
				PRODUCT_NAME = ZERO_CHECK;
				SECTORDER_FLAGS = "";
				SYMROOT = /Users/bernardocohen/repos/cppQuantFi/cpp/Xcode;
				USE_HEADERMAP = NO;
				WARNING_CFLAGS = ("$(inherited)");
			};
			name = Release;
		};
		78BCB0F5C2E949F4B266BAA8 /* Debug */ = {
			isa = XCBuildConfiguration;
			buildSettings = {
				COMBINE_HIDPI_IMAGES = YES;
				GCC_GENERATE_DEBUGGING_SYMBOLS = YES;
				GCC_INLINES_ARE_PRIVATE_EXTERN = NO;
				GCC_OPTIMIZATION_LEVEL = 0;
				GCC_PREPROCESSOR_DEFINITIONS = ("'CMAKE_INTDIR=\"$(CONFIGURATION)$(EFFECTIVE_PLATFORM_NAME)\"'");
				GCC_SYMBOLS_PRIVATE_EXTERN = NO;
				INSTALL_PATH = "";
				OTHER_LDFLAGS = ("");
				OTHER_REZFLAGS = "";
				PRODUCT_NAME = ZERO_CHECK;
				SECTORDER_FLAGS = "";
				SYMROOT = /Users/bernardocohen/repos/cppQuantFi/cpp/Xcode;
				USE_HEADERMAP = NO;
				WARNING_CFLAGS = ("$(inherited)");
			};
			name = Debug;
		};
		7BAD577137B9461493F31B72 /* MinSizeRel */ = {
			isa = XCBuildConfiguration;
			buildSettings = {
				COMBINE_HIDPI_IMAGES = YES;
				DYLIB_COMPATIBILITY_VERSION = "";
				DYLIB_CURRENT_VERSION = "";
				EXECUTABLE_PREFIX = lib;
				EXECUTABLE_SUFFIX = .dylib;
				GCC_GENERATE_DEBUGGING_SYMBOLS = NO;
				GCC_INLINES_ARE_PRIVATE_EXTERN = NO;
				GCC_OPTIMIZATION_LEVEL = s;
				GCC_PREPROCESSOR_DEFINITIONS = ("'CMAKE_INTDIR=\"$(CONFIGURATION)$(EFFECTIVE_PLATFORM_NAME)\"'",cppQuantFi_EXPORTS);
				GCC_SYMBOLS_PRIVATE_EXTERN = NO;
				HEADER_SEARCH_PATHS = (/usr/local/include,/Users/bernardocohen/repos/cppQuantFi/cpp/include/cppQuantFi_bits,"$(inherited)");
				INSTALL_PATH = "@rpath";
				LIBRARY_STYLE = DYNAMIC;
				OTHER_CPLUSPLUSFLAGS = "    -DNDEBUG -fPIC '-std=c++17' ";
				OTHER_LDFLAGS = (" -dynamiclib -Wl,-headerpad_max_install_names");
				OTHER_REZFLAGS = "";
				PRODUCT_NAME = cppQuantFi;
				SECTORDER_FLAGS = "";
				SYMROOT = /Users/bernardocohen/repos/cppQuantFi/cpp/Xcode;
				USE_HEADERMAP = NO;
				WARNING_CFLAGS = ("$(inherited)");
			};
			name = MinSizeRel;
		};
		911F53728D22498D9FA3842D /* RelWithDebInfo */ = {
			isa = XCBuildConfiguration;
			buildSettings = {
				COMBINE_HIDPI_IMAGES = YES;
				GCC_GENERATE_DEBUGGING_SYMBOLS = YES;
				GCC_INLINES_ARE_PRIVATE_EXTERN = NO;
				GCC_OPTIMIZATION_LEVEL = 0;
				GCC_PREPROCESSOR_DEFINITIONS = ("'CMAKE_INTDIR=\"$(CONFIGURATION)$(EFFECTIVE_PLATFORM_NAME)\"'");
				GCC_SYMBOLS_PRIVATE_EXTERN = NO;
				INSTALL_PATH = "";
				OTHER_LDFLAGS = ("");
				OTHER_REZFLAGS = "";
				PRODUCT_NAME = ZERO_CHECK;
				SECTORDER_FLAGS = "";
				SYMROOT = /Users/bernardocohen/repos/cppQuantFi/cpp/Xcode;
				USE_HEADERMAP = NO;
				WARNING_CFLAGS = ("$(inherited)");
			};
			name = RelWithDebInfo;
		};
		96DDF3C8BCC246C28AC195ED /* Debug */ = {
			isa = XCBuildConfiguration;
			buildSettings = {
				COMBINE_HIDPI_IMAGES = YES;
				DYLIB_COMPATIBILITY_VERSION = "";
				DYLIB_CURRENT_VERSION = "";
				EXECUTABLE_PREFIX = lib;
				EXECUTABLE_SUFFIX = .dylib;
				GCC_GENERATE_DEBUGGING_SYMBOLS = YES;
				GCC_INLINES_ARE_PRIVATE_EXTERN = NO;
				GCC_OPTIMIZATION_LEVEL = 0;
				GCC_PREPROCESSOR_DEFINITIONS = ("'CMAKE_INTDIR=\"$(CONFIGURATION)$(EFFECTIVE_PLATFORM_NAME)\"'",cppQuantFi_EXPORTS);
				GCC_SYMBOLS_PRIVATE_EXTERN = NO;
				HEADER_SEARCH_PATHS = (/usr/local/include,/Users/bernardocohen/repos/cppQuantFi/cpp/include/cppQuantFi_bits,"$(inherited)");
				INSTALL_PATH = "@rpath";
				LIBRARY_STYLE = DYNAMIC;
				OTHER_CPLUSPLUSFLAGS = "   -fPIC '-std=c++17' ";
				OTHER_LDFLAGS = (" -dynamiclib -Wl,-headerpad_max_install_names");
				OTHER_REZFLAGS = "";
				PRODUCT_NAME = cppQuantFi;
				SECTORDER_FLAGS = "";
				SYMROOT = /Users/bernardocohen/repos/cppQuantFi/cpp/Xcode;
				USE_HEADERMAP = NO;
				WARNING_CFLAGS = ("$(inherited)");
			};
			name = Debug;
		};
		991691F82AE44C1EA352C37D /* Debug */ = {
			isa = XCBuildConfiguration;
			buildSettings = {
				COMBINE_HIDPI_IMAGES = YES;
				GCC_GENERATE_DEBUGGING_SYMBOLS = YES;
				GCC_INLINES_ARE_PRIVATE_EXTERN = NO;
				GCC_OPTIMIZATION_LEVEL = 0;
				GCC_PREPROCESSOR_DEFINITIONS = ("'CMAKE_INTDIR=\"$(CONFIGURATION)$(EFFECTIVE_PLATFORM_NAME)\"'");
				GCC_SYMBOLS_PRIVATE_EXTERN = NO;
				INSTALL_PATH = "";
				OTHER_LDFLAGS = ("");
				OTHER_REZFLAGS = "";
				PRODUCT_NAME = install;
				SECTORDER_FLAGS = "";
				SYMROOT = /Users/bernardocohen/repos/cppQuantFi/cpp/Xcode;
				USE_HEADERMAP = NO;
				WARNING_CFLAGS = ("$(inherited)");
			};
			name = Debug;
		};
		A77D14E0F87C4BF4AB829733 /* MinSizeRel */ = {
			isa = XCBuildConfiguration;
			buildSettings = {
				COMBINE_HIDPI_IMAGES = YES;
				GCC_GENERATE_DEBUGGING_SYMBOLS = YES;
				GCC_INLINES_ARE_PRIVATE_EXTERN = NO;
				GCC_OPTIMIZATION_LEVEL = 0;
				GCC_PREPROCESSOR_DEFINITIONS = ("'CMAKE_INTDIR=\"$(CONFIGURATION)$(EFFECTIVE_PLATFORM_NAME)\"'");
				GCC_SYMBOLS_PRIVATE_EXTERN = NO;
				INSTALL_PATH = "";
				OTHER_LDFLAGS = ("");
				OTHER_REZFLAGS = "";
				PRODUCT_NAME = ZERO_CHECK;
				SECTORDER_FLAGS = "";
				SYMROOT = /Users/bernardocohen/repos/cppQuantFi/cpp/Xcode;
				USE_HEADERMAP = NO;
				WARNING_CFLAGS = ("$(inherited)");
			};
			name = MinSizeRel;
		};
		ACA0FE450EAF4440AA976E98 /* Debug */ = {
			isa = XCBuildConfiguration;
			buildSettings = {
				COMBINE_HIDPI_IMAGES = YES;
				GCC_GENERATE_DEBUGGING_SYMBOLS = YES;
				GCC_INLINES_ARE_PRIVATE_EXTERN = NO;
				GCC_OPTIMIZATION_LEVEL = 0;
				GCC_PREPROCESSOR_DEFINITIONS = ("'CMAKE_INTDIR=\"$(CONFIGURATION)$(EFFECTIVE_PLATFORM_NAME)\"'");
				GCC_SYMBOLS_PRIVATE_EXTERN = NO;
				INSTALL_PATH = "";
				OTHER_LDFLAGS = ("");
				OTHER_REZFLAGS = "";
				PRODUCT_NAME = ALL_BUILD;
				SECTORDER_FLAGS = "";
				SYMROOT = /Users/bernardocohen/repos/cppQuantFi/cpp/Xcode;
				USE_HEADERMAP = NO;
				WARNING_CFLAGS = ("$(inherited)");
			};
			name = Debug;
		};
		B41186E95C554833859E8FC3 /* RelWithDebInfo */ = {
			isa = XCBuildConfiguration;
			buildSettings = {
				COMBINE_HIDPI_IMAGES = YES;
				GCC_GENERATE_DEBUGGING_SYMBOLS = YES;
				GCC_INLINES_ARE_PRIVATE_EXTERN = NO;
				GCC_OPTIMIZATION_LEVEL = 0;
				GCC_PREPROCESSOR_DEFINITIONS = ("'CMAKE_INTDIR=\"$(CONFIGURATION)$(EFFECTIVE_PLATFORM_NAME)\"'");
				GCC_SYMBOLS_PRIVATE_EXTERN = NO;
				INSTALL_PATH = "";
				OTHER_LDFLAGS = ("");
				OTHER_REZFLAGS = "";
				PRODUCT_NAME = install;
				SECTORDER_FLAGS = "";
				SYMROOT = /Users/bernardocohen/repos/cppQuantFi/cpp/Xcode;
				USE_HEADERMAP = NO;
				WARNING_CFLAGS = ("$(inherited)");
			};
			name = RelWithDebInfo;
		};
		B574699F52D242DDA8883FDF /* Release */ = {
			isa = XCBuildConfiguration;
			buildSettings = {
				COMBINE_HIDPI_IMAGES = YES;
				DYLIB_COMPATIBILITY_VERSION = "";
				DYLIB_CURRENT_VERSION = "";
				EXECUTABLE_PREFIX = lib;
				EXECUTABLE_SUFFIX = .dylib;
				GCC_GENERATE_DEBUGGING_SYMBOLS = NO;
				GCC_INLINES_ARE_PRIVATE_EXTERN = NO;
				GCC_OPTIMIZATION_LEVEL = 3;
				GCC_PREPROCESSOR_DEFINITIONS = ("'CMAKE_INTDIR=\"$(CONFIGURATION)$(EFFECTIVE_PLATFORM_NAME)\"'",cppQuantFi_EXPORTS);
				GCC_SYMBOLS_PRIVATE_EXTERN = NO;
				HEADER_SEARCH_PATHS = (/usr/local/include,/Users/bernardocohen/repos/cppQuantFi/cpp/include/cppQuantFi_bits,"$(inherited)");
				INSTALL_PATH = "@rpath";
				LIBRARY_STYLE = DYNAMIC;
				OTHER_CPLUSPLUSFLAGS = "    -DNDEBUG -fPIC '-std=c++17' ";
				OTHER_LDFLAGS = (" -dynamiclib -Wl,-headerpad_max_install_names");
				OTHER_REZFLAGS = "";
				PRODUCT_NAME = cppQuantFi;
				SECTORDER_FLAGS = "";
				SYMROOT = /Users/bernardocohen/repos/cppQuantFi/cpp/Xcode;
				USE_HEADERMAP = NO;
				WARNING_CFLAGS = ("$(inherited)");
			};
			name = Release;
		};
		D76EF292FA524AC9A29733CF /* Release */ = {
			isa = XCBuildConfiguration;
			buildSettings = {
				COMBINE_HIDPI_IMAGES = YES;
				GCC_GENERATE_DEBUGGING_SYMBOLS = YES;
				GCC_INLINES_ARE_PRIVATE_EXTERN = NO;
				GCC_OPTIMIZATION_LEVEL = 0;
				GCC_PREPROCESSOR_DEFINITIONS = ("'CMAKE_INTDIR=\"$(CONFIGURATION)$(EFFECTIVE_PLATFORM_NAME)\"'");
				GCC_SYMBOLS_PRIVATE_EXTERN = NO;
				INSTALL_PATH = "";
				OTHER_LDFLAGS = ("");
				OTHER_REZFLAGS = "";
				PRODUCT_NAME = install;
				SECTORDER_FLAGS = "";
				SYMROOT = /Users/bernardocohen/repos/cppQuantFi/cpp/Xcode;
				USE_HEADERMAP = NO;
				WARNING_CFLAGS = ("$(inherited)");
			};
			name = Release;
		};
		DB802237BD4543A3A38010B8 /* MinSizeRel */ = {
			isa = XCBuildConfiguration;
			buildSettings = {
				COMBINE_HIDPI_IMAGES = YES;
				GCC_GENERATE_DEBUGGING_SYMBOLS = YES;
				GCC_INLINES_ARE_PRIVATE_EXTERN = NO;
				GCC_OPTIMIZATION_LEVEL = 0;
				GCC_PREPROCESSOR_DEFINITIONS = ("'CMAKE_INTDIR=\"$(CONFIGURATION)$(EFFECTIVE_PLATFORM_NAME)\"'");
				GCC_SYMBOLS_PRIVATE_EXTERN = NO;
				INSTALL_PATH = "";
				OTHER_LDFLAGS = ("");
				OTHER_REZFLAGS = "";
				PRODUCT_NAME = install;
				SECTORDER_FLAGS = "";
				SYMROOT = /Users/bernardocohen/repos/cppQuantFi/cpp/Xcode;
				USE_HEADERMAP = NO;
				WARNING_CFLAGS = ("$(inherited)");
			};
			name = MinSizeRel;
		};
		E4A89A265C4D4669A29B0388 /* RelWithDebInfo */ = {
			isa = XCBuildConfiguration;
			buildSettings = {
				COMBINE_HIDPI_IMAGES = YES;
				DYLIB_COMPATIBILITY_VERSION = "";
				DYLIB_CURRENT_VERSION = "";
				EXECUTABLE_PREFIX = lib;
				EXECUTABLE_SUFFIX = .dylib;
				GCC_GENERATE_DEBUGGING_SYMBOLS = YES;
				GCC_INLINES_ARE_PRIVATE_EXTERN = NO;
				GCC_OPTIMIZATION_LEVEL = 2;
				GCC_PREPROCESSOR_DEFINITIONS = ("'CMAKE_INTDIR=\"$(CONFIGURATION)$(EFFECTIVE_PLATFORM_NAME)\"'",cppQuantFi_EXPORTS);
				GCC_SYMBOLS_PRIVATE_EXTERN = NO;
				HEADER_SEARCH_PATHS = (/usr/local/include,/Users/bernardocohen/repos/cppQuantFi/cpp/include/cppQuantFi_bits,"$(inherited)");
				INSTALL_PATH = "@rpath";
				LIBRARY_STYLE = DYNAMIC;
				OTHER_CPLUSPLUSFLAGS = "       -DNDEBUG -fPIC '-std=c++17' ";
				OTHER_LDFLAGS = (" -dynamiclib -Wl,-headerpad_max_install_names");
				OTHER_REZFLAGS = "";
				PRODUCT_NAME = cppQuantFi;
				SECTORDER_FLAGS = "";
				SYMROOT = /Users/bernardocohen/repos/cppQuantFi/cpp/Xcode;
				USE_HEADERMAP = NO;
				WARNING_CFLAGS = ("$(inherited)");
			};
			name = RelWithDebInfo;
		};
		ECCAF672F40C4919BA14A4C7 /* MinSizeRel */ = {
			isa = XCBuildConfiguration;
			buildSettings = {
				ARCHS = "$(NATIVE_ARCH_ACTUAL)";
				ONLY_ACTIVE_ARCH = YES;
				SDKROOT = /Applications/Xcode.app/Contents/Developer/Platforms/MacOSX.platform/Developer/SDKs/MacOSX11.3.sdk;
				SYMROOT = /Users/bernardocohen/repos/cppQuantFi/cpp/Xcode/build;
			};
			name = MinSizeRel;
		};
/* End XCBuildConfiguration section */

/* Begin XCConfigurationList section */
		1A862C042DBD405995C75183 /* Build configuration list for PBXAggregateTarget "ALL_BUILD" */ = {
			isa = XCConfigurationList;
			buildConfigurations = (
				ACA0FE450EAF4440AA976E98 /* Debug */,
				195263214AEC43A1A31C2D8E /* Release */,
				5FDB703A80B446A5BDAEA158 /* MinSizeRel */,
				01B297103A9A4ABB83583437 /* RelWithDebInfo */,
			);
			defaultConfigurationIsVisible = 0;
			defaultConfigurationName = Debug;
		};
		6E613529FB2C4C3BB14151CA /* Build configuration list for PBXNativeTarget "cppQuantFi" */ = {
			isa = XCConfigurationList;
			buildConfigurations = (
				96DDF3C8BCC246C28AC195ED /* Debug */,
				B574699F52D242DDA8883FDF /* Release */,
				7BAD577137B9461493F31B72 /* MinSizeRel */,
				E4A89A265C4D4669A29B0388 /* RelWithDebInfo */,
			);
			defaultConfigurationIsVisible = 0;
			defaultConfigurationName = Debug;
		};
		A0C423C1E1E14204B5145176 /* Build configuration list for PBXAggregateTarget "install" */ = {
			isa = XCConfigurationList;
			buildConfigurations = (
				991691F82AE44C1EA352C37D /* Debug */,
				D76EF292FA524AC9A29733CF /* Release */,
				DB802237BD4543A3A38010B8 /* MinSizeRel */,
				B41186E95C554833859E8FC3 /* RelWithDebInfo */,
			);
			defaultConfigurationIsVisible = 0;
			defaultConfigurationName = Debug;
		};
		A2D38BD371B64D018477DD0A /* Build configuration list for PBXProject "cppQuantFi" */ = {
			isa = XCConfigurationList;
			buildConfigurations = (
				26007E57617E4BA5B5DA1E48 /* Debug */,
				57AB99504A5B4BBEABA39614 /* Release */,
				ECCAF672F40C4919BA14A4C7 /* MinSizeRel */,
				0145AFCCEAEA456281FB1979 /* RelWithDebInfo */,
			);
			defaultConfigurationIsVisible = 0;
			defaultConfigurationName = Debug;
		};
		B55A23AA3C9D4E2D8345BD0E /* Build configuration list for PBXAggregateTarget "ZERO_CHECK" */ = {
			isa = XCConfigurationList;
			buildConfigurations = (
				78BCB0F5C2E949F4B266BAA8 /* Debug */,
				78943D246DEA42AF8206ED7F /* Release */,
				A77D14E0F87C4BF4AB829733 /* MinSizeRel */,
				911F53728D22498D9FA3842D /* RelWithDebInfo */,
			);
			defaultConfigurationIsVisible = 0;
			defaultConfigurationName = Debug;
		};
/* End XCConfigurationList section */
	};
	rootObject = D87B9FBD49C941239E7E02D7 /* Project object */;
}
