// !$*UTF8*$!
{
	archiveVersion = 1;
	classes = {
	};
	objectVersion = 46;
	objects = {

/* Begin PBXAggregateTarget section */
		1756234DCB934C5EBADFDD13 /* ZERO_CHECK */ = {
			isa = PBXAggregateTarget;
			buildConfigurationList = 8F2A99A9F11441BA87639269 /* Build configuration list for PBXAggregateTarget "ZERO_CHECK" */;
			buildPhases = (
				2FF820ED502446EBE7AA70BE /* Generate CMakeFiles/ZERO_CHECK */,
			);
			dependencies = (
			);
			name = ZERO_CHECK;
			productName = ZERO_CHECK;
		};
		719182CFC28E4BC49130D8FA /* ALL_BUILD */ = {
			isa = PBXAggregateTarget;
			buildConfigurationList = 86BA4D815A5A49518A9A64CA /* Build configuration list for PBXAggregateTarget "ALL_BUILD" */;
			buildPhases = (
				80C35EEF5E7BCF67159B0F3D /* Generate CMakeFiles/ALL_BUILD */,
			);
			dependencies = (
				CC31F50DE7AA43CF90C922B5 /* PBXTargetDependency */,
				16A38C15E2794557BA53454D /* PBXTargetDependency */,
			);
			name = ALL_BUILD;
			productName = ALL_BUILD;
		};
		DB0E0CC6C4B54A4CB0812646 /* install */ = {
			isa = PBXAggregateTarget;
			buildConfigurationList = 17D54DA1D4154340B55F8488 /* Build configuration list for PBXAggregateTarget "install" */;
			buildPhases = (
				93426DA6A4AC2C2AC9CE883C /* CMake PostBuild Rules */,
			);
			dependencies = (
				145CEA11FD054DB7B2A85294 /* PBXTargetDependency */,
			);
			name = install;
			productName = install;
		};
/* End PBXAggregateTarget section */

/* Begin PBXBuildFile section */
		095F63364E8C4FC99D9C81CB /* /Users/bernardocohen/repos/cppQuantFi/cpp/include/cppQuantFi_bits/payoffDoubleDigital.hpp */ = {isa = PBXBuildFile; fileRef = 89C3BF98E763407698543751 /* /Users/bernardocohen/repos/cppQuantFi/cpp/include/cppQuantFi_bits/payoffDoubleDigital.hpp */; };
		0D78F5CA70B741A6A96B9123 /* /Users/bernardocohen/repos/cppQuantFi/cpp/include/cppQuantFi_bits/payoffCall.hpp */ = {isa = PBXBuildFile; fileRef = BB079709256041B9A40E05AC /* /Users/bernardocohen/repos/cppQuantFi/cpp/include/cppQuantFi_bits/payoffCall.hpp */; };
		0F66DDA5CBA04AEBB193DD1C /* /Users/bernardocohen/repos/cppQuantFi/cpp/include/cppQuantFi_bits/thomasAlgorithm.hpp */ = {isa = PBXBuildFile; fileRef = FAD8E4DB00FE4410A27317D7 /* /Users/bernardocohen/repos/cppQuantFi/cpp/include/cppQuantFi_bits/thomasAlgorithm.hpp */; };
		1BC902843C124E9FA00E8BFF /* /Users/bernardocohen/repos/cppQuantFi/cpp/include/cppQuantFi_bits/payoffPut.hpp */ = {isa = PBXBuildFile; fileRef = 188E855D86C040E999A8BFBF /* /Users/bernardocohen/repos/cppQuantFi/cpp/include/cppQuantFi_bits/payoffPut.hpp */; };
		2F8E6362CFC74952BE4881E3 /* /Users/bernardocohen/repos/cppQuantFi/cpp/include/cppQuantFi_bits/norm.hpp */ = {isa = PBXBuildFile; fileRef = F1D0D0B447C6460197CD7D09 /* /Users/bernardocohen/repos/cppQuantFi/cpp/include/cppQuantFi_bits/norm.hpp */; };
		464780327CA64F59840FEAFE /* /Users/bernardocohen/repos/cppQuantFi/cpp/src/payoffDoubleDigital.cpp */ = {isa = PBXBuildFile; fileRef = 41AE31C1E3864D749E11EB93 /* /Users/bernardocohen/repos/cppQuantFi/cpp/src/payoffDoubleDigital.cpp */; };
		5323D119C52F4484AA5EEF6E /* /Users/bernardocohen/repos/cppQuantFi/cpp/include/cppQuantFi_bits/matrix.hpp */ = {isa = PBXBuildFile; fileRef = 25584D302D3C475ABAEE0F3C /* /Users/bernardocohen/repos/cppQuantFi/cpp/include/cppQuantFi_bits/matrix.hpp */; };
		5E825FD49D51454CBA4C3DDF /* /Users/bernardocohen/repos/cppQuantFi/cpp/include/cppQuantFi_bits/functors.hpp */ = {isa = PBXBuildFile; fileRef = A0F6AF5F02084A64AD8B4F99 /* /Users/bernardocohen/repos/cppQuantFi/cpp/include/cppQuantFi_bits/functors.hpp */; };
		689E4455576B4027989F2034 /* /Users/bernardocohen/repos/cppQuantFi/cpp/src/intro.cpp */ = {isa = PBXBuildFile; fileRef = A19FD97EC7A64A9695B80996 /* /Users/bernardocohen/repos/cppQuantFi/cpp/src/intro.cpp */; };
		696EAAF7E4474BED8F6BCD3D /* /Users/bernardocohen/repos/cppQuantFi/cpp/src/norm.cpp */ = {isa = PBXBuildFile; fileRef = 027BC2DC42BB4E67BA3367A0 /* /Users/bernardocohen/repos/cppQuantFi/cpp/src/norm.cpp */; };
		6B9F1F92EA124327AD1C1425 /* /Users/bernardocohen/repos/cppQuantFi/cpp/src/thomasAlgorithm.cpp */ = {isa = PBXBuildFile; fileRef = 7DCABE46D28C412EB6953C94 /* /Users/bernardocohen/repos/cppQuantFi/cpp/src/thomasAlgorithm.cpp */; };
		7CFA3D1B3FF944A0ABDBC304 /* /Users/bernardocohen/repos/cppQuantFi/cpp/CMakeLists.txt */ = {isa = PBXBuildFile; fileRef = F33DD82F44F0416186A93718 /* /Users/bernardocohen/repos/cppQuantFi/cpp/CMakeLists.txt */; };
		7D0FD677D74B4B34AD1C08FF /* /Users/bernardocohen/repos/cppQuantFi/cpp/include/cppQuantFi_bits/qsMatrix.hpp */ = {isa = PBXBuildFile; fileRef = 66583BD6E68442F790DCF21D /* /Users/bernardocohen/repos/cppQuantFi/cpp/include/cppQuantFi_bits/qsMatrix.hpp */; };
		8433B7D8EBE242CB89DFB32B /* /Users/bernardocohen/repos/cppQuantFi/cpp/src/eurOptionBSMC.cpp */ = {isa = PBXBuildFile; fileRef = 9E053E55FBEA4859B25FBF67 /* /Users/bernardocohen/repos/cppQuantFi/cpp/src/eurOptionBSMC.cpp */; };
		876ED9EC9FB6427EA819F6F2 /* /Users/bernardocohen/repos/cppQuantFi/cpp/include/cppQuantFi_bits/eurOptionBSMC.hpp */ = {isa = PBXBuildFile; fileRef = F931DBD4E2CE459EAFC62F95 /* /Users/bernardocohen/repos/cppQuantFi/cpp/include/cppQuantFi_bits/eurOptionBSMC.hpp */; };
		92E2EC549EC04A9BB5322663 /* /Users/bernardocohen/repos/cppQuantFi/cpp/src/payoffPut.cpp */ = {isa = PBXBuildFile; fileRef = 54A142027A264ACB8DC91FD8 /* /Users/bernardocohen/repos/cppQuantFi/cpp/src/payoffPut.cpp */; };
		93C97B209DF94B2782363D4C /* /Users/bernardocohen/repos/cppQuantFi/cpp/include/cppQuantFi_bits/vanillaOption.hpp */ = {isa = PBXBuildFile; fileRef = A7C721EE8088484A9F832039 /* /Users/bernardocohen/repos/cppQuantFi/cpp/include/cppQuantFi_bits/vanillaOption.hpp */; };
		99CB0C8587524206A7622A71 /* /Users/bernardocohen/repos/cppQuantFi/cpp/include/cppQuantFi_bits/payoff.hpp */ = {isa = PBXBuildFile; fileRef = 076DBCBC6A024AB19EC03B52 /* /Users/bernardocohen/repos/cppQuantFi/cpp/include/cppQuantFi_bits/payoff.hpp */; };
		9A4E6CF104B445D18E8A6948 /* /Users/bernardocohen/repos/cppQuantFi/cpp/include/cppQuantFi_bits/intro.hpp */ = {isa = PBXBuildFile; fileRef = 9E0AF91B52B04058B78EBC30 /* /Users/bernardocohen/repos/cppQuantFi/cpp/include/cppQuantFi_bits/intro.hpp */; };
		B61E789732F144B081096628 /* /Users/bernardocohen/repos/cppQuantFi/cpp/src/payoffCall.cpp */ = {isa = PBXBuildFile; fileRef = 853E37B46A654A2F9039B740 /* /Users/bernardocohen/repos/cppQuantFi/cpp/src/payoffCall.cpp */; };
		EC6EAB64C22D42F0BBC719FD /* /Users/bernardocohen/repos/cppQuantFi/cpp/src/vanillaOption.cpp */ = {isa = PBXBuildFile; fileRef = 2D22AF03DBBB4D4180F34807 /* /Users/bernardocohen/repos/cppQuantFi/cpp/src/vanillaOption.cpp */; };
/* End PBXBuildFile section */

/* Begin PBXBuildStyle section */
		04DBE4DB22CF4728B6C5D9EE /* Debug */ = {
			isa = PBXBuildStyle;
			buildSettings = {
				COPY_PHASE_STRIP = NO;
			};
			name = Debug;
		};
		8776EC7CFEF84566A1CF2179 /* RelWithDebInfo */ = {
			isa = PBXBuildStyle;
			buildSettings = {
				COPY_PHASE_STRIP = NO;
			};
			name = RelWithDebInfo;
		};
		AFED0718F577477C8C994465 /* Release */ = {
			isa = PBXBuildStyle;
			buildSettings = {
				COPY_PHASE_STRIP = NO;
			};
			name = Release;
		};
		C7BAAA8B5BFE4ADD88B22E7A /* MinSizeRel */ = {
			isa = PBXBuildStyle;
			buildSettings = {
				COPY_PHASE_STRIP = NO;
			};
			name = MinSizeRel;
		};
/* End PBXBuildStyle section */

/* Begin PBXContainerItemProxy section */
		52E1B4440A4F414189E9C205 /* PBXContainerItemProxy */ = {
			isa = PBXContainerItemProxy;
			containerPortal = D87B9FBD49C941239E7E02D7 /* Project object */;
			proxyType = 1;
			remoteGlobalIDString = 719182CFC28E4BC49130D8FA;
			remoteInfo = ALL_BUILD;
		};
		5468CE23959A4256AE819A8A /* PBXContainerItemProxy */ = {
			isa = PBXContainerItemProxy;
			containerPortal = D87B9FBD49C941239E7E02D7 /* Project object */;
			proxyType = 1;
			remoteGlobalIDString = 1756234DCB934C5EBADFDD13;
			remoteInfo = ZERO_CHECK;
		};
		8578BAAEE7314C96B2AC9AF2 /* PBXContainerItemProxy */ = {
			isa = PBXContainerItemProxy;
			containerPortal = D87B9FBD49C941239E7E02D7 /* Project object */;
			proxyType = 1;
			remoteGlobalIDString = 2163881E29DB4041A0F85815;
			remoteInfo = cppQuantFi;
		};
		B425EA8443254E249F22C4CD /* PBXContainerItemProxy */ = {
			isa = PBXContainerItemProxy;
			containerPortal = D87B9FBD49C941239E7E02D7 /* Project object */;
			proxyType = 1;
			remoteGlobalIDString = 1756234DCB934C5EBADFDD13;
			remoteInfo = ZERO_CHECK;
		};
/* End PBXContainerItemProxy section */

/* Begin PBXFileReference section */
		027BC2DC42BB4E67BA3367A0 /* /Users/bernardocohen/repos/cppQuantFi/cpp/src/norm.cpp */ = {isa = PBXFileReference; explicitFileType = sourcecode.cpp.cpp; fileEncoding = 4; name = norm.cpp; path = src/norm.cpp; sourceTree = SOURCE_ROOT; };
		076DBCBC6A024AB19EC03B52 /* /Users/bernardocohen/repos/cppQuantFi/cpp/include/cppQuantFi_bits/payoff.hpp */ = {isa = PBXFileReference; explicitFileType = sourcecode.cpp.h; fileEncoding = 4; name = payoff.hpp; path = include/cppQuantFi_bits/payoff.hpp; sourceTree = SOURCE_ROOT; };
		188E855D86C040E999A8BFBF /* /Users/bernardocohen/repos/cppQuantFi/cpp/include/cppQuantFi_bits/payoffPut.hpp */ = {isa = PBXFileReference; explicitFileType = sourcecode.cpp.h; fileEncoding = 4; name = payoffPut.hpp; path = include/cppQuantFi_bits/payoffPut.hpp; sourceTree = SOURCE_ROOT; };
		25584D302D3C475ABAEE0F3C /* /Users/bernardocohen/repos/cppQuantFi/cpp/include/cppQuantFi_bits/matrix.hpp */ = {isa = PBXFileReference; explicitFileType = sourcecode.cpp.h; fileEncoding = 4; name = matrix.hpp; path = include/cppQuantFi_bits/matrix.hpp; sourceTree = SOURCE_ROOT; };
		291971F747DD443BAA72AD8F /* /Users/bernardocohen/repos/cppQuantFi/cpp/CMakeLists.txt */ = {isa = PBXFileReference; explicitFileType = sourcecode.text; fileEncoding = 4; name = CMakeLists.txt; path = CMakeLists.txt; sourceTree = SOURCE_ROOT; };
		2B656843ADF54A98B4FF107B /* cppQuantFi */ = {isa = PBXFileReference; explicitFileType = "compiled.mach-o.dylib"; path = libcppQuantFi.dylib; sourceTree = BUILT_PRODUCTS_DIR; };
		2D22AF03DBBB4D4180F34807 /* /Users/bernardocohen/repos/cppQuantFi/cpp/src/vanillaOption.cpp */ = {isa = PBXFileReference; explicitFileType = sourcecode.cpp.cpp; fileEncoding = 4; name = vanillaOption.cpp; path = src/vanillaOption.cpp; sourceTree = SOURCE_ROOT; };
		41AE31C1E3864D749E11EB93 /* /Users/bernardocohen/repos/cppQuantFi/cpp/src/payoffDoubleDigital.cpp */ = {isa = PBXFileReference; explicitFileType = sourcecode.cpp.cpp; fileEncoding = 4; name = payoffDoubleDigital.cpp; path = src/payoffDoubleDigital.cpp; sourceTree = SOURCE_ROOT; };
		54A142027A264ACB8DC91FD8 /* /Users/bernardocohen/repos/cppQuantFi/cpp/src/payoffPut.cpp */ = {isa = PBXFileReference; explicitFileType = sourcecode.cpp.cpp; fileEncoding = 4; name = payoffPut.cpp; path = src/payoffPut.cpp; sourceTree = SOURCE_ROOT; };
		66583BD6E68442F790DCF21D /* /Users/bernardocohen/repos/cppQuantFi/cpp/include/cppQuantFi_bits/qsMatrix.hpp */ = {isa = PBXFileReference; explicitFileType = sourcecode.cpp.h; fileEncoding = 4; name = qsMatrix.hpp; path = include/cppQuantFi_bits/qsMatrix.hpp; sourceTree = SOURCE_ROOT; };
		7DCABE46D28C412EB6953C94 /* /Users/bernardocohen/repos/cppQuantFi/cpp/src/thomasAlgorithm.cpp */ = {isa = PBXFileReference; explicitFileType = sourcecode.cpp.cpp; fileEncoding = 4; name = thomasAlgorithm.cpp; path = src/thomasAlgorithm.cpp; sourceTree = SOURCE_ROOT; };
		853E37B46A654A2F9039B740 /* /Users/bernardocohen/repos/cppQuantFi/cpp/src/payoffCall.cpp */ = {isa = PBXFileReference; explicitFileType = sourcecode.cpp.cpp; fileEncoding = 4; name = payoffCall.cpp; path = src/payoffCall.cpp; sourceTree = SOURCE_ROOT; };
		89C3BF98E763407698543751 /* /Users/bernardocohen/repos/cppQuantFi/cpp/include/cppQuantFi_bits/payoffDoubleDigital.hpp */ = {isa = PBXFileReference; explicitFileType = sourcecode.cpp.h; fileEncoding = 4; name = payoffDoubleDigital.hpp; path = include/cppQuantFi_bits/payoffDoubleDigital.hpp; sourceTree = SOURCE_ROOT; };
		9E053E55FBEA4859B25FBF67 /* /Users/bernardocohen/repos/cppQuantFi/cpp/src/eurOptionBSMC.cpp */ = {isa = PBXFileReference; explicitFileType = sourcecode.cpp.cpp; fileEncoding = 4; name = eurOptionBSMC.cpp; path = src/eurOptionBSMC.cpp; sourceTree = SOURCE_ROOT; };
		9E0AF91B52B04058B78EBC30 /* /Users/bernardocohen/repos/cppQuantFi/cpp/include/cppQuantFi_bits/intro.hpp */ = {isa = PBXFileReference; explicitFileType = sourcecode.cpp.h; fileEncoding = 4; name = intro.hpp; path = include/cppQuantFi_bits/intro.hpp; sourceTree = SOURCE_ROOT; };
		A0F6AF5F02084A64AD8B4F99 /* /Users/bernardocohen/repos/cppQuantFi/cpp/include/cppQuantFi_bits/functors.hpp */ = {isa = PBXFileReference; explicitFileType = sourcecode.cpp.h; fileEncoding = 4; name = functors.hpp; path = include/cppQuantFi_bits/functors.hpp; sourceTree = SOURCE_ROOT; };
		A19FD97EC7A64A9695B80996 /* /Users/bernardocohen/repos/cppQuantFi/cpp/src/intro.cpp */ = {isa = PBXFileReference; explicitFileType = sourcecode.cpp.cpp; fileEncoding = 4; name = intro.cpp; path = src/intro.cpp; sourceTree = SOURCE_ROOT; };
		A7C721EE8088484A9F832039 /* /Users/bernardocohen/repos/cppQuantFi/cpp/include/cppQuantFi_bits/vanillaOption.hpp */ = {isa = PBXFileReference; explicitFileType = sourcecode.cpp.h; fileEncoding = 4; name = vanillaOption.hpp; path = include/cppQuantFi_bits/vanillaOption.hpp; sourceTree = SOURCE_ROOT; };
		BB079709256041B9A40E05AC /* /Users/bernardocohen/repos/cppQuantFi/cpp/include/cppQuantFi_bits/payoffCall.hpp */ = {isa = PBXFileReference; explicitFileType = sourcecode.cpp.h; fileEncoding = 4; name = payoffCall.hpp; path = include/cppQuantFi_bits/payoffCall.hpp; sourceTree = SOURCE_ROOT; };
		F1D0D0B447C6460197CD7D09 /* /Users/bernardocohen/repos/cppQuantFi/cpp/include/cppQuantFi_bits/norm.hpp */ = {isa = PBXFileReference; explicitFileType = sourcecode.cpp.h; fileEncoding = 4; name = norm.hpp; path = include/cppQuantFi_bits/norm.hpp; sourceTree = SOURCE_ROOT; };
		F33DD82F44F0416186A93718 /* /Users/bernardocohen/repos/cppQuantFi/cpp/CMakeLists.txt */ = {isa = PBXFileReference; explicitFileType = sourcecode.text; fileEncoding = 4; name = CMakeLists.txt; path = CMakeLists.txt; sourceTree = SOURCE_ROOT; };
		F931DBD4E2CE459EAFC62F95 /* /Users/bernardocohen/repos/cppQuantFi/cpp/include/cppQuantFi_bits/eurOptionBSMC.hpp */ = {isa = PBXFileReference; explicitFileType = sourcecode.cpp.h; fileEncoding = 4; name = eurOptionBSMC.hpp; path = include/cppQuantFi_bits/eurOptionBSMC.hpp; sourceTree = SOURCE_ROOT; };
		FAD8E4DB00FE4410A27317D7 /* /Users/bernardocohen/repos/cppQuantFi/cpp/include/cppQuantFi_bits/thomasAlgorithm.hpp */ = {isa = PBXFileReference; explicitFileType = sourcecode.cpp.h; fileEncoding = 4; name = thomasAlgorithm.hpp; path = include/cppQuantFi_bits/thomasAlgorithm.hpp; sourceTree = SOURCE_ROOT; };
/* End PBXFileReference section */

/* Begin PBXFrameworksBuildPhase section */
		00EEEF8981A0408C896EC93F /* Frameworks */ = {
			isa = PBXFrameworksBuildPhase;
			buildActionMask = 2147483647;
			files = (
			);
			runOnlyForDeploymentPostprocessing = 0;
		};
/* End PBXFrameworksBuildPhase section */

/* Begin PBXGroup section */
		18D60CFB3BE04AA3870B4C7F /* src */ = {
			isa = PBXGroup;
			children = (
				9E053E55FBEA4859B25FBF67 /* /Users/bernardocohen/repos/cppQuantFi/cpp/src/eurOptionBSMC.cpp */,
				A19FD97EC7A64A9695B80996 /* /Users/bernardocohen/repos/cppQuantFi/cpp/src/intro.cpp */,
				027BC2DC42BB4E67BA3367A0 /* /Users/bernardocohen/repos/cppQuantFi/cpp/src/norm.cpp */,
				853E37B46A654A2F9039B740 /* /Users/bernardocohen/repos/cppQuantFi/cpp/src/payoffCall.cpp */,
				41AE31C1E3864D749E11EB93 /* /Users/bernardocohen/repos/cppQuantFi/cpp/src/payoffDoubleDigital.cpp */,
				54A142027A264ACB8DC91FD8 /* /Users/bernardocohen/repos/cppQuantFi/cpp/src/payoffPut.cpp */,
				7DCABE46D28C412EB6953C94 /* /Users/bernardocohen/repos/cppQuantFi/cpp/src/thomasAlgorithm.cpp */,
				2D22AF03DBBB4D4180F34807 /* /Users/bernardocohen/repos/cppQuantFi/cpp/src/vanillaOption.cpp */,
			);
			name = src;
			sourceTree = "<group>";
		};
		1E84F5176FCB446580221506 /* Frameworks */ = {
			isa = PBXGroup;
			children = (
			);
			name = Frameworks;
			sourceTree = "<group>";
		};
		2B175C289146412DBABE640C /* ALL_BUILD */ = {
			isa = PBXGroup;
			children = (
				ACABE21871CE40D5B54520C0 /* CMake Rules */,
				291971F747DD443BAA72AD8F /* /Users/bernardocohen/repos/cppQuantFi/cpp/CMakeLists.txt */,
			);
			name = ALL_BUILD;
			sourceTree = "<group>";
		};
		ACABE21871CE40D5B54520C0 /* CMake Rules */ = {
			isa = PBXGroup;
			children = (
			);
			name = "CMake Rules";
			sourceTree = "<group>";
		};
		AF8BF74493C5463695FC48E7 = {
			isa = PBXGroup;
			children = (
				D08B527BF70A47BAA94E4C1D /* cppQuantFi */,
				2B175C289146412DBABE640C /* ALL_BUILD */,
				C764AA761F3E4A1F8A895B6B /* Products */,
				1E84F5176FCB446580221506 /* Frameworks */,
			);
			sourceTree = "<group>";
		};
		C60C9BBE9F08462CA8232DF3 /* include */ = {
			isa = PBXGroup;
			children = (
				ED653790A3494706B41485E0 /* cppQuantFi_bits */,
			);
			name = include;
			sourceTree = "<group>";
		};
		C764AA761F3E4A1F8A895B6B /* Products */ = {
			isa = PBXGroup;
			children = (
				2B656843ADF54A98B4FF107B /* cppQuantFi */,
			);
			name = Products;
			sourceTree = "<group>";
		};
		D08B527BF70A47BAA94E4C1D /* cppQuantFi */ = {
			isa = PBXGroup;
			children = (
				C60C9BBE9F08462CA8232DF3 /* include */,
				18D60CFB3BE04AA3870B4C7F /* src */,
				F33DD82F44F0416186A93718 /* /Users/bernardocohen/repos/cppQuantFi/cpp/CMakeLists.txt */,
			);
			name = cppQuantFi;
			sourceTree = "<group>";
		};
		ED653790A3494706B41485E0 /* cppQuantFi_bits */ = {
			isa = PBXGroup;
			children = (
				F931DBD4E2CE459EAFC62F95 /* /Users/bernardocohen/repos/cppQuantFi/cpp/include/cppQuantFi_bits/eurOptionBSMC.hpp */,
				A0F6AF5F02084A64AD8B4F99 /* /Users/bernardocohen/repos/cppQuantFi/cpp/include/cppQuantFi_bits/functors.hpp */,
				9E0AF91B52B04058B78EBC30 /* /Users/bernardocohen/repos/cppQuantFi/cpp/include/cppQuantFi_bits/intro.hpp */,
				25584D302D3C475ABAEE0F3C /* /Users/bernardocohen/repos/cppQuantFi/cpp/include/cppQuantFi_bits/matrix.hpp */,
				F1D0D0B447C6460197CD7D09 /* /Users/bernardocohen/repos/cppQuantFi/cpp/include/cppQuantFi_bits/norm.hpp */,
				076DBCBC6A024AB19EC03B52 /* /Users/bernardocohen/repos/cppQuantFi/cpp/include/cppQuantFi_bits/payoff.hpp */,
				BB079709256041B9A40E05AC /* /Users/bernardocohen/repos/cppQuantFi/cpp/include/cppQuantFi_bits/payoffCall.hpp */,
				89C3BF98E763407698543751 /* /Users/bernardocohen/repos/cppQuantFi/cpp/include/cppQuantFi_bits/payoffDoubleDigital.hpp */,
				188E855D86C040E999A8BFBF /* /Users/bernardocohen/repos/cppQuantFi/cpp/include/cppQuantFi_bits/payoffPut.hpp */,
				66583BD6E68442F790DCF21D /* /Users/bernardocohen/repos/cppQuantFi/cpp/include/cppQuantFi_bits/qsMatrix.hpp */,
				FAD8E4DB00FE4410A27317D7 /* /Users/bernardocohen/repos/cppQuantFi/cpp/include/cppQuantFi_bits/thomasAlgorithm.hpp */,
				A7C721EE8088484A9F832039 /* /Users/bernardocohen/repos/cppQuantFi/cpp/include/cppQuantFi_bits/vanillaOption.hpp */,
			);
			name = cppQuantFi_bits;
			sourceTree = "<group>";
		};
/* End PBXGroup section */

/* Begin PBXNativeTarget section */
		2163881E29DB4041A0F85815 /* cppQuantFi */ = {
			isa = PBXNativeTarget;
			buildConfigurationList = 18BDAB816FB94FCCAA22894F /* Build configuration list for PBXNativeTarget "cppQuantFi" */;
			buildPhases = (
				9DC36AA33C5F4952ACB19351 /* Sources */,
				00EEEF8981A0408C896EC93F /* Frameworks */,
				5C76D756282C6968A352319E /* CMake PostBuild Rules */,
			);
			buildRules = (
			);
			dependencies = (
				5E2B5997D1214910A447EEF4 /* PBXTargetDependency */,
			);
			name = cppQuantFi;
			productName = cppQuantFi;
			productReference = 2B656843ADF54A98B4FF107B /* cppQuantFi */;
			productType = "com.apple.product-type.library.dynamic";
		};
/* End PBXNativeTarget section */

/* Begin PBXProject section */
		D87B9FBD49C941239E7E02D7 /* Project object */ = {
			isa = PBXProject;
			attributes = {
				BuildIndependentTargetsInParallel = YES;
				LastUpgradeCheck = 1250;
			};
			buildConfigurationList = F8BCFB8D80B94CFDB7C820FA /* Build configuration list for PBXProject "cppQuantFi" */;
			buildSettings = {
			};
			buildStyles = (
				04DBE4DB22CF4728B6C5D9EE /* Debug */,
				AFED0718F577477C8C994465 /* Release */,
				C7BAAA8B5BFE4ADD88B22E7A /* MinSizeRel */,
				8776EC7CFEF84566A1CF2179 /* RelWithDebInfo */,
			);
			compatibilityVersion = "Xcode 3.2";
			hasScannedForEncodings = 0;
			mainGroup = AF8BF74493C5463695FC48E7;
			projectDirPath = ../;
			projectRoot = "";
			targets = (
				719182CFC28E4BC49130D8FA /* ALL_BUILD */,
				1756234DCB934C5EBADFDD13 /* ZERO_CHECK */,
				2163881E29DB4041A0F85815 /* cppQuantFi */,
				DB0E0CC6C4B54A4CB0812646 /* install */,
			);
		};
/* End PBXProject section */

/* Begin PBXShellScriptBuildPhase section */
		2FF820ED502446EBE7AA70BE /* Generate CMakeFiles/ZERO_CHECK */ = {
			isa = PBXShellScriptBuildPhase;
			alwaysOutOfDate = 1;
			buildActionMask = 2147483647;
			files = (
			);
			inputPaths = (
			);
			name = "Generate CMakeFiles/ZERO_CHECK";
			outputPaths = (
/Users/bernardocohen/repos/cppQuantFi/cpp/Xcode/CMakeFiles/ZERO_CHECK			);
			runOnlyForDeploymentPostprocessing = 0;
			shellPath = /bin/sh;
			shellScript = "set -e
if test \"$CONFIGURATION\" = \"Debug\"; then :
  cd /Users/bernardocohen/repos/cppQuantFi/cpp/Xcode
  make -f /Users/bernardocohen/repos/cppQuantFi/cpp/Xcode/CMakeScripts/ReRunCMake.make
fi
if test \"$CONFIGURATION\" = \"Release\"; then :
  cd /Users/bernardocohen/repos/cppQuantFi/cpp/Xcode
  make -f /Users/bernardocohen/repos/cppQuantFi/cpp/Xcode/CMakeScripts/ReRunCMake.make
fi
if test \"$CONFIGURATION\" = \"MinSizeRel\"; then :
  cd /Users/bernardocohen/repos/cppQuantFi/cpp/Xcode
  make -f /Users/bernardocohen/repos/cppQuantFi/cpp/Xcode/CMakeScripts/ReRunCMake.make
fi
if test \"$CONFIGURATION\" = \"RelWithDebInfo\"; then :
  cd /Users/bernardocohen/repos/cppQuantFi/cpp/Xcode
  make -f /Users/bernardocohen/repos/cppQuantFi/cpp/Xcode/CMakeScripts/ReRunCMake.make
fi
";
			showEnvVarsInLog = 0;
		};
		3C0110FC8322DE7E50886E21 = {
			isa = PBXShellScriptBuildPhase;
			buildActionMask = 2147483647;
			files = (
			);
			inputPaths = (
			);
			outputPaths = (
			);
			runOnlyForDeploymentPostprocessing = 0;
			shellPath = /bin/sh;
			shellScript = "# shell script goes here
exit 0";
			showEnvVarsInLog = 0;
		};
		5C76D756282C6968A352319E /* CMake PostBuild Rules */ = {
			isa = PBXShellScriptBuildPhase;
			alwaysOutOfDate = 1;
			buildActionMask = 2147483647;
			files = (
			);
			name = "CMake PostBuild Rules";
			outputPaths = (
			);
			runOnlyForDeploymentPostprocessing = 0;
			shellPath = /bin/sh;
			shellScript = "set -e
if test \"$CONFIGURATION\" = \"Debug\"; then :
  cd /Users/bernardocohen/repos/cppQuantFi/cpp/Xcode
  /usr/local/Cellar/cmake/3.20.5/bin/cmake -E cmake_symlink_library /Users/bernardocohen/repos/cppQuantFi/cpp/Xcode/Debug/libcppQuantFi.dylib /Users/bernardocohen/repos/cppQuantFi/cpp/Xcode/Debug/libcppQuantFi.dylib /Users/bernardocohen/repos/cppQuantFi/cpp/Xcode/Debug/libcppQuantFi.dylib
fi
if test \"$CONFIGURATION\" = \"Release\"; then :
  cd /Users/bernardocohen/repos/cppQuantFi/cpp/Xcode
  /usr/local/Cellar/cmake/3.20.5/bin/cmake -E cmake_symlink_library /Users/bernardocohen/repos/cppQuantFi/cpp/Xcode/Release/libcppQuantFi.dylib /Users/bernardocohen/repos/cppQuantFi/cpp/Xcode/Release/libcppQuantFi.dylib /Users/bernardocohen/repos/cppQuantFi/cpp/Xcode/Release/libcppQuantFi.dylib
fi
if test \"$CONFIGURATION\" = \"MinSizeRel\"; then :
  cd /Users/bernardocohen/repos/cppQuantFi/cpp/Xcode
  /usr/local/Cellar/cmake/3.20.5/bin/cmake -E cmake_symlink_library /Users/bernardocohen/repos/cppQuantFi/cpp/Xcode/MinSizeRel/libcppQuantFi.dylib /Users/bernardocohen/repos/cppQuantFi/cpp/Xcode/MinSizeRel/libcppQuantFi.dylib /Users/bernardocohen/repos/cppQuantFi/cpp/Xcode/MinSizeRel/libcppQuantFi.dylib
fi
if test \"$CONFIGURATION\" = \"RelWithDebInfo\"; then :
  cd /Users/bernardocohen/repos/cppQuantFi/cpp/Xcode
  /usr/local/Cellar/cmake/3.20.5/bin/cmake -E cmake_symlink_library /Users/bernardocohen/repos/cppQuantFi/cpp/Xcode/RelWithDebInfo/libcppQuantFi.dylib /Users/bernardocohen/repos/cppQuantFi/cpp/Xcode/RelWithDebInfo/libcppQuantFi.dylib /Users/bernardocohen/repos/cppQuantFi/cpp/Xcode/RelWithDebInfo/libcppQuantFi.dylib
fi
";
			showEnvVarsInLog = 0;
		};
		80C35EEF5E7BCF67159B0F3D /* Generate CMakeFiles/ALL_BUILD */ = {
			isa = PBXShellScriptBuildPhase;
			alwaysOutOfDate = 1;
			buildActionMask = 2147483647;
			files = (
			);
			inputPaths = (
			);
			name = "Generate CMakeFiles/ALL_BUILD";
			outputPaths = (
/Users/bernardocohen/repos/cppQuantFi/cpp/Xcode/CMakeFiles/ALL_BUILD			);
			runOnlyForDeploymentPostprocessing = 0;
			shellPath = /bin/sh;
			shellScript = "set -e
if test \"$CONFIGURATION\" = \"Debug\"; then :
  cd /Users/bernardocohen/repos/cppQuantFi/cpp/Xcode
  echo Build\\ all\\ projects
fi
if test \"$CONFIGURATION\" = \"Release\"; then :
  cd /Users/bernardocohen/repos/cppQuantFi/cpp/Xcode
  echo Build\\ all\\ projects
fi
if test \"$CONFIGURATION\" = \"MinSizeRel\"; then :
  cd /Users/bernardocohen/repos/cppQuantFi/cpp/Xcode
  echo Build\\ all\\ projects
fi
if test \"$CONFIGURATION\" = \"RelWithDebInfo\"; then :
  cd /Users/bernardocohen/repos/cppQuantFi/cpp/Xcode
  echo Build\\ all\\ projects
fi
";
			showEnvVarsInLog = 0;
		};
		87AF4882E018677E2624B544 = {
			isa = PBXShellScriptBuildPhase;
			buildActionMask = 2147483647;
			files = (
			);
			inputPaths = (
			);
			outputPaths = (
			);
			runOnlyForDeploymentPostprocessing = 0;
			shellPath = /bin/sh;
			shellScript = "# shell script goes here
exit 0";
			showEnvVarsInLog = 0;
		};
		93426DA6A4AC2C2AC9CE883C /* CMake PostBuild Rules */ = {
			isa = PBXShellScriptBuildPhase;
			alwaysOutOfDate = 1;
			buildActionMask = 2147483647;
			files = (
			);
			name = "CMake PostBuild Rules";
			outputPaths = (
			);
			runOnlyForDeploymentPostprocessing = 0;
			shellPath = /bin/sh;
			shellScript = "set -e
if test \"$CONFIGURATION\" = \"Debug\"; then :
  cd /Users/bernardocohen/repos/cppQuantFi/cpp/Xcode
  /usr/local/Cellar/cmake/3.20.5/bin/cmake -DBUILD_TYPE=$CONFIGURATION$EFFECTIVE_PLATFORM_NAME -P cmake_install.cmake
fi
if test \"$CONFIGURATION\" = \"Release\"; then :
  cd /Users/bernardocohen/repos/cppQuantFi/cpp/Xcode
  /usr/local/Cellar/cmake/3.20.5/bin/cmake -DBUILD_TYPE=$CONFIGURATION$EFFECTIVE_PLATFORM_NAME -P cmake_install.cmake
fi
if test \"$CONFIGURATION\" = \"MinSizeRel\"; then :
  cd /Users/bernardocohen/repos/cppQuantFi/cpp/Xcode
  /usr/local/Cellar/cmake/3.20.5/bin/cmake -DBUILD_TYPE=$CONFIGURATION$EFFECTIVE_PLATFORM_NAME -P cmake_install.cmake
fi
if test \"$CONFIGURATION\" = \"RelWithDebInfo\"; then :
  cd /Users/bernardocohen/repos/cppQuantFi/cpp/Xcode
  /usr/local/Cellar/cmake/3.20.5/bin/cmake -DBUILD_TYPE=$CONFIGURATION$EFFECTIVE_PLATFORM_NAME -P cmake_install.cmake
fi
";
			showEnvVarsInLog = 0;
		};
		9B50530E35CC49C82C2FACCF = {
			isa = PBXShellScriptBuildPhase;
			buildActionMask = 2147483647;
			files = (
			);
			inputPaths = (
			);
			outputPaths = (
			);
			runOnlyForDeploymentPostprocessing = 0;
			shellPath = /bin/sh;
			shellScript = "# shell script goes here
exit 0";
			showEnvVarsInLog = 0;
		};
/* End PBXShellScriptBuildPhase section */

/* Begin PBXSourcesBuildPhase section */
		9DC36AA33C5F4952ACB19351 /* Sources */ = {
			isa = PBXSourcesBuildPhase;
			buildActionMask = 2147483647;
			files = (
				8433B7D8EBE242CB89DFB32B /* /Users/bernardocohen/repos/cppQuantFi/cpp/src/eurOptionBSMC.cpp */,
				689E4455576B4027989F2034 /* /Users/bernardocohen/repos/cppQuantFi/cpp/src/intro.cpp */,
				696EAAF7E4474BED8F6BCD3D /* /Users/bernardocohen/repos/cppQuantFi/cpp/src/norm.cpp */,
				B61E789732F144B081096628 /* /Users/bernardocohen/repos/cppQuantFi/cpp/src/payoffCall.cpp */,
				464780327CA64F59840FEAFE /* /Users/bernardocohen/repos/cppQuantFi/cpp/src/payoffDoubleDigital.cpp */,
				92E2EC549EC04A9BB5322663 /* /Users/bernardocohen/repos/cppQuantFi/cpp/src/payoffPut.cpp */,
				6B9F1F92EA124327AD1C1425 /* /Users/bernardocohen/repos/cppQuantFi/cpp/src/thomasAlgorithm.cpp */,
				EC6EAB64C22D42F0BBC719FD /* /Users/bernardocohen/repos/cppQuantFi/cpp/src/vanillaOption.cpp */,
			);
			runOnlyForDeploymentPostprocessing = 0;
		};
/* End PBXSourcesBuildPhase section */

/* Begin PBXTargetDependency section */
		145CEA11FD054DB7B2A85294 /* PBXTargetDependency */ = {
			isa = PBXTargetDependency;
			target = 719182CFC28E4BC49130D8FA /* ALL_BUILD */;
			targetProxy = 52E1B4440A4F414189E9C205 /* PBXContainerItemProxy */;
		};
		16A38C15E2794557BA53454D /* PBXTargetDependency */ = {
			isa = PBXTargetDependency;
			target = 1756234DCB934C5EBADFDD13 /* ZERO_CHECK */;
			targetProxy = 5468CE23959A4256AE819A8A /* PBXContainerItemProxy */;
		};
		5E2B5997D1214910A447EEF4 /* PBXTargetDependency */ = {
			isa = PBXTargetDependency;
			target = 1756234DCB934C5EBADFDD13 /* ZERO_CHECK */;
			targetProxy = B425EA8443254E249F22C4CD /* PBXContainerItemProxy */;
		};
		CC31F50DE7AA43CF90C922B5 /* PBXTargetDependency */ = {
			isa = PBXTargetDependency;
			target = 2163881E29DB4041A0F85815 /* cppQuantFi */;
			targetProxy = 8578BAAEE7314C96B2AC9AF2 /* PBXContainerItemProxy */;
		};
/* End PBXTargetDependency section */

/* Begin XCBuildConfiguration section */
		02927F57D9A74C7FAB8B2795 /* RelWithDebInfo */ = {
			isa = XCBuildConfiguration;
			buildSettings = {
				COMBINE_HIDPI_IMAGES = YES;
				DYLIB_COMPATIBILITY_VERSION = "";
				DYLIB_CURRENT_VERSION = "";
				EXECUTABLE_PREFIX = lib;
				EXECUTABLE_SUFFIX = .dylib;
				GCC_GENERATE_DEBUGGING_SYMBOLS = YES;
				GCC_INLINES_ARE_PRIVATE_EXTERN = NO;
				GCC_OPTIMIZATION_LEVEL = 2;
				GCC_PREPROCESSOR_DEFINITIONS = ("'CMAKE_INTDIR=\"$(CONFIGURATION)$(EFFECTIVE_PLATFORM_NAME)\"'",cppQuantFi_EXPORTS);
				GCC_SYMBOLS_PRIVATE_EXTERN = NO;
				HEADER_SEARCH_PATHS = (/usr/local/include,/Users/bernardocohen/repos/cppQuantFi/cpp/include/cppQuantFi_bits,"$(inherited)");
				INSTALL_PATH = "@rpath";
				LIBRARY_STYLE = DYNAMIC;
				OTHER_CPLUSPLUSFLAGS = "       -DNDEBUG -fPIC '-std=c++17' ";
				OTHER_LDFLAGS = (" -dynamiclib -Wl,-headerpad_max_install_names");
				OTHER_REZFLAGS = "";
				PRODUCT_NAME = cppQuantFi;
				SECTORDER_FLAGS = "";
				SYMROOT = /Users/bernardocohen/repos/cppQuantFi/cpp/Xcode;
				USE_HEADERMAP = NO;
				WARNING_CFLAGS = ("$(inherited)");
			};
			name = RelWithDebInfo;
		};
		15ACFDF5350D4D58A89BE59A /* Debug */ = {
			isa = XCBuildConfiguration;
			buildSettings = {
				COMBINE_HIDPI_IMAGES = YES;
				GCC_GENERATE_DEBUGGING_SYMBOLS = YES;
				GCC_INLINES_ARE_PRIVATE_EXTERN = NO;
				GCC_OPTIMIZATION_LEVEL = 0;
				GCC_PREPROCESSOR_DEFINITIONS = ("'CMAKE_INTDIR=\"$(CONFIGURATION)$(EFFECTIVE_PLATFORM_NAME)\"'");
				GCC_SYMBOLS_PRIVATE_EXTERN = NO;
				INSTALL_PATH = "";
				OTHER_LDFLAGS = ("");
				OTHER_REZFLAGS = "";
				PRODUCT_NAME = ZERO_CHECK;
				SECTORDER_FLAGS = "";
				SYMROOT = /Users/bernardocohen/repos/cppQuantFi/cpp/Xcode;
				USE_HEADERMAP = NO;
				WARNING_CFLAGS = ("$(inherited)");
			};
			name = Debug;
		};
		29B07A2E3E064C318A597BD7 /* MinSizeRel */ = {
			isa = XCBuildConfiguration;
			buildSettings = {
				COMBINE_HIDPI_IMAGES = YES;
				GCC_GENERATE_DEBUGGING_SYMBOLS = YES;
				GCC_INLINES_ARE_PRIVATE_EXTERN = NO;
				GCC_OPTIMIZATION_LEVEL = 0;
				GCC_PREPROCESSOR_DEFINITIONS = ("'CMAKE_INTDIR=\"$(CONFIGURATION)$(EFFECTIVE_PLATFORM_NAME)\"'");
				GCC_SYMBOLS_PRIVATE_EXTERN = NO;
				INSTALL_PATH = "";
				OTHER_LDFLAGS = ("");
				OTHER_REZFLAGS = "";
				PRODUCT_NAME = ALL_BUILD;
				SECTORDER_FLAGS = "";
				SYMROOT = /Users/bernardocohen/repos/cppQuantFi/cpp/Xcode;
				USE_HEADERMAP = NO;
				WARNING_CFLAGS = ("$(inherited)");
			};
			name = MinSizeRel;
		};
		349358E475774BF497707C74 /* Debug */ = {
			isa = XCBuildConfiguration;
			buildSettings = {
				COMBINE_HIDPI_IMAGES = YES;
				DYLIB_COMPATIBILITY_VERSION = "";
				DYLIB_CURRENT_VERSION = "";
				EXECUTABLE_PREFIX = lib;
				EXECUTABLE_SUFFIX = .dylib;
				GCC_GENERATE_DEBUGGING_SYMBOLS = YES;
				GCC_INLINES_ARE_PRIVATE_EXTERN = NO;
				GCC_OPTIMIZATION_LEVEL = 0;
				GCC_PREPROCESSOR_DEFINITIONS = ("'CMAKE_INTDIR=\"$(CONFIGURATION)$(EFFECTIVE_PLATFORM_NAME)\"'",cppQuantFi_EXPORTS);
				GCC_SYMBOLS_PRIVATE_EXTERN = NO;
				HEADER_SEARCH_PATHS = (/usr/local/include,/Users/bernardocohen/repos/cppQuantFi/cpp/include/cppQuantFi_bits,"$(inherited)");
				INSTALL_PATH = "@rpath";
				LIBRARY_STYLE = DYNAMIC;
				OTHER_CPLUSPLUSFLAGS = "   -fPIC '-std=c++17' ";
				OTHER_LDFLAGS = (" -dynamiclib -Wl,-headerpad_max_install_names");
				OTHER_REZFLAGS = "";
				PRODUCT_NAME = cppQuantFi;
				SECTORDER_FLAGS = "";
				SYMROOT = /Users/bernardocohen/repos/cppQuantFi/cpp/Xcode;
				USE_HEADERMAP = NO;
				WARNING_CFLAGS = ("$(inherited)");
			};
			name = Debug;
		};
		43B4B356F3854909BDFFB989 /* RelWithDebInfo */ = {
			isa = XCBuildConfiguration;
			buildSettings = {
				COMBINE_HIDPI_IMAGES = YES;
				GCC_GENERATE_DEBUGGING_SYMBOLS = YES;
				GCC_INLINES_ARE_PRIVATE_EXTERN = NO;
				GCC_OPTIMIZATION_LEVEL = 0;
				GCC_PREPROCESSOR_DEFINITIONS = ("'CMAKE_INTDIR=\"$(CONFIGURATION)$(EFFECTIVE_PLATFORM_NAME)\"'");
				GCC_SYMBOLS_PRIVATE_EXTERN = NO;
				INSTALL_PATH = "";
				OTHER_LDFLAGS = ("");
				OTHER_REZFLAGS = "";
				PRODUCT_NAME = ALL_BUILD;
				SECTORDER_FLAGS = "";
				SYMROOT = /Users/bernardocohen/repos/cppQuantFi/cpp/Xcode;
				USE_HEADERMAP = NO;
				WARNING_CFLAGS = ("$(inherited)");
			};
			name = RelWithDebInfo;
		};
		46C179BE408C446C9F8D9BD8 /* MinSizeRel */ = {
			isa = XCBuildConfiguration;
			buildSettings = {
				COMBINE_HIDPI_IMAGES = YES;
				GCC_GENERATE_DEBUGGING_SYMBOLS = YES;
				GCC_INLINES_ARE_PRIVATE_EXTERN = NO;
				GCC_OPTIMIZATION_LEVEL = 0;
				GCC_PREPROCESSOR_DEFINITIONS = ("'CMAKE_INTDIR=\"$(CONFIGURATION)$(EFFECTIVE_PLATFORM_NAME)\"'");
				GCC_SYMBOLS_PRIVATE_EXTERN = NO;
				INSTALL_PATH = "";
				OTHER_LDFLAGS = ("");
				OTHER_REZFLAGS = "";
				PRODUCT_NAME = install;
				SECTORDER_FLAGS = "";
				SYMROOT = /Users/bernardocohen/repos/cppQuantFi/cpp/Xcode;
				USE_HEADERMAP = NO;
				WARNING_CFLAGS = ("$(inherited)");
			};
			name = MinSizeRel;
		};
		493CDDCB5D974236BAB97198 /* Release */ = {
			isa = XCBuildConfiguration;
			buildSettings = {
				COMBINE_HIDPI_IMAGES = YES;
				GCC_GENERATE_DEBUGGING_SYMBOLS = YES;
				GCC_INLINES_ARE_PRIVATE_EXTERN = NO;
				GCC_OPTIMIZATION_LEVEL = 0;
				GCC_PREPROCESSOR_DEFINITIONS = ("'CMAKE_INTDIR=\"$(CONFIGURATION)$(EFFECTIVE_PLATFORM_NAME)\"'");
				GCC_SYMBOLS_PRIVATE_EXTERN = NO;
				INSTALL_PATH = "";
				OTHER_LDFLAGS = ("");
				OTHER_REZFLAGS = "";
				PRODUCT_NAME = ALL_BUILD;
				SECTORDER_FLAGS = "";
				SYMROOT = /Users/bernardocohen/repos/cppQuantFi/cpp/Xcode;
				USE_HEADERMAP = NO;
				WARNING_CFLAGS = ("$(inherited)");
			};
			name = Release;
		};
		5E81753FEA73410ABEC1CFFA /* Debug */ = {
			isa = XCBuildConfiguration;
			buildSettings = {
				COMBINE_HIDPI_IMAGES = YES;
				GCC_GENERATE_DEBUGGING_SYMBOLS = YES;
				GCC_INLINES_ARE_PRIVATE_EXTERN = NO;
				GCC_OPTIMIZATION_LEVEL = 0;
				GCC_PREPROCESSOR_DEFINITIONS = ("'CMAKE_INTDIR=\"$(CONFIGURATION)$(EFFECTIVE_PLATFORM_NAME)\"'");
				GCC_SYMBOLS_PRIVATE_EXTERN = NO;
				INSTALL_PATH = "";
				OTHER_LDFLAGS = ("");
				OTHER_REZFLAGS = "";
				PRODUCT_NAME = ALL_BUILD;
				SECTORDER_FLAGS = "";
				SYMROOT = /Users/bernardocohen/repos/cppQuantFi/cpp/Xcode;
				USE_HEADERMAP = NO;
				WARNING_CFLAGS = ("$(inherited)");
			};
			name = Debug;
		};
		7012085026DD4F31A46E9982 /* RelWithDebInfo */ = {
			isa = XCBuildConfiguration;
			buildSettings = {
				ARCHS = "$(NATIVE_ARCH_ACTUAL)";
				ONLY_ACTIVE_ARCH = YES;
				SDKROOT = /Applications/Xcode.app/Contents/Developer/Platforms/MacOSX.platform/Developer/SDKs/MacOSX11.3.sdk;
				SYMROOT = /Users/bernardocohen/repos/cppQuantFi/cpp/Xcode/build;
			};
			name = RelWithDebInfo;
		};
		70610F229D2F42A686334A38 /* Release */ = {
			isa = XCBuildConfiguration;
			buildSettings = {
				COMBINE_HIDPI_IMAGES = YES;
				DYLIB_COMPATIBILITY_VERSION = "";
				DYLIB_CURRENT_VERSION = "";
				EXECUTABLE_PREFIX = lib;
				EXECUTABLE_SUFFIX = .dylib;
				GCC_GENERATE_DEBUGGING_SYMBOLS = NO;
				GCC_INLINES_ARE_PRIVATE_EXTERN = NO;
				GCC_OPTIMIZATION_LEVEL = 3;
				GCC_PREPROCESSOR_DEFINITIONS = ("'CMAKE_INTDIR=\"$(CONFIGURATION)$(EFFECTIVE_PLATFORM_NAME)\"'",cppQuantFi_EXPORTS);
				GCC_SYMBOLS_PRIVATE_EXTERN = NO;
				HEADER_SEARCH_PATHS = (/usr/local/include,/Users/bernardocohen/repos/cppQuantFi/cpp/include/cppQuantFi_bits,"$(inherited)");
				INSTALL_PATH = "@rpath";
				LIBRARY_STYLE = DYNAMIC;
				OTHER_CPLUSPLUSFLAGS = "    -DNDEBUG -fPIC '-std=c++17' ";
				OTHER_LDFLAGS = (" -dynamiclib -Wl,-headerpad_max_install_names");
				OTHER_REZFLAGS = "";
				PRODUCT_NAME = cppQuantFi;
				SECTORDER_FLAGS = "";
				SYMROOT = /Users/bernardocohen/repos/cppQuantFi/cpp/Xcode;
				USE_HEADERMAP = NO;
				WARNING_CFLAGS = ("$(inherited)");
			};
			name = Release;
		};
		7077497446E94B939EF9D462 /* MinSizeRel */ = {
			isa = XCBuildConfiguration;
			buildSettings = {
				COMBINE_HIDPI_IMAGES = YES;
				DYLIB_COMPATIBILITY_VERSION = "";
				DYLIB_CURRENT_VERSION = "";
				EXECUTABLE_PREFIX = lib;
				EXECUTABLE_SUFFIX = .dylib;
				GCC_GENERATE_DEBUGGING_SYMBOLS = NO;
				GCC_INLINES_ARE_PRIVATE_EXTERN = NO;
				GCC_OPTIMIZATION_LEVEL = s;
				GCC_PREPROCESSOR_DEFINITIONS = ("'CMAKE_INTDIR=\"$(CONFIGURATION)$(EFFECTIVE_PLATFORM_NAME)\"'",cppQuantFi_EXPORTS);
				GCC_SYMBOLS_PRIVATE_EXTERN = NO;
				HEADER_SEARCH_PATHS = (/usr/local/include,/Users/bernardocohen/repos/cppQuantFi/cpp/include/cppQuantFi_bits,"$(inherited)");
				INSTALL_PATH = "@rpath";
				LIBRARY_STYLE = DYNAMIC;
				OTHER_CPLUSPLUSFLAGS = "    -DNDEBUG -fPIC '-std=c++17' ";
				OTHER_LDFLAGS = (" -dynamiclib -Wl,-headerpad_max_install_names");
				OTHER_REZFLAGS = "";
				PRODUCT_NAME = cppQuantFi;
				SECTORDER_FLAGS = "";
				SYMROOT = /Users/bernardocohen/repos/cppQuantFi/cpp/Xcode;
				USE_HEADERMAP = NO;
				WARNING_CFLAGS = ("$(inherited)");
			};
			name = MinSizeRel;
		};
		7218273DCBEF471A81BAE18C /* Release */ = {
			isa = XCBuildConfiguration;
			buildSettings = {
				ARCHS = "$(NATIVE_ARCH_ACTUAL)";
				ONLY_ACTIVE_ARCH = YES;
				SDKROOT = /Applications/Xcode.app/Contents/Developer/Platforms/MacOSX.platform/Developer/SDKs/MacOSX11.3.sdk;
				SYMROOT = /Users/bernardocohen/repos/cppQuantFi/cpp/Xcode/build;
			};
			name = Release;
		};
		79F1DAE95C734EF682CECEB4 /* MinSizeRel */ = {
			isa = XCBuildConfiguration;
			buildSettings = {
				COMBINE_HIDPI_IMAGES = YES;
				GCC_GENERATE_DEBUGGING_SYMBOLS = YES;
				GCC_INLINES_ARE_PRIVATE_EXTERN = NO;
				GCC_OPTIMIZATION_LEVEL = 0;
				GCC_PREPROCESSOR_DEFINITIONS = ("'CMAKE_INTDIR=\"$(CONFIGURATION)$(EFFECTIVE_PLATFORM_NAME)\"'");
				GCC_SYMBOLS_PRIVATE_EXTERN = NO;
				INSTALL_PATH = "";
				OTHER_LDFLAGS = ("");
				OTHER_REZFLAGS = "";
				PRODUCT_NAME = ZERO_CHECK;
				SECTORDER_FLAGS = "";
				SYMROOT = /Users/bernardocohen/repos/cppQuantFi/cpp/Xcode;
				USE_HEADERMAP = NO;
				WARNING_CFLAGS = ("$(inherited)");
			};
			name = MinSizeRel;
		};
		990D6ED26F3643C894622F85 /* Release */ = {
			isa = XCBuildConfiguration;
			buildSettings = {
				COMBINE_HIDPI_IMAGES = YES;
				GCC_GENERATE_DEBUGGING_SYMBOLS = YES;
				GCC_INLINES_ARE_PRIVATE_EXTERN = NO;
				GCC_OPTIMIZATION_LEVEL = 0;
				GCC_PREPROCESSOR_DEFINITIONS = ("'CMAKE_INTDIR=\"$(CONFIGURATION)$(EFFECTIVE_PLATFORM_NAME)\"'");
				GCC_SYMBOLS_PRIVATE_EXTERN = NO;
				INSTALL_PATH = "";
				OTHER_LDFLAGS = ("");
				OTHER_REZFLAGS = "";
				PRODUCT_NAME = install;
				SECTORDER_FLAGS = "";
				SYMROOT = /Users/bernardocohen/repos/cppQuantFi/cpp/Xcode;
				USE_HEADERMAP = NO;
				WARNING_CFLAGS = ("$(inherited)");
			};
			name = Release;
		};
		9910BD08FE7B4161B8FE94FD /* Debug */ = {
			isa = XCBuildConfiguration;
			buildSettings = {
				ARCHS = "$(NATIVE_ARCH_ACTUAL)";
				ONLY_ACTIVE_ARCH = YES;
				SDKROOT = /Applications/Xcode.app/Contents/Developer/Platforms/MacOSX.platform/Developer/SDKs/MacOSX11.3.sdk;
				SYMROOT = /Users/bernardocohen/repos/cppQuantFi/cpp/Xcode/build;
			};
			name = Debug;
		};
		A983592750B040D182E70DF9 /* Release */ = {
			isa = XCBuildConfiguration;
			buildSettings = {
				COMBINE_HIDPI_IMAGES = YES;
				GCC_GENERATE_DEBUGGING_SYMBOLS = YES;
				GCC_INLINES_ARE_PRIVATE_EXTERN = NO;
				GCC_OPTIMIZATION_LEVEL = 0;
				GCC_PREPROCESSOR_DEFINITIONS = ("'CMAKE_INTDIR=\"$(CONFIGURATION)$(EFFECTIVE_PLATFORM_NAME)\"'");
				GCC_SYMBOLS_PRIVATE_EXTERN = NO;
				INSTALL_PATH = "";
				OTHER_LDFLAGS = ("");
				OTHER_REZFLAGS = "";
				PRODUCT_NAME = ZERO_CHECK;
				SECTORDER_FLAGS = "";
				SYMROOT = /Users/bernardocohen/repos/cppQuantFi/cpp/Xcode;
				USE_HEADERMAP = NO;
				WARNING_CFLAGS = ("$(inherited)");
			};
			name = Release;
		};
		BCDF013213C84B69A45828E0 /* Debug */ = {
			isa = XCBuildConfiguration;
			buildSettings = {
				COMBINE_HIDPI_IMAGES = YES;
				GCC_GENERATE_DEBUGGING_SYMBOLS = YES;
				GCC_INLINES_ARE_PRIVATE_EXTERN = NO;
				GCC_OPTIMIZATION_LEVEL = 0;
				GCC_PREPROCESSOR_DEFINITIONS = ("'CMAKE_INTDIR=\"$(CONFIGURATION)$(EFFECTIVE_PLATFORM_NAME)\"'");
				GCC_SYMBOLS_PRIVATE_EXTERN = NO;
				INSTALL_PATH = "";
				OTHER_LDFLAGS = ("");
				OTHER_REZFLAGS = "";
				PRODUCT_NAME = install;
				SECTORDER_FLAGS = "";
				SYMROOT = /Users/bernardocohen/repos/cppQuantFi/cpp/Xcode;
				USE_HEADERMAP = NO;
				WARNING_CFLAGS = ("$(inherited)");
			};
			name = Debug;
		};
		BD83A20261794E59B76EA24A /* RelWithDebInfo */ = {
			isa = XCBuildConfiguration;
			buildSettings = {
				COMBINE_HIDPI_IMAGES = YES;
				GCC_GENERATE_DEBUGGING_SYMBOLS = YES;
				GCC_INLINES_ARE_PRIVATE_EXTERN = NO;
				GCC_OPTIMIZATION_LEVEL = 0;
				GCC_PREPROCESSOR_DEFINITIONS = ("'CMAKE_INTDIR=\"$(CONFIGURATION)$(EFFECTIVE_PLATFORM_NAME)\"'");
				GCC_SYMBOLS_PRIVATE_EXTERN = NO;
				INSTALL_PATH = "";
				OTHER_LDFLAGS = ("");
				OTHER_REZFLAGS = "";
				PRODUCT_NAME = ZERO_CHECK;
				SECTORDER_FLAGS = "";
				SYMROOT = /Users/bernardocohen/repos/cppQuantFi/cpp/Xcode;
				USE_HEADERMAP = NO;
				WARNING_CFLAGS = ("$(inherited)");
			};
			name = RelWithDebInfo;
		};
		D047845087604246AD307601 /* MinSizeRel */ = {
			isa = XCBuildConfiguration;
			buildSettings = {
				ARCHS = "$(NATIVE_ARCH_ACTUAL)";
				ONLY_ACTIVE_ARCH = YES;
				SDKROOT = /Applications/Xcode.app/Contents/Developer/Platforms/MacOSX.platform/Developer/SDKs/MacOSX11.3.sdk;
				SYMROOT = /Users/bernardocohen/repos/cppQuantFi/cpp/Xcode/build;
			};
			name = MinSizeRel;
		};
		EC33FC8368034DE497FE3B14 /* RelWithDebInfo */ = {
			isa = XCBuildConfiguration;
			buildSettings = {
				COMBINE_HIDPI_IMAGES = YES;
				GCC_GENERATE_DEBUGGING_SYMBOLS = YES;
				GCC_INLINES_ARE_PRIVATE_EXTERN = NO;
				GCC_OPTIMIZATION_LEVEL = 0;
				GCC_PREPROCESSOR_DEFINITIONS = ("'CMAKE_INTDIR=\"$(CONFIGURATION)$(EFFECTIVE_PLATFORM_NAME)\"'");
				GCC_SYMBOLS_PRIVATE_EXTERN = NO;
				INSTALL_PATH = "";
				OTHER_LDFLAGS = ("");
				OTHER_REZFLAGS = "";
				PRODUCT_NAME = install;
				SECTORDER_FLAGS = "";
				SYMROOT = /Users/bernardocohen/repos/cppQuantFi/cpp/Xcode;
				USE_HEADERMAP = NO;
				WARNING_CFLAGS = ("$(inherited)");
			};
			name = RelWithDebInfo;
		};
/* End XCBuildConfiguration section */

/* Begin XCConfigurationList section */
		17D54DA1D4154340B55F8488 /* Build configuration list for PBXAggregateTarget "install" */ = {
			isa = XCConfigurationList;
			buildConfigurations = (
				BCDF013213C84B69A45828E0 /* Debug */,
				990D6ED26F3643C894622F85 /* Release */,
				46C179BE408C446C9F8D9BD8 /* MinSizeRel */,
				EC33FC8368034DE497FE3B14 /* RelWithDebInfo */,
			);
			defaultConfigurationIsVisible = 0;
			defaultConfigurationName = Debug;
		};
		18BDAB816FB94FCCAA22894F /* Build configuration list for PBXNativeTarget "cppQuantFi" */ = {
			isa = XCConfigurationList;
			buildConfigurations = (
				349358E475774BF497707C74 /* Debug */,
				70610F229D2F42A686334A38 /* Release */,
				7077497446E94B939EF9D462 /* MinSizeRel */,
				02927F57D9A74C7FAB8B2795 /* RelWithDebInfo */,
			);
			defaultConfigurationIsVisible = 0;
			defaultConfigurationName = Debug;
		};
		86BA4D815A5A49518A9A64CA /* Build configuration list for PBXAggregateTarget "ALL_BUILD" */ = {
			isa = XCConfigurationList;
			buildConfigurations = (
				5E81753FEA73410ABEC1CFFA /* Debug */,
				493CDDCB5D974236BAB97198 /* Release */,
				29B07A2E3E064C318A597BD7 /* MinSizeRel */,
				43B4B356F3854909BDFFB989 /* RelWithDebInfo */,
			);
			defaultConfigurationIsVisible = 0;
			defaultConfigurationName = Debug;
		};
		8F2A99A9F11441BA87639269 /* Build configuration list for PBXAggregateTarget "ZERO_CHECK" */ = {
			isa = XCConfigurationList;
			buildConfigurations = (
				15ACFDF5350D4D58A89BE59A /* Debug */,
				A983592750B040D182E70DF9 /* Release */,
				79F1DAE95C734EF682CECEB4 /* MinSizeRel */,
				BD83A20261794E59B76EA24A /* RelWithDebInfo */,
			);
			defaultConfigurationIsVisible = 0;
			defaultConfigurationName = Debug;
		};
		F8BCFB8D80B94CFDB7C820FA /* Build configuration list for PBXProject "cppQuantFi" */ = {
			isa = XCConfigurationList;
			buildConfigurations = (
				9910BD08FE7B4161B8FE94FD /* Debug */,
				7218273DCBEF471A81BAE18C /* Release */,
				D047845087604246AD307601 /* MinSizeRel */,
				7012085026DD4F31A46E9982 /* RelWithDebInfo */,
			);
			defaultConfigurationIsVisible = 0;
			defaultConfigurationName = Debug;
		};
/* End XCConfigurationList section */
	};
	rootObject = D87B9FBD49C941239E7E02D7 /* Project object */;
}
